{
  "object": {
    "pins": [
      {
        "package": "Nimble",
        "repositoryURL": "https://github.com/Quick/Nimble.git",
        "state": {
          "branch": null,
          "revision": "72f5a90d573f7f7d70aa6b8ad84b3e1e02eabb4d",
          "version": "8.0.9"
        }
      },
      {
        "package": "PactConsumerSwift",
        "repositoryURL": "https://github.com/DiUS/pact-consumer-swift",
        "state": {
          "branch": null,
          "revision": "bbe2c1f46763c16b5e7250fe18778b66cfc79bc8",
          "version": "0.8.1"
        }
      },
      {
        "package": "swift-log",
        "repositoryURL": "https://github.com/apple/swift-log.git",
        "state": {
          "branch": null,
          "revision": "74d7b91ceebc85daf387ebb206003f78813f71aa",
          "version": "1.2.0"
        }
      }
    ]
  },
  "version": 1
}
