// !$*UTF8*$!
{
	archiveVersion = 1;
	classes = {
	};
	objectVersion = 50;
	objects = {

/* Begin PBXBuildFile section */
		213C806C241A56430020EFA5 /* PermissionsPromptViewController.swift in Sources */ = {isa = PBXBuildFile; fileRef = 213C806B241A56430020EFA5 /* PermissionsPromptViewController.swift */; };
		214209B42420DBE100C7BFF3 /* PleaseSelfIsolateViewController.swift in Sources */ = {isa = PBXBuildFile; fileRef = 214209B32420DBE100C7BFF3 /* PleaseSelfIsolateViewController.swift */; };
		214209B62421072C00C7BFF3 /* OkNowViewController.swift in Sources */ = {isa = PBXBuildFile; fileRef = 214209B52421072C00C7BFF3 /* OkNowViewController.swift */; };
		214209BA242216B700C7BFF3 /* DiagnosisService.swift in Sources */ = {isa = PBXBuildFile; fileRef = 214209B9242216B700C7BFF3 /* DiagnosisService.swift */; };
		214209CA242227B300C7BFF3 /* DiagnosisServiceTests.swift in Sources */ = {isa = PBXBuildFile; fileRef = 214209C9242227B300C7BFF3 /* DiagnosisServiceTests.swift */; };
		214209CC2422755B00C7BFF3 /* PlistContactEventRecorder.swift in Sources */ = {isa = PBXBuildFile; fileRef = 214209CB2422755B00C7BFF3 /* PlistContactEventRecorder.swift */; };
		214209CE24237A6300C7BFF3 /* PlistContactEventRecorderTests.swift in Sources */ = {isa = PBXBuildFile; fileRef = 214209CD24237A6300C7BFF3 /* PlistContactEventRecorderTests.swift */; };
		214209D0242396DA00C7BFF3 /* Session.swift in Sources */ = {isa = PBXBuildFile; fileRef = 214209CF242396DA00C7BFF3 /* Session.swift */; };
		214209D2242399CF00C7BFF3 /* URLSession.swift in Sources */ = {isa = PBXBuildFile; fileRef = 214209D1242399CF00C7BFF3 /* URLSession.swift */; };
		214209D52423C83C00C7BFF3 /* PatchContactEventsRequest.swift in Sources */ = {isa = PBXBuildFile; fileRef = 214209D42423C83C00C7BFF3 /* PatchContactEventsRequest.swift */; };
		214209D72423C9B600C7BFF3 /* PatchContactEventsRequestTests.swift in Sources */ = {isa = PBXBuildFile; fileRef = 214209D62423C9B600C7BFF3 /* PatchContactEventsRequestTests.swift */; };
		214209D924262B7500C7BFF3 /* SessionHelpers.swift in Sources */ = {isa = PBXBuildFile; fileRef = 214209D824262B7500C7BFF3 /* SessionHelpers.swift */; };
		21AF36AB241A8E50001A4910 /* BTLEListener.swift in Sources */ = {isa = PBXBuildFile; fileRef = 21AF36AA241A8E50001A4910 /* BTLEListener.swift */; };
		21B3D2E3242906AE00573061 /* SecureRequestTests.swift in Sources */ = {isa = PBXBuildFile; fileRef = 21B3D2E2242906AE00573061 /* SecureRequestTests.swift */; };
		21B3D2E52429112B00573061 /* SecureRequest.swift in Sources */ = {isa = PBXBuildFile; fileRef = 21B3D2E42429112B00573061 /* SecureRequest.swift */; };
		21B3D2E82429115600573061 /* CoreBluetooth.framework in Frameworks */ = {isa = PBXBuildFile; fileRef = 21B3D2E72429115600573061 /* CoreBluetooth.framework */; };
		21D93C2E241FB0A300C1FA9B /* EnterDiagnosisTableViewController.swift in Sources */ = {isa = PBXBuildFile; fileRef = 21D93C2D241FB0A300C1FA9B /* EnterDiagnosisTableViewController.swift */; };
		21D93C302420C26900C1FA9B /* PrimaryButton.swift in Sources */ = {isa = PBXBuildFile; fileRef = 21D93C2F2420C26900C1FA9B /* PrimaryButton.swift */; };
		6FC63C31241641B8007C8BF3 /* AppDelegate.swift in Sources */ = {isa = PBXBuildFile; fileRef = 6FC63C30241641B8007C8BF3 /* AppDelegate.swift */; };
		6FC63C36241641B8007C8BF3 /* Main.storyboard in Resources */ = {isa = PBXBuildFile; fileRef = 6FC63C34241641B8007C8BF3 /* Main.storyboard */; };
		6FC63C38241641BA007C8BF3 /* Assets.xcassets in Resources */ = {isa = PBXBuildFile; fileRef = 6FC63C37241641BA007C8BF3 /* Assets.xcassets */; };
		6FC63C3B241641BA007C8BF3 /* LaunchScreen.storyboard in Resources */ = {isa = PBXBuildFile; fileRef = 6FC63C39241641BA007C8BF3 /* LaunchScreen.storyboard */; };
		A1E7A0592420028B0078174D /* NHS Colors.xcassets in Resources */ = {isa = PBXBuildFile; fileRef = A1E7A0582420028B0078174D /* NHS Colors.xcassets */; };
		AE2A5E502423C473007A4771 /* ContactEventRecorder.swift in Sources */ = {isa = PBXBuildFile; fileRef = AE2A5E4F2423C473007A4771 /* ContactEventRecorder.swift */; };
		AE2DCAA0241920B600A940FC /* BTLEBroadcaster.swift in Sources */ = {isa = PBXBuildFile; fileRef = AE2DCA9F241920B600A940FC /* BTLEBroadcaster.swift */; };
		AEC6A7BC241BD81A00B0237A /* LogoStrapline.swift in Sources */ = {isa = PBXBuildFile; fileRef = AEC6A7BB241BD81A00B0237A /* LogoStrapline.swift */; };
		AEC6A7BE241BD82900B0237A /* LogoStrapline.xib in Resources */ = {isa = PBXBuildFile; fileRef = AEC6A7BD241BD82900B0237A /* LogoStrapline.xib */; };
		F600A600242977D50038DF57 /* RegistrationViewController.swift in Sources */ = {isa = PBXBuildFile; fileRef = F600A5FF242977D50038DF57 /* RegistrationViewController.swift */; };
		F600A60224297A8E0038DF57 /* RegistrationRequest.swift in Sources */ = {isa = PBXBuildFile; fileRef = F600A60124297A8E0038DF57 /* RegistrationRequest.swift */; };
		F600A60424297C010038DF57 /* RegistrationRequestTests.swift in Sources */ = {isa = PBXBuildFile; fileRef = F600A60324297C010038DF57 /* RegistrationRequestTests.swift */; };
		F6A309D124298A5800865942 /* Development.xcconfig in Resources */ = {isa = PBXBuildFile; fileRef = F6A309D024298A5800865942 /* Development.xcconfig */; };
		F758553A24294C8D00CBE1ED /* RequestFactory.swift in Sources */ = {isa = PBXBuildFile; fileRef = F758553924294C8C00CBE1ED /* RequestFactory.swift */; };
/* End PBXBuildFile section */

/* Begin PBXContainerItemProxy section */
		214209C42422276800C7BFF3 /* PBXContainerItemProxy */ = {
			isa = PBXContainerItemProxy;
			containerPortal = 6FC63C25241641B8007C8BF3 /* Project object */;
			proxyType = 1;
			remoteGlobalIDString = 6FC63C2C241641B8007C8BF3;
			remoteInfo = CoLocate;
		};
/* End PBXContainerItemProxy section */

/* Begin PBXFileReference section */
		213C806B241A56430020EFA5 /* PermissionsPromptViewController.swift */ = {isa = PBXFileReference; lastKnownFileType = sourcecode.swift; path = PermissionsPromptViewController.swift; sourceTree = "<group>"; };
		214209B32420DBE100C7BFF3 /* PleaseSelfIsolateViewController.swift */ = {isa = PBXFileReference; lastKnownFileType = sourcecode.swift; path = PleaseSelfIsolateViewController.swift; sourceTree = "<group>"; };
		214209B52421072C00C7BFF3 /* OkNowViewController.swift */ = {isa = PBXFileReference; lastKnownFileType = sourcecode.swift; path = OkNowViewController.swift; sourceTree = "<group>"; };
		214209B9242216B700C7BFF3 /* DiagnosisService.swift */ = {isa = PBXFileReference; lastKnownFileType = sourcecode.swift; path = DiagnosisService.swift; sourceTree = "<group>"; };
		214209BF2422276800C7BFF3 /* CoLocateTests.xctest */ = {isa = PBXFileReference; explicitFileType = wrapper.cfbundle; includeInIndex = 0; path = CoLocateTests.xctest; sourceTree = BUILT_PRODUCTS_DIR; };
		214209C32422276800C7BFF3 /* Info.plist */ = {isa = PBXFileReference; lastKnownFileType = text.plist.xml; path = Info.plist; sourceTree = "<group>"; };
		214209C9242227B300C7BFF3 /* DiagnosisServiceTests.swift */ = {isa = PBXFileReference; lastKnownFileType = sourcecode.swift; path = DiagnosisServiceTests.swift; sourceTree = "<group>"; };
		214209CB2422755B00C7BFF3 /* PlistContactEventRecorder.swift */ = {isa = PBXFileReference; lastKnownFileType = sourcecode.swift; path = PlistContactEventRecorder.swift; sourceTree = "<group>"; };
		214209CD24237A6300C7BFF3 /* PlistContactEventRecorderTests.swift */ = {isa = PBXFileReference; lastKnownFileType = sourcecode.swift; path = PlistContactEventRecorderTests.swift; sourceTree = "<group>"; };
		214209CF242396DA00C7BFF3 /* Session.swift */ = {isa = PBXFileReference; lastKnownFileType = sourcecode.swift; path = Session.swift; sourceTree = "<group>"; };
		214209D1242399CF00C7BFF3 /* URLSession.swift */ = {isa = PBXFileReference; lastKnownFileType = sourcecode.swift; path = URLSession.swift; sourceTree = "<group>"; };
		214209D42423C83C00C7BFF3 /* PatchContactEventsRequest.swift */ = {isa = PBXFileReference; lastKnownFileType = sourcecode.swift; path = PatchContactEventsRequest.swift; sourceTree = "<group>"; };
		214209D62423C9B600C7BFF3 /* PatchContactEventsRequestTests.swift */ = {isa = PBXFileReference; lastKnownFileType = sourcecode.swift; path = PatchContactEventsRequestTests.swift; sourceTree = "<group>"; };
		214209D824262B7500C7BFF3 /* SessionHelpers.swift */ = {isa = PBXFileReference; lastKnownFileType = sourcecode.swift; path = SessionHelpers.swift; sourceTree = "<group>"; };
		21AF36AA241A8E50001A4910 /* BTLEListener.swift */ = {isa = PBXFileReference; lastKnownFileType = sourcecode.swift; path = BTLEListener.swift; sourceTree = "<group>"; };
		21B3D2E2242906AE00573061 /* SecureRequestTests.swift */ = {isa = PBXFileReference; lastKnownFileType = sourcecode.swift; path = SecureRequestTests.swift; sourceTree = "<group>"; };
		21B3D2E42429112B00573061 /* SecureRequest.swift */ = {isa = PBXFileReference; lastKnownFileType = sourcecode.swift; path = SecureRequest.swift; sourceTree = "<group>"; };
		21B3D2E72429115600573061 /* CoreBluetooth.framework */ = {isa = PBXFileReference; lastKnownFileType = wrapper.framework; name = CoreBluetooth.framework; path = System/Library/Frameworks/CoreBluetooth.framework; sourceTree = SDKROOT; };
		21B3D2E92429115E00573061 /* CryptoTokenKit.framework */ = {isa = PBXFileReference; lastKnownFileType = wrapper.framework; name = CryptoTokenKit.framework; path = System/Library/Frameworks/CryptoTokenKit.framework; sourceTree = SDKROOT; };
		21D93C2D241FB0A300C1FA9B /* EnterDiagnosisTableViewController.swift */ = {isa = PBXFileReference; lastKnownFileType = sourcecode.swift; path = EnterDiagnosisTableViewController.swift; sourceTree = "<group>"; };
		21D93C2F2420C26900C1FA9B /* PrimaryButton.swift */ = {isa = PBXFileReference; lastKnownFileType = sourcecode.swift; path = PrimaryButton.swift; sourceTree = "<group>"; };
		6FC63C2D241641B8007C8BF3 /* CoLocate.app */ = {isa = PBXFileReference; explicitFileType = wrapper.application; includeInIndex = 0; path = CoLocate.app; sourceTree = BUILT_PRODUCTS_DIR; };
		6FC63C30241641B8007C8BF3 /* AppDelegate.swift */ = {isa = PBXFileReference; lastKnownFileType = sourcecode.swift; path = AppDelegate.swift; sourceTree = "<group>"; };
		6FC63C35241641B8007C8BF3 /* Base */ = {isa = PBXFileReference; lastKnownFileType = file.storyboard; name = Base; path = Base.lproj/Main.storyboard; sourceTree = "<group>"; };
		6FC63C37241641BA007C8BF3 /* Assets.xcassets */ = {isa = PBXFileReference; lastKnownFileType = folder.assetcatalog; path = Assets.xcassets; sourceTree = "<group>"; };
		6FC63C3A241641BA007C8BF3 /* Base */ = {isa = PBXFileReference; lastKnownFileType = file.storyboard; name = Base; path = Base.lproj/LaunchScreen.storyboard; sourceTree = "<group>"; };
		6FC63C3C241641BA007C8BF3 /* Info.plist */ = {isa = PBXFileReference; lastKnownFileType = text.plist.xml; path = Info.plist; sourceTree = "<group>"; };
		A1E7A0582420028B0078174D /* NHS Colors.xcassets */ = {isa = PBXFileReference; lastKnownFileType = folder.assetcatalog; path = "NHS Colors.xcassets"; sourceTree = "<group>"; };
		AE2A5E4F2423C473007A4771 /* ContactEventRecorder.swift */ = {isa = PBXFileReference; lastKnownFileType = sourcecode.swift; path = ContactEventRecorder.swift; sourceTree = "<group>"; };
		AE2DCA9F241920B600A940FC /* BTLEBroadcaster.swift */ = {isa = PBXFileReference; lastKnownFileType = sourcecode.swift; path = BTLEBroadcaster.swift; sourceTree = "<group>"; };
		AEC6A7BB241BD81A00B0237A /* LogoStrapline.swift */ = {isa = PBXFileReference; lastKnownFileType = sourcecode.swift; path = LogoStrapline.swift; sourceTree = "<group>"; };
		AEC6A7BD241BD82900B0237A /* LogoStrapline.xib */ = {isa = PBXFileReference; lastKnownFileType = file.xib; path = LogoStrapline.xib; sourceTree = "<group>"; };
		F600A5FF242977D50038DF57 /* RegistrationViewController.swift */ = {isa = PBXFileReference; lastKnownFileType = sourcecode.swift; path = RegistrationViewController.swift; sourceTree = "<group>"; };
		F600A60124297A8E0038DF57 /* RegistrationRequest.swift */ = {isa = PBXFileReference; lastKnownFileType = sourcecode.swift; path = RegistrationRequest.swift; sourceTree = "<group>"; };
		F600A60324297C010038DF57 /* RegistrationRequestTests.swift */ = {isa = PBXFileReference; lastKnownFileType = sourcecode.swift; path = RegistrationRequestTests.swift; sourceTree = "<group>"; };
		F6A309D024298A5800865942 /* Development.xcconfig */ = {isa = PBXFileReference; fileEncoding = 4; lastKnownFileType = text.xcconfig; path = Development.xcconfig; sourceTree = "<group>"; };
		F758553924294C8C00CBE1ED /* RequestFactory.swift */ = {isa = PBXFileReference; lastKnownFileType = sourcecode.swift; path = RequestFactory.swift; sourceTree = "<group>"; };
/* End PBXFileReference section */

/* Begin PBXFrameworksBuildPhase section */
		214209BC2422276800C7BFF3 /* Frameworks */ = {
			isa = PBXFrameworksBuildPhase;
			buildActionMask = 2147483647;
			files = (
			);
			runOnlyForDeploymentPostprocessing = 0;
		};
		6FC63C2A241641B8007C8BF3 /* Frameworks */ = {
			isa = PBXFrameworksBuildPhase;
			buildActionMask = 2147483647;
			files = (
				21B3D2E82429115600573061 /* CoreBluetooth.framework in Frameworks */,
			);
			runOnlyForDeploymentPostprocessing = 0;
		};
/* End PBXFrameworksBuildPhase section */

/* Begin PBXGroup section */
		214209B72422155200C7BFF3 /* Appearance */ = {
			isa = PBXGroup;
			children = (
				AEC6A7BB241BD81A00B0237A /* LogoStrapline.swift */,
				21D93C2F2420C26900C1FA9B /* PrimaryButton.swift */,
				AEC6A7BD241BD82900B0237A /* LogoStrapline.xib */,
			);
			path = Appearance;
			sourceTree = "<group>";
		};
		214209B82422157300C7BFF3 /* Bluetooth */ = {
			isa = PBXGroup;
			children = (
				AE2DCA9F241920B600A940FC /* BTLEBroadcaster.swift */,
				21AF36AA241A8E50001A4910 /* BTLEListener.swift */,
			);
			path = Bluetooth;
			sourceTree = "<group>";
		};
		214209C02422276800C7BFF3 /* CoLocateTests */ = {
			isa = PBXGroup;
			children = (
				214209C32422276800C7BFF3 /* Info.plist */,
				214209C9242227B300C7BFF3 /* DiagnosisServiceTests.swift */,
				214209CD24237A6300C7BFF3 /* PlistContactEventRecorderTests.swift */,
				214209DA242630CF00C7BFF3 /* Networking */,
			);
			path = CoLocateTests;
			sourceTree = "<group>";
		};
		214209D3242399DD00C7BFF3 /* Networking */ = {
			isa = PBXGroup;
			children = (
				214209D42423C83C00C7BFF3 /* PatchContactEventsRequest.swift */,
				F600A60124297A8E0038DF57 /* RegistrationRequest.swift */,
				F758553924294C8C00CBE1ED /* RequestFactory.swift */,
				21B3D2E42429112B00573061 /* SecureRequest.swift */,
				214209CF242396DA00C7BFF3 /* Session.swift */,
				214209D1242399CF00C7BFF3 /* URLSession.swift */,
			);
			path = Networking;
			sourceTree = "<group>";
		};
		214209DA242630CF00C7BFF3 /* Networking */ = {
			isa = PBXGroup;
			children = (
				214209D62423C9B600C7BFF3 /* PatchContactEventsRequestTests.swift */,
				F600A60324297C010038DF57 /* RegistrationRequestTests.swift */,
				214209D824262B7500C7BFF3 /* SessionHelpers.swift */,
				21B3D2E2242906AE00573061 /* SecureRequestTests.swift */,
			);
			path = Networking;
			sourceTree = "<group>";
		};
		21B3D2DF24263A1100573061 /* Contact Events */ = {
			isa = PBXGroup;
			children = (
				AE2A5E4F2423C473007A4771 /* ContactEventRecorder.swift */,
				214209CB2422755B00C7BFF3 /* PlistContactEventRecorder.swift */,
			);
			path = "Contact Events";
			sourceTree = "<group>";
		};
		21B3D2E62429115600573061 /* Frameworks */ = {
			isa = PBXGroup;
			children = (
				21B3D2E92429115E00573061 /* CryptoTokenKit.framework */,
				21B3D2E72429115600573061 /* CoreBluetooth.framework */,
			);
			name = Frameworks;
			sourceTree = "<group>";
		};
		6FC63C24241641B8007C8BF3 = {
			isa = PBXGroup;
			children = (
				F6A309D024298A5800865942 /* Development.xcconfig */,
				6FC63C2F241641B8007C8BF3 /* CoLocate */,
				214209C02422276800C7BFF3 /* CoLocateTests */,
				6FC63C2E241641B8007C8BF3 /* Products */,
				21B3D2E62429115600573061 /* Frameworks */,
			);
			sourceTree = "<group>";
		};
		6FC63C2E241641B8007C8BF3 /* Products */ = {
			isa = PBXGroup;
			children = (
				6FC63C2D241641B8007C8BF3 /* CoLocate.app */,
				214209BF2422276800C7BFF3 /* CoLocateTests.xctest */,
			);
			name = Products;
			sourceTree = "<group>";
		};
		6FC63C2F241641B8007C8BF3 /* CoLocate */ = {
			isa = PBXGroup;
			children = (
				6FC63C3C241641BA007C8BF3 /* Info.plist */,
				6FC63C30241641B8007C8BF3 /* AppDelegate.swift */,
				6FC63C39241641BA007C8BF3 /* LaunchScreen.storyboard */,
				6FC63C34241641B8007C8BF3 /* Main.storyboard */,
				214209B9242216B700C7BFF3 /* DiagnosisService.swift */,
				21D93C2D241FB0A300C1FA9B /* EnterDiagnosisTableViewController.swift */,
				214209B52421072C00C7BFF3 /* OkNowViewController.swift */,
				213C806B241A56430020EFA5 /* PermissionsPromptViewController.swift */,
				214209B32420DBE100C7BFF3 /* PleaseSelfIsolateViewController.swift */,
				F600A5FF242977D50038DF57 /* RegistrationViewController.swift */,
				6FC63C37241641BA007C8BF3 /* Assets.xcassets */,
				A1E7A0582420028B0078174D /* NHS Colors.xcassets */,
				21B3D2DF24263A1100573061 /* Contact Events */,
				214209B72422155200C7BFF3 /* Appearance */,
				214209B82422157300C7BFF3 /* Bluetooth */,
				214209D3242399DD00C7BFF3 /* Networking */,
			);
			path = CoLocate;
			sourceTree = "<group>";
		};
/* End PBXGroup section */

/* Begin PBXNativeTarget section */
		214209BE2422276800C7BFF3 /* CoLocateTests */ = {
			isa = PBXNativeTarget;
			buildConfigurationList = 214209C62422276800C7BFF3 /* Build configuration list for PBXNativeTarget "CoLocateTests" */;
			buildPhases = (
				214209BB2422276800C7BFF3 /* Sources */,
				214209BC2422276800C7BFF3 /* Frameworks */,
				214209BD2422276800C7BFF3 /* Resources */,
			);
			buildRules = (
			);
			dependencies = (
				214209C52422276800C7BFF3 /* PBXTargetDependency */,
			);
			name = CoLocateTests;
			productName = CoLocateTests;
			productReference = 214209BF2422276800C7BFF3 /* CoLocateTests.xctest */;
			productType = "com.apple.product-type.bundle.unit-test";
		};
		6FC63C2C241641B8007C8BF3 /* CoLocate */ = {
			isa = PBXNativeTarget;
			buildConfigurationList = 6FC63C3F241641BA007C8BF3 /* Build configuration list for PBXNativeTarget "CoLocate" */;
			buildPhases = (
				6FC63C29241641B8007C8BF3 /* Sources */,
				6FC63C2A241641B8007C8BF3 /* Frameworks */,
				6FC63C2B241641B8007C8BF3 /* Resources */,
			);
			buildRules = (
			);
			dependencies = (
			);
			name = CoLocate;
			productName = CoLocate;
			productReference = 6FC63C2D241641B8007C8BF3 /* CoLocate.app */;
			productType = "com.apple.product-type.application";
		};
/* End PBXNativeTarget section */

/* Begin PBXProject section */
		6FC63C25241641B8007C8BF3 /* Project object */ = {
			isa = PBXProject;
			attributes = {
				LastSwiftUpdateCheck = 1130;
				LastUpgradeCheck = 1010;
				ORGANIZATIONNAME = NHSX;
				TargetAttributes = {
					214209BE2422276800C7BFF3 = {
						CreatedOnToolsVersion = 11.3.1;
						TestTargetID = 6FC63C2C241641B8007C8BF3;
					};
					6FC63C2C241641B8007C8BF3 = {
						CreatedOnToolsVersion = 10.1;
						LastSwiftMigration = 1130;
					};
				};
			};
			buildConfigurationList = 6FC63C28241641B8007C8BF3 /* Build configuration list for PBXProject "CoLocate" */;
			compatibilityVersion = "Xcode 9.3";
			developmentRegion = en;
			hasScannedForEncodings = 0;
			knownRegions = (
				en,
				Base,
			);
			mainGroup = 6FC63C24241641B8007C8BF3;
			productRefGroup = 6FC63C2E241641B8007C8BF3 /* Products */;
			projectDirPath = "";
			projectRoot = "";
			targets = (
				6FC63C2C241641B8007C8BF3 /* CoLocate */,
				214209BE2422276800C7BFF3 /* CoLocateTests */,
			);
		};
/* End PBXProject section */

/* Begin PBXResourcesBuildPhase section */
		214209BD2422276800C7BFF3 /* Resources */ = {
			isa = PBXResourcesBuildPhase;
			buildActionMask = 2147483647;
			files = (
			);
			runOnlyForDeploymentPostprocessing = 0;
		};
		6FC63C2B241641B8007C8BF3 /* Resources */ = {
			isa = PBXResourcesBuildPhase;
			buildActionMask = 2147483647;
			files = (
				F6A309D124298A5800865942 /* Development.xcconfig in Resources */,
				6FC63C3B241641BA007C8BF3 /* LaunchScreen.storyboard in Resources */,
				AEC6A7BE241BD82900B0237A /* LogoStrapline.xib in Resources */,
				A1E7A0592420028B0078174D /* NHS Colors.xcassets in Resources */,
				6FC63C38241641BA007C8BF3 /* Assets.xcassets in Resources */,
				6FC63C36241641B8007C8BF3 /* Main.storyboard in Resources */,
			);
			runOnlyForDeploymentPostprocessing = 0;
		};
/* End PBXResourcesBuildPhase section */

/* Begin PBXSourcesBuildPhase section */
		214209BB2422276800C7BFF3 /* Sources */ = {
			isa = PBXSourcesBuildPhase;
			buildActionMask = 2147483647;
			files = (
				21B3D2E3242906AE00573061 /* SecureRequestTests.swift in Sources */,
				214209CA242227B300C7BFF3 /* DiagnosisServiceTests.swift in Sources */,
				214209CE24237A6300C7BFF3 /* PlistContactEventRecorderTests.swift in Sources */,
				214209D924262B7500C7BFF3 /* SessionHelpers.swift in Sources */,
				F600A60424297C010038DF57 /* RegistrationRequestTests.swift in Sources */,
				214209D72423C9B600C7BFF3 /* PatchContactEventsRequestTests.swift in Sources */,
			);
			runOnlyForDeploymentPostprocessing = 0;
		};
		6FC63C29241641B8007C8BF3 /* Sources */ = {
			isa = PBXSourcesBuildPhase;
			buildActionMask = 2147483647;
			files = (
				21D93C302420C26900C1FA9B /* PrimaryButton.swift in Sources */,
				21AF36AB241A8E50001A4910 /* BTLEListener.swift in Sources */,
				F600A600242977D50038DF57 /* RegistrationViewController.swift in Sources */,
				AE2A5E502423C473007A4771 /* ContactEventRecorder.swift in Sources */,
				21B3D2E52429112B00573061 /* SecureRequest.swift in Sources */,
				214209CC2422755B00C7BFF3 /* PlistContactEventRecorder.swift in Sources */,
				214209B62421072C00C7BFF3 /* OkNowViewController.swift in Sources */,
				F758553A24294C8D00CBE1ED /* RequestFactory.swift in Sources */,
				214209B42420DBE100C7BFF3 /* PleaseSelfIsolateViewController.swift in Sources */,
				AE2DCAA0241920B600A940FC /* BTLEBroadcaster.swift in Sources */,
				6FC63C31241641B8007C8BF3 /* AppDelegate.swift in Sources */,
				F600A60224297A8E0038DF57 /* RegistrationRequest.swift in Sources */,
				214209D2242399CF00C7BFF3 /* URLSession.swift in Sources */,
				214209BA242216B700C7BFF3 /* DiagnosisService.swift in Sources */,
				213C806C241A56430020EFA5 /* PermissionsPromptViewController.swift in Sources */,
				21D93C2E241FB0A300C1FA9B /* EnterDiagnosisTableViewController.swift in Sources */,
				AEC6A7BC241BD81A00B0237A /* LogoStrapline.swift in Sources */,
				214209D52423C83C00C7BFF3 /* PatchContactEventsRequest.swift in Sources */,
				214209D0242396DA00C7BFF3 /* Session.swift in Sources */,
			);
			runOnlyForDeploymentPostprocessing = 0;
		};
/* End PBXSourcesBuildPhase section */

/* Begin PBXTargetDependency section */
		214209C52422276800C7BFF3 /* PBXTargetDependency */ = {
			isa = PBXTargetDependency;
			target = 6FC63C2C241641B8007C8BF3 /* CoLocate */;
			targetProxy = 214209C42422276800C7BFF3 /* PBXContainerItemProxy */;
		};
/* End PBXTargetDependency section */

/* Begin PBXVariantGroup section */
		6FC63C34241641B8007C8BF3 /* Main.storyboard */ = {
			isa = PBXVariantGroup;
			children = (
				6FC63C35241641B8007C8BF3 /* Base */,
			);
			name = Main.storyboard;
			sourceTree = "<group>";
		};
		6FC63C39241641BA007C8BF3 /* LaunchScreen.storyboard */ = {
			isa = PBXVariantGroup;
			children = (
				6FC63C3A241641BA007C8BF3 /* Base */,
			);
			name = LaunchScreen.storyboard;
			sourceTree = "<group>";
		};
/* End PBXVariantGroup section */

/* Begin XCBuildConfiguration section */
		214209C72422276800C7BFF3 /* Debug */ = {
			isa = XCBuildConfiguration;
			buildSettings = {
				BUNDLE_LOADER = "$(TEST_HOST)";
				CODE_SIGN_STYLE = Automatic;
				DEVELOPMENT_TEAM = 7JDTZAMF6R;
				INFOPLIST_FILE = CoLocateTests/Info.plist;
				IPHONEOS_DEPLOYMENT_TARGET = 13.2;
				LD_RUNPATH_SEARCH_PATHS = (
					"$(inherited)",
					"@executable_path/Frameworks",
					"@loader_path/Frameworks",
				);
				PRODUCT_BUNDLE_IDENTIFIER = uk.nhs.nhsx.CoLocateTests;
				PRODUCT_NAME = "$(TARGET_NAME)";
				SWIFT_VERSION = 5.0;
				TARGETED_DEVICE_FAMILY = "1,2";
				TEST_HOST = "$(BUILT_PRODUCTS_DIR)/CoLocate.app/CoLocate";
			};
			name = Debug;
		};
		214209C82422276800C7BFF3 /* Release */ = {
			isa = XCBuildConfiguration;
			buildSettings = {
				BUNDLE_LOADER = "$(TEST_HOST)";
				CODE_SIGN_STYLE = Automatic;
				DEVELOPMENT_TEAM = 7JDTZAMF6R;
				INFOPLIST_FILE = CoLocateTests/Info.plist;
				IPHONEOS_DEPLOYMENT_TARGET = 13.2;
				LD_RUNPATH_SEARCH_PATHS = (
					"$(inherited)",
					"@executable_path/Frameworks",
					"@loader_path/Frameworks",
				);
				PRODUCT_BUNDLE_IDENTIFIER = uk.nhs.nhsx.CoLocateTests;
				PRODUCT_NAME = "$(TARGET_NAME)";
				SWIFT_VERSION = 5.0;
				TARGETED_DEVICE_FAMILY = "1,2";
				TEST_HOST = "$(BUILT_PRODUCTS_DIR)/CoLocate.app/CoLocate";
			};
			name = Release;
		};
		6FC63C3D241641BA007C8BF3 /* Debug */ = {
			isa = XCBuildConfiguration;
			buildSettings = {
				ALWAYS_SEARCH_USER_PATHS = NO;
				CLANG_ANALYZER_NONNULL = YES;
				CLANG_ANALYZER_NUMBER_OBJECT_CONVERSION = YES_AGGRESSIVE;
				CLANG_CXX_LANGUAGE_STANDARD = "gnu++14";
				CLANG_CXX_LIBRARY = "libc++";
				CLANG_ENABLE_MODULES = YES;
				CLANG_ENABLE_OBJC_ARC = YES;
				CLANG_ENABLE_OBJC_WEAK = YES;
				CLANG_WARN_BLOCK_CAPTURE_AUTORELEASING = YES;
				CLANG_WARN_BOOL_CONVERSION = YES;
				CLANG_WARN_COMMA = YES;
				CLANG_WARN_CONSTANT_CONVERSION = YES;
				CLANG_WARN_DEPRECATED_OBJC_IMPLEMENTATIONS = YES;
				CLANG_WARN_DIRECT_OBJC_ISA_USAGE = YES_ERROR;
				CLANG_WARN_DOCUMENTATION_COMMENTS = YES;
				CLANG_WARN_EMPTY_BODY = YES;
				CLANG_WARN_ENUM_CONVERSION = YES;
				CLANG_WARN_INFINITE_RECURSION = YES;
				CLANG_WARN_INT_CONVERSION = YES;
				CLANG_WARN_NON_LITERAL_NULL_CONVERSION = YES;
				CLANG_WARN_OBJC_IMPLICIT_RETAIN_SELF = YES;
				CLANG_WARN_OBJC_LITERAL_CONVERSION = YES;
				CLANG_WARN_OBJC_ROOT_CLASS = YES_ERROR;
				CLANG_WARN_RANGE_LOOP_ANALYSIS = YES;
				CLANG_WARN_STRICT_PROTOTYPES = YES;
				CLANG_WARN_SUSPICIOUS_MOVE = YES;
				CLANG_WARN_UNGUARDED_AVAILABILITY = YES_AGGRESSIVE;
				CLANG_WARN_UNREACHABLE_CODE = YES;
				CLANG_WARN__DUPLICATE_METHOD_MATCH = YES;
				CODE_SIGN_IDENTITY = "iPhone Developer";
				COPY_PHASE_STRIP = NO;
				DEBUG_INFORMATION_FORMAT = dwarf;
				ENABLE_STRICT_OBJC_MSGSEND = YES;
				ENABLE_TESTABILITY = YES;
				GCC_C_LANGUAGE_STANDARD = gnu11;
				GCC_DYNAMIC_NO_PIC = NO;
				GCC_NO_COMMON_BLOCKS = YES;
				GCC_OPTIMIZATION_LEVEL = 0;
				GCC_PREPROCESSOR_DEFINITIONS = (
					"DEBUG=1",
					"$(inherited)",
				);
				GCC_WARN_64_TO_32_BIT_CONVERSION = YES;
				GCC_WARN_ABOUT_RETURN_TYPE = YES_ERROR;
				GCC_WARN_UNDECLARED_SELECTOR = YES;
				GCC_WARN_UNINITIALIZED_AUTOS = YES_AGGRESSIVE;
				GCC_WARN_UNUSED_FUNCTION = YES;
				GCC_WARN_UNUSED_VARIABLE = YES;
				IPHONEOS_DEPLOYMENT_TARGET = 12.1;
				MTL_ENABLE_DEBUG_INFO = INCLUDE_SOURCE;
				MTL_FAST_MATH = YES;
				ONLY_ACTIVE_ARCH = YES;
				SDKROOT = iphoneos;
				SWIFT_ACTIVE_COMPILATION_CONDITIONS = DEBUG;
				SWIFT_OPTIMIZATION_LEVEL = "-Onone";
			};
			name = Debug;
		};
		6FC63C3E241641BA007C8BF3 /* Release */ = {
			isa = XCBuildConfiguration;
			buildSettings = {
				ALWAYS_SEARCH_USER_PATHS = NO;
				CLANG_ANALYZER_NONNULL = YES;
				CLANG_ANALYZER_NUMBER_OBJECT_CONVERSION = YES_AGGRESSIVE;
				CLANG_CXX_LANGUAGE_STANDARD = "gnu++14";
				CLANG_CXX_LIBRARY = "libc++";
				CLANG_ENABLE_MODULES = YES;
				CLANG_ENABLE_OBJC_ARC = YES;
				CLANG_ENABLE_OBJC_WEAK = YES;
				CLANG_WARN_BLOCK_CAPTURE_AUTORELEASING = YES;
				CLANG_WARN_BOOL_CONVERSION = YES;
				CLANG_WARN_COMMA = YES;
				CLANG_WARN_CONSTANT_CONVERSION = YES;
				CLANG_WARN_DEPRECATED_OBJC_IMPLEMENTATIONS = YES;
				CLANG_WARN_DIRECT_OBJC_ISA_USAGE = YES_ERROR;
				CLANG_WARN_DOCUMENTATION_COMMENTS = YES;
				CLANG_WARN_EMPTY_BODY = YES;
				CLANG_WARN_ENUM_CONVERSION = YES;
				CLANG_WARN_INFINITE_RECURSION = YES;
				CLANG_WARN_INT_CONVERSION = YES;
				CLANG_WARN_NON_LITERAL_NULL_CONVERSION = YES;
				CLANG_WARN_OBJC_IMPLICIT_RETAIN_SELF = YES;
				CLANG_WARN_OBJC_LITERAL_CONVERSION = YES;
				CLANG_WARN_OBJC_ROOT_CLASS = YES_ERROR;
				CLANG_WARN_RANGE_LOOP_ANALYSIS = YES;
				CLANG_WARN_STRICT_PROTOTYPES = YES;
				CLANG_WARN_SUSPICIOUS_MOVE = YES;
				CLANG_WARN_UNGUARDED_AVAILABILITY = YES_AGGRESSIVE;
				CLANG_WARN_UNREACHABLE_CODE = YES;
				CLANG_WARN__DUPLICATE_METHOD_MATCH = YES;
				CODE_SIGN_IDENTITY = "iPhone Developer";
				COPY_PHASE_STRIP = NO;
				DEBUG_INFORMATION_FORMAT = "dwarf-with-dsym";
				ENABLE_NS_ASSERTIONS = NO;
				ENABLE_STRICT_OBJC_MSGSEND = YES;
				GCC_C_LANGUAGE_STANDARD = gnu11;
				GCC_NO_COMMON_BLOCKS = YES;
				GCC_WARN_64_TO_32_BIT_CONVERSION = YES;
				GCC_WARN_ABOUT_RETURN_TYPE = YES_ERROR;
				GCC_WARN_UNDECLARED_SELECTOR = YES;
				GCC_WARN_UNINITIALIZED_AUTOS = YES_AGGRESSIVE;
				GCC_WARN_UNUSED_FUNCTION = YES;
				GCC_WARN_UNUSED_VARIABLE = YES;
				IPHONEOS_DEPLOYMENT_TARGET = 12.1;
				MTL_ENABLE_DEBUG_INFO = NO;
				MTL_FAST_MATH = YES;
				SDKROOT = iphoneos;
				SWIFT_COMPILATION_MODE = wholemodule;
				SWIFT_OPTIMIZATION_LEVEL = "-O";
				VALIDATE_PRODUCT = YES;
			};
			name = Release;
		};
		6FC63C40241641BA007C8BF3 /* Debug */ = {
			isa = XCBuildConfiguration;
			baseConfigurationReference = F6A309D024298A5800865942 /* Development.xcconfig */;
			buildSettings = {
				ASSETCATALOG_COMPILER_APPICON_NAME = AppIcon;
				CODE_SIGN_STYLE = Automatic;
				DEVELOPMENT_TEAM = 877YMUFLMF;
				INFOPLIST_FILE = CoLocate/Info.plist;
				IPHONEOS_DEPLOYMENT_TARGET = 13.0;
				LD_RUNPATH_SEARCH_PATHS = (
					"$(inherited)",
					"@executable_path/Frameworks",
				);
				PRODUCT_BUNDLE_IDENTIFIER = uk.nhs.nhsx.beta.CoLocate;
				PRODUCT_NAME = "$(TARGET_NAME)";
				SWIFT_VERSION = 5.0;
				TARGETED_DEVICE_FAMILY = 1;
			};
			name = Debug;
		};
		6FC63C41241641BA007C8BF3 /* Release */ = {
			isa = XCBuildConfiguration;
			buildSettings = {
				ASSETCATALOG_COMPILER_APPICON_NAME = AppIcon;
				CODE_SIGN_STYLE = Automatic;
				DEVELOPMENT_TEAM = 877YMUFLMF;
				INFOPLIST_FILE = CoLocate/Info.plist;
				IPHONEOS_DEPLOYMENT_TARGET = 13.0;
				LD_RUNPATH_SEARCH_PATHS = (
					"$(inherited)",
					"@executable_path/Frameworks",
				);
				PRODUCT_BUNDLE_IDENTIFIER = uk.nhs.nhsx.beta.CoLocate;
				PRODUCT_NAME = "$(TARGET_NAME)";
				SWIFT_VERSION = 5.0;
				TARGETED_DEVICE_FAMILY = 1;
			};
			name = Release;
		};
/* End XCBuildConfiguration section */

/* Begin XCConfigurationList section */
		214209C62422276800C7BFF3 /* Build configuration list for PBXNativeTarget "CoLocateTests" */ = {
			isa = XCConfigurationList;
			buildConfigurations = (
				214209C72422276800C7BFF3 /* Debug */,
				214209C82422276800C7BFF3 /* Release */,
			);
			defaultConfigurationIsVisible = 0;
			defaultConfigurationName = Release;
		};
		6FC63C28241641B8007C8BF3 /* Build configuration list for PBXProject "CoLocate" */ = {
			isa = XCConfigurationList;
			buildConfigurations = (
				6FC63C3D241641BA007C8BF3 /* Debug */,
				6FC63C3E241641BA007C8BF3 /* Release */,
			);
			defaultConfigurationIsVisible = 0;
			defaultConfigurationName = Release;
		};
		6FC63C3F241641BA007C8BF3 /* Build configuration list for PBXNativeTarget "CoLocate" */ = {
			isa = XCConfigurationList;
			buildConfigurations = (
				6FC63C40241641BA007C8BF3 /* Debug */,
				6FC63C41241641BA007C8BF3 /* Release */,
			);
			defaultConfigurationIsVisible = 0;
			defaultConfigurationName = Release;
		};
/* End XCConfigurationList section */
	};
	rootObject = 6FC63C25241641B8007C8BF3 /* Project object */;
}
