// !$*UTF8*$!
{
	archiveVersion = 1;
	classes = {
	};
	objectVersion = 52;
	objects = {

/* Begin PBXBuildFile section */
		090B186F24354D0100870B5D /* RemoteNotificationDispatcher.swift in Sources */ = {isa = PBXBuildFile; fileRef = 090B186E24354D0100870B5D /* RemoteNotificationDispatcher.swift */; };
		090B1871243552C300870B5D /* UserNotificationCenterDouble.swift in Sources */ = {isa = PBXBuildFile; fileRef = 090B1870243552C300870B5D /* UserNotificationCenterDouble.swift */; };
		095A91182434FF1500ED6369 /* ApplicationDouble.swift in Sources */ = {isa = PBXBuildFile; fileRef = 095A91172434FF1500ED6369 /* ApplicationDouble.swift */; };
		0983ACCD243E566800DBB336 /* ErrorForTest.swift in Sources */ = {isa = PBXBuildFile; fileRef = 0983ACCC243E566800DBB336 /* ErrorForTest.swift */; };
		0983ACCF243E6D3800DBB336 /* NotificationObserverDouble.swift in Sources */ = {isa = PBXBuildFile; fileRef = 0983ACCE243E6D3800DBB336 /* NotificationObserverDouble.swift */; };
		0983ACD3243EB22200DBB336 /* StatusViewControllerTests.swift in Sources */ = {isa = PBXBuildFile; fileRef = 0983ACD2243EB22200DBB336 /* StatusViewControllerTests.swift */; };
		098ED478242D7D050029B729 /* RegistratonService.swift in Sources */ = {isa = PBXBuildFile; fileRef = 098ED477242D7D050029B729 /* RegistratonService.swift */; };
		098ED47C242D801C0029B729 /* RegistrationServiceTests.swift in Sources */ = {isa = PBXBuildFile; fileRef = 098ED47A242D7E460029B729 /* RegistrationServiceTests.swift */; };
		098ED481242E745F0029B729 /* Debug.storyboard in Resources */ = {isa = PBXBuildFile; fileRef = 098ED480242E745F0029B729 /* Debug.storyboard */; };
		098ED483242E746E0029B729 /* DebugViewController.swift in Sources */ = {isa = PBXBuildFile; fileRef = 098ED482242E746E0029B729 /* DebugViewController.swift */; };
		098ED485242E88D80029B729 /* AppCoordinatorTests.swift in Sources */ = {isa = PBXBuildFile; fileRef = 098ED484242E88D80029B729 /* AppCoordinatorTests.swift */; };
		098ED488242E89930029B729 /* PushNotificationManagerDouble.swift in Sources */ = {isa = PBXBuildFile; fileRef = 098ED487242E89930029B729 /* PushNotificationManagerDouble.swift */; };
		098ED48A242E89D80029B729 /* RegistrationServiceDouble.swift in Sources */ = {isa = PBXBuildFile; fileRef = 098ED489242E89D80029B729 /* RegistrationServiceDouble.swift */; };
		098ED48C242E8B290029B729 /* PersistenceDouble.swift in Sources */ = {isa = PBXBuildFile; fileRef = 098ED48B242E8B290029B729 /* PersistenceDouble.swift */; };
		0997D056243BDEEC0067346C /* RootViewController.swift in Sources */ = {isa = PBXBuildFile; fileRef = 0997D055243BDEEC0067346C /* RootViewController.swift */; };
		09B27BD8243BA3F200DAEA02 /* DispatchQueue+AsyncAfterable.swift in Sources */ = {isa = PBXBuildFile; fileRef = 09B27BD7243BA3F200DAEA02 /* DispatchQueue+AsyncAfterable.swift */; };
		09B27BDB243BA5C800DAEA02 /* AsyncAfterableDouble.swift in Sources */ = {isa = PBXBuildFile; fileRef = 09B27BDA243BA5C800DAEA02 /* AsyncAfterableDouble.swift */; };
		09CAA3662440F3B100CE93A6 /* PostcodeViewController.swift in Sources */ = {isa = PBXBuildFile; fileRef = 09CAA3652440F3B100CE93A6 /* PostcodeViewController.swift */; };
		09CAA36A2440FC4500CE93A6 /* PostcodeViewControllerTests.swift in Sources */ = {isa = PBXBuildFile; fileRef = 09CAA3692440FC4500CE93A6 /* PostcodeViewControllerTests.swift */; };
		09CAA36C24413E0700CE93A6 /* ViewControllerContainerDouble.swift in Sources */ = {isa = PBXBuildFile; fileRef = 09CAA36B24413E0700CE93A6 /* ViewControllerContainerDouble.swift */; };
		09D1CD4B242C284000B1A167 /* PotentialViewController.swift in Sources */ = {isa = PBXBuildFile; fileRef = 09D1CD49242C284000B1A167 /* PotentialViewController.swift */; };
		09D1CD50242C3A9300B1A167 /* Potential.storyboard in Resources */ = {isa = PBXBuildFile; fileRef = 09D1CD4F242C3A9300B1A167 /* Potential.storyboard */; };
		2115C3E624360427009C0F5B /* DebuggerTableViewCell.swift in Sources */ = {isa = PBXBuildFile; fileRef = 2115C3E524360427009C0F5B /* DebuggerTableViewCell.swift */; };
		213C806C241A56430020EFA5 /* PermissionsViewController.swift in Sources */ = {isa = PBXBuildFile; fileRef = 213C806B241A56430020EFA5 /* PermissionsViewController.swift */; };
		214209B42420DBE100C7BFF3 /* PleaseSelfIsolateViewController.swift in Sources */ = {isa = PBXBuildFile; fileRef = 214209B32420DBE100C7BFF3 /* PleaseSelfIsolateViewController.swift */; };
		214209B62421072C00C7BFF3 /* StatusViewController.swift in Sources */ = {isa = PBXBuildFile; fileRef = 214209B52421072C00C7BFF3 /* StatusViewController.swift */; };
		214209BA242216B700C7BFF3 /* Persistence.swift in Sources */ = {isa = PBXBuildFile; fileRef = 214209B9242216B700C7BFF3 /* Persistence.swift */; };
		214209CA242227B300C7BFF3 /* PersistenceTests.swift in Sources */ = {isa = PBXBuildFile; fileRef = 214209C9242227B300C7BFF3 /* PersistenceTests.swift */; };
		214209CC2422755B00C7BFF3 /* PlistContactEventRecorder.swift in Sources */ = {isa = PBXBuildFile; fileRef = 214209CB2422755B00C7BFF3 /* PlistContactEventRecorder.swift */; };
		214209CE24237A6300C7BFF3 /* PlistContactEventRecorderTests.swift in Sources */ = {isa = PBXBuildFile; fileRef = 214209CD24237A6300C7BFF3 /* PlistContactEventRecorderTests.swift */; };
		214209D0242396DA00C7BFF3 /* Session.swift in Sources */ = {isa = PBXBuildFile; fileRef = 214209CF242396DA00C7BFF3 /* Session.swift */; };
		214209D2242399CF00C7BFF3 /* URLSession.swift in Sources */ = {isa = PBXBuildFile; fileRef = 214209D1242399CF00C7BFF3 /* URLSession.swift */; };
		214209D52423C83C00C7BFF3 /* PatchContactEventsRequest.swift in Sources */ = {isa = PBXBuildFile; fileRef = 214209D42423C83C00C7BFF3 /* PatchContactEventsRequest.swift */; };
		214209D72423C9B600C7BFF3 /* PatchContactEventsRequestTests.swift in Sources */ = {isa = PBXBuildFile; fileRef = 214209D62423C9B600C7BFF3 /* PatchContactEventsRequestTests.swift */; };
		214209D924262B7500C7BFF3 /* SessionHelpers.swift in Sources */ = {isa = PBXBuildFile; fileRef = 214209D824262B7500C7BFF3 /* SessionHelpers.swift */; };
		217A23BE243B34E8001B8236 /* UIDevice+ModelName.swift in Sources */ = {isa = PBXBuildFile; fileRef = 217A23BD243B34E8001B8236 /* UIDevice+ModelName.swift */; };
		21AF36AB241A8E50001A4910 /* BTLEListener.swift in Sources */ = {isa = PBXBuildFile; fileRef = 21AF36AA241A8E50001A4910 /* BTLEListener.swift */; };
		21B3D2E3242906AE00573061 /* SecureRequestTests.swift in Sources */ = {isa = PBXBuildFile; fileRef = 21B3D2E2242906AE00573061 /* SecureRequestTests.swift */; };
		21B3D2E52429112B00573061 /* SecureRequest.swift in Sources */ = {isa = PBXBuildFile; fileRef = 21B3D2E42429112B00573061 /* SecureRequest.swift */; };
		21B3D2E82429115600573061 /* CoreBluetooth.framework in Frameworks */ = {isa = PBXBuildFile; fileRef = 21B3D2E72429115600573061 /* CoreBluetooth.framework */; };
		21C09A8D24377F5100368203 /* CoreBluetoothExtensions.swift in Sources */ = {isa = PBXBuildFile; fileRef = 21C09A8C24377F5100368203 /* CoreBluetoothExtensions.swift */; };
		21C09A8F2437B99F00368203 /* BluetoothNursery.swift in Sources */ = {isa = PBXBuildFile; fileRef = 21C09A8E2437B99F00368203 /* BluetoothNursery.swift */; };
		21C417CA242CB0A200DEF3E2 /* ConfirmRegistrationRequestTests.swift in Sources */ = {isa = PBXBuildFile; fileRef = 21C417C9242CB0A200DEF3E2 /* ConfirmRegistrationRequestTests.swift */; };
		21C417CC242CB15D00DEF3E2 /* ConfirmRegistrationRequest.swift in Sources */ = {isa = PBXBuildFile; fileRef = 21C417CB242CB15D00DEF3E2 /* ConfirmRegistrationRequest.swift */; };
		21D93C302420C26900C1FA9B /* PrimaryButton.swift in Sources */ = {isa = PBXBuildFile; fileRef = 21D93C2F2420C26900C1FA9B /* PrimaryButton.swift */; };
		21F373FF2433844D00926FB8 /* ContactEventCollector.swift in Sources */ = {isa = PBXBuildFile; fileRef = 21F373FE2433844D00926FB8 /* ContactEventCollector.swift */; };
		21F37402243384D400926FB8 /* ContactEventCollectorTests.swift in Sources */ = {isa = PBXBuildFile; fileRef = 21F37401243384D400926FB8 /* ContactEventCollectorTests.swift */; };
		21F374042434C4BF00926FB8 /* LiveBTLEDebuggerTableViewController.swift in Sources */ = {isa = PBXBuildFile; fileRef = 21F374032434C4BF00926FB8 /* LiveBTLEDebuggerTableViewController.swift */; };
		6FC63C31241641B8007C8BF3 /* AppDelegate.swift in Sources */ = {isa = PBXBuildFile; fileRef = 6FC63C30241641B8007C8BF3 /* AppDelegate.swift */; };
		6FC63C38241641BA007C8BF3 /* Assets.xcassets in Resources */ = {isa = PBXBuildFile; fileRef = 6FC63C37241641BA007C8BF3 /* Assets.xcassets */; };
		6FC63C3B241641BA007C8BF3 /* LaunchScreen.storyboard in Resources */ = {isa = PBXBuildFile; fileRef = 6FC63C39241641BA007C8BF3 /* LaunchScreen.storyboard */; };
		89074B822437882100D67777 /* Screen.swift in Sources */ = {isa = PBXBuildFile; fileRef = 895D9E4A24374EC900573D4D /* Screen.swift */; };
		89074B83243788AE00D67777 /* UITestResponder.swift in Sources */ = {isa = PBXBuildFile; fileRef = 891E16A3243782D000281821 /* UITestResponder.swift */; };
		89074B8524378A0D00D67777 /* UITestPayload.swift in Sources */ = {isa = PBXBuildFile; fileRef = 89074B8424378A0D00D67777 /* UITestPayload.swift */; };
		89074B8724378A0D00D67777 /* UITestPayload.swift in Sources */ = {isa = PBXBuildFile; fileRef = 89074B8424378A0D00D67777 /* UITestPayload.swift */; };
		89074B8A24378B6E00D67777 /* ScreenTestCase.swift in Sources */ = {isa = PBXBuildFile; fileRef = 89074B8924378B6E00D67777 /* ScreenTestCase.swift */; };
		893C0B7B243DE346000A7DB6 /* OnboardingEnvironment.swift in Sources */ = {isa = PBXBuildFile; fileRef = 893C0B7A243DE346000A7DB6 /* OnboardingEnvironment.swift */; };
		895D9E462437458700573D4D /* AppIcon.xcassets in Resources */ = {isa = PBXBuildFile; fileRef = 895D9E452437458700573D4D /* AppIcon.xcassets */; };
		895D9E4B24374EC900573D4D /* Screen.swift in Sources */ = {isa = PBXBuildFile; fileRef = 895D9E4A24374EC900573D4D /* Screen.swift */; };
		895D9E4E24374EFA00573D4D /* AppRouter.swift in Sources */ = {isa = PBXBuildFile; fileRef = 895D9E4D24374EFA00573D4D /* AppRouter.swift */; };
		895D9E52243750EE00573D4D /* PotentialScreenTests.swift in Sources */ = {isa = PBXBuildFile; fileRef = 895D9E51243750EE00573D4D /* PotentialScreenTests.swift */; };
		89896E622435F37300F949EA /* ProjectTests.swift in Sources */ = {isa = PBXBuildFile; fileRef = 89896E612435F37300F949EA /* ProjectTests.swift */; };
		898FE854243B42E800210775 /* OnboardingTests.swift in Sources */ = {isa = PBXBuildFile; fileRef = 898FE853243B42E700210775 /* OnboardingTests.swift */; };
		898FE857243B4D7A00210775 /* XCUIElement.swift in Sources */ = {isa = PBXBuildFile; fileRef = 898FE856243B4D7A00210775 /* XCUIElement.swift */; };
		898FE859243B4FE300210775 /* AuthorizationManaging.swift in Sources */ = {isa = PBXBuildFile; fileRef = 898FE858243B4FE300210775 /* AuthorizationManaging.swift */; };
		898FE860243B5AF700210775 /* UITestScreenMaker.swift in Sources */ = {isa = PBXBuildFile; fileRef = 898FE85F243B5AF700210775 /* UITestScreenMaker.swift */; };
		89AEE89D243DF24900BF3861 /* Persisting.swift in Sources */ = {isa = PBXBuildFile; fileRef = 89AEE89C243DF24900BF3861 /* Persisting.swift */; };
		89BC79EB2434E047002050F8 /* LogsViewController.swift in Sources */ = {isa = PBXBuildFile; fileRef = 89BC79EA2434E047002050F8 /* LogsViewController.swift */; };
		89F06B2F2434A62C0074C612 /* LoggingManager.swift in Sources */ = {isa = PBXBuildFile; fileRef = 89F06B2E2434A62C0074C612 /* LoggingManager.swift */; };
		89F06B312434AABF0074C612 /* NoOpLogHandler.swift in Sources */ = {isa = PBXBuildFile; fileRef = 89F06B302434AABE0074C612 /* NoOpLogHandler.swift */; };
		89F06B332434AF130074C612 /* ForwardingLogHandler.swift in Sources */ = {isa = PBXBuildFile; fileRef = 89F06B322434AF130074C612 /* ForwardingLogHandler.swift */; };
		89F06B352434AF9D0074C612 /* LogEvent.swift in Sources */ = {isa = PBXBuildFile; fileRef = 89F06B342434AF9D0074C612 /* LogEvent.swift */; };
		89F06B372434C35A0074C612 /* LoggerMetadata.swift in Sources */ = {isa = PBXBuildFile; fileRef = 89F06B362434C35A0074C612 /* LoggerMetadata.swift */; };
		A1E7A0592420028B0078174D /* NHS Colors.xcassets in Resources */ = {isa = PBXBuildFile; fileRef = A1E7A0582420028B0078174D /* NHS Colors.xcassets */; };
		AE2A5E502423C473007A4771 /* ContactEventRecorder.swift in Sources */ = {isa = PBXBuildFile; fileRef = AE2A5E4F2423C473007A4771 /* ContactEventRecorder.swift */; };
		AE2DCAA0241920B600A940FC /* BTLEBroadcaster.swift in Sources */ = {isa = PBXBuildFile; fileRef = AE2DCA9F241920B600A940FC /* BTLEBroadcaster.swift */; };
		AEC6A7BC241BD81A00B0237A /* LogoStrapline.swift in Sources */ = {isa = PBXBuildFile; fileRef = AEC6A7BB241BD81A00B0237A /* LogoStrapline.swift */; };
		AEC6A7BE241BD82900B0237A /* LogoStrapline.xib in Resources */ = {isa = PBXBuildFile; fileRef = AEC6A7BD241BD82900B0237A /* LogoStrapline.xib */; };
		F600A60224297A8E0038DF57 /* RegistrationRequest.swift in Sources */ = {isa = PBXBuildFile; fileRef = F600A60124297A8E0038DF57 /* RegistrationRequest.swift */; };
		F600A60424297C010038DF57 /* RegistrationRequestTests.swift in Sources */ = {isa = PBXBuildFile; fileRef = F600A60324297C010038DF57 /* RegistrationRequestTests.swift */; };
		F613936E243FA82B003447E8 /* Appearance.swift in Sources */ = {isa = PBXBuildFile; fileRef = F613936D243FA82B003447E8 /* Appearance.swift */; };
		F632792124351C1900CF7A42 /* OnboardingViewControllerTests.swift in Sources */ = {isa = PBXBuildFile; fileRef = F632792024351C1900CF7A42 /* OnboardingViewControllerTests.swift */; };
		F632792324351C8400CF7A42 /* OnboardingCoordinatorDouble.swift in Sources */ = {isa = PBXBuildFile; fileRef = F632792224351C8400CF7A42 /* OnboardingCoordinatorDouble.swift */; };
		F63279252435203600CF7A42 /* DispatchQueue+Testable.swift in Sources */ = {isa = PBXBuildFile; fileRef = F63279242435203600CF7A42 /* DispatchQueue+Testable.swift */; };
		F63279272435219A00CF7A42 /* QueueDouble.swift in Sources */ = {isa = PBXBuildFile; fileRef = F63279262435219A00CF7A42 /* QueueDouble.swift */; };
		F632792A2435323200CF7A42 /* PermissionsViewControllerTests.swift in Sources */ = {isa = PBXBuildFile; fileRef = F63279292435323200CF7A42 /* PermissionsViewControllerTests.swift */; };
		F636453B243687DE0014FD54 /* PermissionsDeniedViewController.swift in Sources */ = {isa = PBXBuildFile; fileRef = F636453A243687DE0014FD54 /* PermissionsDeniedViewController.swift */; };
		F65AE53C2432B842006544D4 /* Potential.rtf in Resources */ = {isa = PBXBuildFile; fileRef = F65AE53E2432B842006544D4 /* Potential.rtf */; };
		F67A2291242AA35C002254B6 /* SecureRegistrationStorage.swift in Sources */ = {isa = PBXBuildFile; fileRef = F67A2290242AA35B002254B6 /* SecureRegistrationStorage.swift */; };
		F67A2293242AA370002254B6 /* SecureRegistrationStorageTests.swift in Sources */ = {isa = PBXBuildFile; fileRef = F67A2292242AA370002254B6 /* SecureRegistrationStorageTests.swift */; };
		F67C5154243E4D2F008E2945 /* AnswerButton.swift in Sources */ = {isa = PBXBuildFile; fileRef = F67C5153243E4D2F008E2945 /* AnswerButton.swift */; };
		F67C5159243E7C1E008E2945 /* SubmitSymptomsViewControllerTests.swift in Sources */ = {isa = PBXBuildFile; fileRef = F67C5158243E7C1E008E2945 /* SubmitSymptomsViewControllerTests.swift */; };
		F68B89EA243B9FDC00F369A9 /* CoLocate.xcconfig in Resources */ = {isa = PBXBuildFile; fileRef = F68B89E9243B9FDB00F369A9 /* CoLocate.xcconfig */; };
		F68B89ED243CFF2600F369A9 /* SelfDiagnosis.storyboard in Resources */ = {isa = PBXBuildFile; fileRef = F68B89EC243CFF2600F369A9 /* SelfDiagnosis.storyboard */; };
		F68B89EF243D01FA00F369A9 /* SelfDiagnosisNavigationController.swift in Sources */ = {isa = PBXBuildFile; fileRef = F68B89EE243D01FA00F369A9 /* SelfDiagnosisNavigationController.swift */; };
		F68B89F4243D050700F369A9 /* TemperatureViewController.swift in Sources */ = {isa = PBXBuildFile; fileRef = F68B89F3243D050700F369A9 /* TemperatureViewController.swift */; };
		F68BFBF7242ACD17008EE68F /* TestHelpers.swift in Sources */ = {isa = PBXBuildFile; fileRef = F68BFBF6242ACD17008EE68F /* TestHelpers.swift */; };
		F6AB2F1E243D324400386D6B /* CoughViewController.swift in Sources */ = {isa = PBXBuildFile; fileRef = F6AB2F1D243D324400386D6B /* CoughViewController.swift */; };
		F6AB2F20243D359F00386D6B /* SubmitSymptomsViewController.swift in Sources */ = {isa = PBXBuildFile; fileRef = F6AB2F1F243D359F00386D6B /* SubmitSymptomsViewController.swift */; };
		F6CA2819242E41F700F8DC55 /* README.md in Resources */ = {isa = PBXBuildFile; fileRef = F6CA2818242E41F700F8DC55 /* README.md */; };
		F6CC2CA9242BC7FC0079432B /* RemoteNotificationManager.swift in Sources */ = {isa = PBXBuildFile; fileRef = F6CC2CA8242BC7FC0079432B /* RemoteNotificationManager.swift */; };
		F6CC2CAC242BCD0D0079432B /* RemoteNotificationManagerTests.swift in Sources */ = {isa = PBXBuildFile; fileRef = F6CC2CAB242BCD0D0079432B /* RemoteNotificationManagerTests.swift */; };
		F6F05A242433BEC000FF4B72 /* OnboardingCoordinatorTests.swift in Sources */ = {isa = PBXBuildFile; fileRef = F6F05A232433BEC000FF4B72 /* OnboardingCoordinatorTests.swift */; };
		F6F05A262433C09200FF4B72 /* OnboardingCoordinator.swift in Sources */ = {isa = PBXBuildFile; fileRef = F6F05A252433C09200FF4B72 /* OnboardingCoordinator.swift */; };
		F6F05A282433C55300FF4B72 /* AuthorizationManager.swift in Sources */ = {isa = PBXBuildFile; fileRef = F6F05A272433C55300FF4B72 /* AuthorizationManager.swift */; };
		F6F05A2A2433C6CC00FF4B72 /* AuthManagerDouble.swift in Sources */ = {isa = PBXBuildFile; fileRef = F6F05A292433C6CC00FF4B72 /* AuthManagerDouble.swift */; };
		F6F05A3024340E5400FF4B72 /* OnboardingViewController.swift in Sources */ = {isa = PBXBuildFile; fileRef = F6F05A2F24340E5400FF4B72 /* OnboardingViewController.swift */; };
		F6F05A322434310200FF4B72 /* Onboarding.storyboard in Resources */ = {isa = PBXBuildFile; fileRef = F6F05A312434310200FF4B72 /* Onboarding.storyboard */; };
		F6F05A342434344200FF4B72 /* StartNowViewController.swift in Sources */ = {isa = PBXBuildFile; fileRef = F6F05A332434344200FF4B72 /* StartNowViewController.swift */; };
		F6F05A36243436D200FF4B72 /* PrivacyViewController.swift in Sources */ = {isa = PBXBuildFile; fileRef = F6F05A35243436D200FF4B72 /* PrivacyViewController.swift */; };
		F72EBD4F24361E99009F9328 /* URLSessionTests.swift in Sources */ = {isa = PBXBuildFile; fileRef = F72EBD4E24361E99009F9328 /* URLSessionTests.swift */; };
		F72EBD97243C8490009F9328 /* BluetoothStateObserver.swift in Sources */ = {isa = PBXBuildFile; fileRef = F72EBD96243C8490009F9328 /* BluetoothStateObserver.swift */; };
		F72EBD9B243C8750009F9328 /* BluetoothStateObserverTests.swift in Sources */ = {isa = PBXBuildFile; fileRef = F72EBD9A243C8750009F9328 /* BluetoothStateObserverTests.swift */; };
		F72EBD9E243C90E6009F9328 /* HumbleLocalNotificationScheduler.swift in Sources */ = {isa = PBXBuildFile; fileRef = F72EBD9D243C90E6009F9328 /* HumbleLocalNotificationScheduler.swift */; };
		F72EBDA2243D0892009F9328 /* SecureBroadcastRotationKeyStorage.swift in Sources */ = {isa = PBXBuildFile; fileRef = F72EBDA1243D0892009F9328 /* SecureBroadcastRotationKeyStorage.swift */; };
		F72EBDA5243D094A009F9328 /* SecureBroadcastRotationKeyStorageTests.swift in Sources */ = {isa = PBXBuildFile; fileRef = F72EBDA4243D094A009F9328 /* SecureBroadcastRotationKeyStorageTests.swift */; };
		F72EBDA7243D2FD1009F9328 /* BroadcastIdEncrypter.swift in Sources */ = {isa = PBXBuildFile; fileRef = F72EBDA6243D2FD1009F9328 /* BroadcastIdEncrypter.swift */; };
		F72EBDA9243D2FE6009F9328 /* BroadcastIdEncrypterTests.swift in Sources */ = {isa = PBXBuildFile; fileRef = F72EBDA8243D2FE6009F9328 /* BroadcastIdEncrypterTests.swift */; };
		F758553A24294C8D00CBE1ED /* RequestFactory.swift in Sources */ = {isa = PBXBuildFile; fileRef = F758553924294C8C00CBE1ED /* RequestFactory.swift */; };
		F758B8BE242CB856003AE16D /* Localizable.strings in Resources */ = {isa = PBXBuildFile; fileRef = F758B8BD242CB856003AE16D /* Localizable.strings */; };
		F758B8C0242CB98C003AE16D /* UIViewController+Storyboarded.swift in Sources */ = {isa = PBXBuildFile; fileRef = F758B8BF242CB98C003AE16D /* UIViewController+Storyboarded.swift */; };
		F758B8C2242CBAF5003AE16D /* AppCoordinator.swift in Sources */ = {isa = PBXBuildFile; fileRef = F758B8C1242CBAF5003AE16D /* AppCoordinator.swift */; };
		F758B8C4242CC0EE003AE16D /* Status.storyboard in Resources */ = {isa = PBXBuildFile; fileRef = F758B8C3242CC0EE003AE16D /* Status.storyboard */; };
		F758B8C9242CC183003AE16D /* PleaseSelfIsolate.storyboard in Resources */ = {isa = PBXBuildFile; fileRef = F758B8C8242CC183003AE16D /* PleaseSelfIsolate.storyboard */; };
		F770A4572430F76B002FDED1 /* AppCoordinatorDouble.swift in Sources */ = {isa = PBXBuildFile; fileRef = F770A4562430F76B002FDED1 /* AppCoordinatorDouble.swift */; };
		F78CEB47242B7752002254AD /* String+localized.swift in Sources */ = {isa = PBXBuildFile; fileRef = F78CEB46242B7752002254AD /* String+localized.swift */; };
		F78CEB5A242B7EC0002254AD /* FirebaseMessaging.framework in Frameworks */ = {isa = PBXBuildFile; fileRef = F78CEB55242B7EBF002254AD /* FirebaseMessaging.framework */; };
		F78CEB5B242B7EC0002254AD /* FirebaseCoreDiagnostics.framework in Frameworks */ = {isa = PBXBuildFile; fileRef = F78CEB56242B7EBF002254AD /* FirebaseCoreDiagnostics.framework */; };
		F78CEB5C242B7EC0002254AD /* FirebaseCore.framework in Frameworks */ = {isa = PBXBuildFile; fileRef = F78CEB57242B7EBF002254AD /* FirebaseCore.framework */; };
		F78CEB5D242B7EC0002254AD /* PromisesObjC.framework in Frameworks */ = {isa = PBXBuildFile; fileRef = F78CEB58242B7EC0002254AD /* PromisesObjC.framework */; };
		F78CEB5E242B7EC0002254AD /* Protobuf.framework in Frameworks */ = {isa = PBXBuildFile; fileRef = F78CEB59242B7EC0002254AD /* Protobuf.framework */; };
		F78CEB68242B8C2C002254AD /* GoogleService-Info.plist in Resources */ = {isa = PBXBuildFile; fileRef = F78CEB67242B8C2B002254AD /* GoogleService-Info.plist */; };
		F78CEB6A242B8D3F002254AD /* FirebaseInstanceID.framework in Frameworks */ = {isa = PBXBuildFile; fileRef = F78CEB69242B8D3E002254AD /* FirebaseInstanceID.framework */; };
		F78CEB6C242B8D84002254AD /* FirebaseInstallations.framework in Frameworks */ = {isa = PBXBuildFile; fileRef = F78CEB6B242B8D84002254AD /* FirebaseInstallations.framework */; };
		F78CEB6F242B92CF002254AD /* GoogleUtilities.framework in Frameworks */ = {isa = PBXBuildFile; fileRef = F78CEB6E242B92CF002254AD /* GoogleUtilities.framework */; };
		F78CEB71242B9305002254AD /* GoogleDataTransport.framework in Frameworks */ = {isa = PBXBuildFile; fileRef = F78CEB70242B9305002254AD /* GoogleDataTransport.framework */; };
		F78CEB73242B937F002254AD /* nanopb.framework in Frameworks */ = {isa = PBXBuildFile; fileRef = F78CEB72242B937F002254AD /* nanopb.framework */; };
		F78CEBED242D0836002254AD /* SecureRequestFactory.swift in Sources */ = {isa = PBXBuildFile; fileRef = F78CEBEC242D0836002254AD /* SecureRequestFactory.swift */; };
		F7D62F2724406FC8004C32A2 /* Logging in Frameworks */ = {isa = PBXBuildFile; productRef = 89F06B2B2434A2C00074C612 /* Logging */; };
		F7D62F292440D4CB004C32A2 /* ConcreteBroadcastIdGeneratorTests.swift in Sources */ = {isa = PBXBuildFile; fileRef = F7D62F282440D4CB004C32A2 /* ConcreteBroadcastIdGeneratorTests.swift */; };
		F7D62F2B2440D64D004C32A2 /* ConcreteBroadcastIdGenerator.swift in Sources */ = {isa = PBXBuildFile; fileRef = F7D62F2A2440D64C004C32A2 /* ConcreteBroadcastIdGenerator.swift */; };
/* End PBXBuildFile section */

/* Begin PBXContainerItemProxy section */
		214209C42422276800C7BFF3 /* PBXContainerItemProxy */ = {
			isa = PBXContainerItemProxy;
			containerPortal = 6FC63C25241641B8007C8BF3 /* Project object */;
			proxyType = 1;
			remoteGlobalIDString = 6FC63C2C241641B8007C8BF3;
			remoteInfo = CoLocate;
		};
		895D9DE32437383300573D4D /* PBXContainerItemProxy */ = {
			isa = PBXContainerItemProxy;
			containerPortal = 6FC63C25241641B8007C8BF3 /* Project object */;
			proxyType = 1;
			remoteGlobalIDString = 6FC63C2C241641B8007C8BF3;
			remoteInfo = CoLocate;
		};
/* End PBXContainerItemProxy section */

/* Begin PBXFileReference section */
		090B186E24354D0100870B5D /* RemoteNotificationDispatcher.swift */ = {isa = PBXFileReference; lastKnownFileType = sourcecode.swift; path = RemoteNotificationDispatcher.swift; sourceTree = "<group>"; };
		090B1870243552C300870B5D /* UserNotificationCenterDouble.swift */ = {isa = PBXFileReference; lastKnownFileType = sourcecode.swift; path = UserNotificationCenterDouble.swift; sourceTree = "<group>"; };
		095A91172434FF1500ED6369 /* ApplicationDouble.swift */ = {isa = PBXFileReference; lastKnownFileType = sourcecode.swift; path = ApplicationDouble.swift; sourceTree = "<group>"; };
		0983ACCC243E566800DBB336 /* ErrorForTest.swift */ = {isa = PBXFileReference; lastKnownFileType = sourcecode.swift; path = ErrorForTest.swift; sourceTree = "<group>"; };
		0983ACCE243E6D3800DBB336 /* NotificationObserverDouble.swift */ = {isa = PBXFileReference; lastKnownFileType = sourcecode.swift; path = NotificationObserverDouble.swift; sourceTree = "<group>"; };
		0983ACD2243EB22200DBB336 /* StatusViewControllerTests.swift */ = {isa = PBXFileReference; lastKnownFileType = sourcecode.swift; path = StatusViewControllerTests.swift; sourceTree = "<group>"; };
		098ED477242D7D050029B729 /* RegistratonService.swift */ = {isa = PBXFileReference; lastKnownFileType = sourcecode.swift; path = RegistratonService.swift; sourceTree = "<group>"; };
		098ED47A242D7E460029B729 /* RegistrationServiceTests.swift */ = {isa = PBXFileReference; lastKnownFileType = sourcecode.swift; path = RegistrationServiceTests.swift; sourceTree = "<group>"; };
		098ED480242E745F0029B729 /* Debug.storyboard */ = {isa = PBXFileReference; lastKnownFileType = file.storyboard; path = Debug.storyboard; sourceTree = "<group>"; };
		098ED482242E746E0029B729 /* DebugViewController.swift */ = {isa = PBXFileReference; lastKnownFileType = sourcecode.swift; path = DebugViewController.swift; sourceTree = "<group>"; };
		098ED484242E88D80029B729 /* AppCoordinatorTests.swift */ = {isa = PBXFileReference; lastKnownFileType = sourcecode.swift; path = AppCoordinatorTests.swift; sourceTree = "<group>"; };
		098ED487242E89930029B729 /* PushNotificationManagerDouble.swift */ = {isa = PBXFileReference; lastKnownFileType = sourcecode.swift; path = PushNotificationManagerDouble.swift; sourceTree = "<group>"; };
		098ED489242E89D80029B729 /* RegistrationServiceDouble.swift */ = {isa = PBXFileReference; lastKnownFileType = sourcecode.swift; path = RegistrationServiceDouble.swift; sourceTree = "<group>"; };
		098ED48B242E8B290029B729 /* PersistenceDouble.swift */ = {isa = PBXFileReference; lastKnownFileType = sourcecode.swift; path = PersistenceDouble.swift; sourceTree = "<group>"; };
		0995ABAC243CE3D10057C0D7 /* ReleaseBeta.xcconfig */ = {isa = PBXFileReference; lastKnownFileType = text.xcconfig; path = ReleaseBeta.xcconfig; sourceTree = "<group>"; };
		0997D055243BDEEC0067346C /* RootViewController.swift */ = {isa = PBXFileReference; lastKnownFileType = sourcecode.swift; path = RootViewController.swift; sourceTree = "<group>"; };
		09B27BD7243BA3F200DAEA02 /* DispatchQueue+AsyncAfterable.swift */ = {isa = PBXFileReference; lastKnownFileType = sourcecode.swift; path = "DispatchQueue+AsyncAfterable.swift"; sourceTree = "<group>"; };
		09B27BDA243BA5C800DAEA02 /* AsyncAfterableDouble.swift */ = {isa = PBXFileReference; lastKnownFileType = sourcecode.swift; path = AsyncAfterableDouble.swift; sourceTree = "<group>"; };
		09CAA3652440F3B100CE93A6 /* PostcodeViewController.swift */ = {isa = PBXFileReference; lastKnownFileType = sourcecode.swift; path = PostcodeViewController.swift; sourceTree = "<group>"; };
		09CAA3692440FC4500CE93A6 /* PostcodeViewControllerTests.swift */ = {isa = PBXFileReference; lastKnownFileType = sourcecode.swift; path = PostcodeViewControllerTests.swift; sourceTree = "<group>"; };
		09CAA36B24413E0700CE93A6 /* ViewControllerContainerDouble.swift */ = {isa = PBXFileReference; lastKnownFileType = sourcecode.swift; path = ViewControllerContainerDouble.swift; sourceTree = "<group>"; };
		09D1CD49242C284000B1A167 /* PotentialViewController.swift */ = {isa = PBXFileReference; lastKnownFileType = sourcecode.swift; path = PotentialViewController.swift; sourceTree = "<group>"; };
		09D1CD4F242C3A9300B1A167 /* Potential.storyboard */ = {isa = PBXFileReference; lastKnownFileType = file.storyboard; path = Potential.storyboard; sourceTree = "<group>"; };
		2115C3E524360427009C0F5B /* DebuggerTableViewCell.swift */ = {isa = PBXFileReference; lastKnownFileType = sourcecode.swift; path = DebuggerTableViewCell.swift; sourceTree = "<group>"; };
		213C806B241A56430020EFA5 /* PermissionsViewController.swift */ = {isa = PBXFileReference; lastKnownFileType = sourcecode.swift; path = PermissionsViewController.swift; sourceTree = "<group>"; };
		214209B32420DBE100C7BFF3 /* PleaseSelfIsolateViewController.swift */ = {isa = PBXFileReference; lastKnownFileType = sourcecode.swift; path = PleaseSelfIsolateViewController.swift; sourceTree = "<group>"; };
		214209B52421072C00C7BFF3 /* StatusViewController.swift */ = {isa = PBXFileReference; lastKnownFileType = sourcecode.swift; path = StatusViewController.swift; sourceTree = "<group>"; };
		214209B9242216B700C7BFF3 /* Persistence.swift */ = {isa = PBXFileReference; lastKnownFileType = sourcecode.swift; path = Persistence.swift; sourceTree = "<group>"; };
		214209BF2422276800C7BFF3 /* CoLocateTests.xctest */ = {isa = PBXFileReference; explicitFileType = wrapper.cfbundle; includeInIndex = 0; path = CoLocateTests.xctest; sourceTree = BUILT_PRODUCTS_DIR; };
		214209C32422276800C7BFF3 /* Info.plist */ = {isa = PBXFileReference; lastKnownFileType = text.plist.xml; path = Info.plist; sourceTree = "<group>"; };
		214209C9242227B300C7BFF3 /* PersistenceTests.swift */ = {isa = PBXFileReference; lastKnownFileType = sourcecode.swift; path = PersistenceTests.swift; sourceTree = "<group>"; };
		214209CB2422755B00C7BFF3 /* PlistContactEventRecorder.swift */ = {isa = PBXFileReference; lastKnownFileType = sourcecode.swift; path = PlistContactEventRecorder.swift; sourceTree = "<group>"; };
		214209CD24237A6300C7BFF3 /* PlistContactEventRecorderTests.swift */ = {isa = PBXFileReference; lastKnownFileType = sourcecode.swift; path = PlistContactEventRecorderTests.swift; sourceTree = "<group>"; };
		214209CF242396DA00C7BFF3 /* Session.swift */ = {isa = PBXFileReference; lastKnownFileType = sourcecode.swift; path = Session.swift; sourceTree = "<group>"; };
		214209D1242399CF00C7BFF3 /* URLSession.swift */ = {isa = PBXFileReference; lastKnownFileType = sourcecode.swift; path = URLSession.swift; sourceTree = "<group>"; };
		214209D42423C83C00C7BFF3 /* PatchContactEventsRequest.swift */ = {isa = PBXFileReference; lastKnownFileType = sourcecode.swift; path = PatchContactEventsRequest.swift; sourceTree = "<group>"; };
		214209D62423C9B600C7BFF3 /* PatchContactEventsRequestTests.swift */ = {isa = PBXFileReference; lastKnownFileType = sourcecode.swift; path = PatchContactEventsRequestTests.swift; sourceTree = "<group>"; };
		214209D824262B7500C7BFF3 /* SessionHelpers.swift */ = {isa = PBXFileReference; lastKnownFileType = sourcecode.swift; path = SessionHelpers.swift; sourceTree = "<group>"; };
		217A23BD243B34E8001B8236 /* UIDevice+ModelName.swift */ = {isa = PBXFileReference; lastKnownFileType = sourcecode.swift; path = "UIDevice+ModelName.swift"; sourceTree = "<group>"; };
		21AF36AA241A8E50001A4910 /* BTLEListener.swift */ = {isa = PBXFileReference; lastKnownFileType = sourcecode.swift; path = BTLEListener.swift; sourceTree = "<group>"; };
		21B3D2E2242906AE00573061 /* SecureRequestTests.swift */ = {isa = PBXFileReference; lastKnownFileType = sourcecode.swift; path = SecureRequestTests.swift; sourceTree = "<group>"; };
		21B3D2E42429112B00573061 /* SecureRequest.swift */ = {isa = PBXFileReference; lastKnownFileType = sourcecode.swift; path = SecureRequest.swift; sourceTree = "<group>"; };
		21B3D2E72429115600573061 /* CoreBluetooth.framework */ = {isa = PBXFileReference; lastKnownFileType = wrapper.framework; name = CoreBluetooth.framework; path = System/Library/Frameworks/CoreBluetooth.framework; sourceTree = SDKROOT; };
		21C09A8C24377F5100368203 /* CoreBluetoothExtensions.swift */ = {isa = PBXFileReference; lastKnownFileType = sourcecode.swift; path = CoreBluetoothExtensions.swift; sourceTree = "<group>"; };
		21C09A8E2437B99F00368203 /* BluetoothNursery.swift */ = {isa = PBXFileReference; lastKnownFileType = sourcecode.swift; path = BluetoothNursery.swift; sourceTree = "<group>"; };
		21C417C9242CB0A200DEF3E2 /* ConfirmRegistrationRequestTests.swift */ = {isa = PBXFileReference; lastKnownFileType = sourcecode.swift; path = ConfirmRegistrationRequestTests.swift; sourceTree = "<group>"; };
		21C417CB242CB15D00DEF3E2 /* ConfirmRegistrationRequest.swift */ = {isa = PBXFileReference; lastKnownFileType = sourcecode.swift; path = ConfirmRegistrationRequest.swift; sourceTree = "<group>"; };
		21D93C2F2420C26900C1FA9B /* PrimaryButton.swift */ = {isa = PBXFileReference; lastKnownFileType = sourcecode.swift; path = PrimaryButton.swift; sourceTree = "<group>"; };
		21F373FE2433844D00926FB8 /* ContactEventCollector.swift */ = {isa = PBXFileReference; fileEncoding = 4; lastKnownFileType = sourcecode.swift; path = ContactEventCollector.swift; sourceTree = "<group>"; };
		21F37401243384D400926FB8 /* ContactEventCollectorTests.swift */ = {isa = PBXFileReference; fileEncoding = 4; lastKnownFileType = sourcecode.swift; path = ContactEventCollectorTests.swift; sourceTree = "<group>"; };
		21F374032434C4BF00926FB8 /* LiveBTLEDebuggerTableViewController.swift */ = {isa = PBXFileReference; lastKnownFileType = sourcecode.swift; path = LiveBTLEDebuggerTableViewController.swift; sourceTree = "<group>"; };
		6FC63C2D241641B8007C8BF3 /* CoLocate.app */ = {isa = PBXFileReference; explicitFileType = wrapper.application; includeInIndex = 0; path = CoLocate.app; sourceTree = BUILT_PRODUCTS_DIR; };
		6FC63C30241641B8007C8BF3 /* AppDelegate.swift */ = {isa = PBXFileReference; lastKnownFileType = sourcecode.swift; path = AppDelegate.swift; sourceTree = "<group>"; };
		6FC63C37241641BA007C8BF3 /* Assets.xcassets */ = {isa = PBXFileReference; lastKnownFileType = folder.assetcatalog; path = Assets.xcassets; sourceTree = "<group>"; };
		6FC63C3A241641BA007C8BF3 /* Base */ = {isa = PBXFileReference; lastKnownFileType = file.storyboard; name = Base; path = Base.lproj/LaunchScreen.storyboard; sourceTree = "<group>"; };
		6FC63C3C241641BA007C8BF3 /* Info.plist */ = {isa = PBXFileReference; lastKnownFileType = text.plist.xml; path = Info.plist; sourceTree = "<group>"; };
		89074B8424378A0D00D67777 /* UITestPayload.swift */ = {isa = PBXFileReference; lastKnownFileType = sourcecode.swift; path = UITestPayload.swift; sourceTree = "<group>"; };
		89074B8924378B6E00D67777 /* ScreenTestCase.swift */ = {isa = PBXFileReference; lastKnownFileType = sourcecode.swift; path = ScreenTestCase.swift; sourceTree = "<group>"; };
		891E16A3243782D000281821 /* UITestResponder.swift */ = {isa = PBXFileReference; lastKnownFileType = sourcecode.swift; path = UITestResponder.swift; sourceTree = "<group>"; };
		89388B8C2435E370009D60CF /* Debug.xcconfig */ = {isa = PBXFileReference; lastKnownFileType = text.xcconfig; path = Debug.xcconfig; sourceTree = "<group>"; };
		89388B8E2435E673009D60CF /* Release.xcconfig */ = {isa = PBXFileReference; lastKnownFileType = text.xcconfig; path = Release.xcconfig; sourceTree = "<group>"; };
		893C0B7A243DE346000A7DB6 /* OnboardingEnvironment.swift */ = {isa = PBXFileReference; fileEncoding = 4; lastKnownFileType = sourcecode.swift; path = OnboardingEnvironment.swift; sourceTree = "<group>"; };
		895D9DDE2437383300573D4D /* CoLocateUITests.xctest */ = {isa = PBXFileReference; explicitFileType = wrapper.cfbundle; includeInIndex = 0; path = CoLocateUITests.xctest; sourceTree = BUILT_PRODUCTS_DIR; };
		895D9DE22437383300573D4D /* Info.plist */ = {isa = PBXFileReference; lastKnownFileType = text.plist.xml; path = Info.plist; sourceTree = "<group>"; };
		895D9DE82437384C00573D4D /* CoLocateUITests.xcconfig */ = {isa = PBXFileReference; lastKnownFileType = text.xcconfig; path = CoLocateUITests.xcconfig; sourceTree = "<group>"; };
		895D9E452437458700573D4D /* AppIcon.xcassets */ = {isa = PBXFileReference; lastKnownFileType = folder.assetcatalog; path = AppIcon.xcassets; sourceTree = "<group>"; };
		895D9E4A24374EC900573D4D /* Screen.swift */ = {isa = PBXFileReference; lastKnownFileType = sourcecode.swift; path = Screen.swift; sourceTree = "<group>"; };
		895D9E4D24374EFA00573D4D /* AppRouter.swift */ = {isa = PBXFileReference; lastKnownFileType = sourcecode.swift; path = AppRouter.swift; sourceTree = "<group>"; };
		895D9E51243750EE00573D4D /* PotentialScreenTests.swift */ = {isa = PBXFileReference; lastKnownFileType = sourcecode.swift; path = PotentialScreenTests.swift; sourceTree = "<group>"; };
		89896E5E2435EB6500F949EA /* CoLocateTests.xcconfig */ = {isa = PBXFileReference; lastKnownFileType = text.xcconfig; path = CoLocateTests.xcconfig; sourceTree = "<group>"; };
		89896E5F2435F15C00F949EA /* Base.xcconfig */ = {isa = PBXFileReference; lastKnownFileType = text.xcconfig; path = Base.xcconfig; sourceTree = "<group>"; };
		89896E612435F37300F949EA /* ProjectTests.swift */ = {isa = PBXFileReference; fileEncoding = 4; lastKnownFileType = sourcecode.swift; path = ProjectTests.swift; sourceTree = "<group>"; };
		898BA15B2435E28E00EBD35D /* Project.xcconfig */ = {isa = PBXFileReference; lastKnownFileType = text.xcconfig; path = Project.xcconfig; sourceTree = "<group>"; };
		898FE853243B42E700210775 /* OnboardingTests.swift */ = {isa = PBXFileReference; lastKnownFileType = sourcecode.swift; path = OnboardingTests.swift; sourceTree = "<group>"; };
		898FE856243B4D7A00210775 /* XCUIElement.swift */ = {isa = PBXFileReference; fileEncoding = 4; lastKnownFileType = sourcecode.swift; path = XCUIElement.swift; sourceTree = "<group>"; };
		898FE858243B4FE300210775 /* AuthorizationManaging.swift */ = {isa = PBXFileReference; lastKnownFileType = sourcecode.swift; path = AuthorizationManaging.swift; sourceTree = "<group>"; };
		898FE85F243B5AF700210775 /* UITestScreenMaker.swift */ = {isa = PBXFileReference; lastKnownFileType = sourcecode.swift; path = UITestScreenMaker.swift; sourceTree = "<group>"; };
		89AEE89C243DF24900BF3861 /* Persisting.swift */ = {isa = PBXFileReference; lastKnownFileType = sourcecode.swift; path = Persisting.swift; sourceTree = "<group>"; };
		89BC79EA2434E047002050F8 /* LogsViewController.swift */ = {isa = PBXFileReference; lastKnownFileType = sourcecode.swift; path = LogsViewController.swift; sourceTree = "<group>"; };
		89F06B2E2434A62C0074C612 /* LoggingManager.swift */ = {isa = PBXFileReference; lastKnownFileType = sourcecode.swift; path = LoggingManager.swift; sourceTree = "<group>"; };
		89F06B302434AABE0074C612 /* NoOpLogHandler.swift */ = {isa = PBXFileReference; lastKnownFileType = sourcecode.swift; path = NoOpLogHandler.swift; sourceTree = "<group>"; };
		89F06B322434AF130074C612 /* ForwardingLogHandler.swift */ = {isa = PBXFileReference; lastKnownFileType = sourcecode.swift; path = ForwardingLogHandler.swift; sourceTree = "<group>"; };
		89F06B342434AF9D0074C612 /* LogEvent.swift */ = {isa = PBXFileReference; fileEncoding = 4; lastKnownFileType = sourcecode.swift; path = LogEvent.swift; sourceTree = "<group>"; };
		89F06B362434C35A0074C612 /* LoggerMetadata.swift */ = {isa = PBXFileReference; lastKnownFileType = sourcecode.swift; path = LoggerMetadata.swift; sourceTree = "<group>"; };
		A1E7A0582420028B0078174D /* NHS Colors.xcassets */ = {isa = PBXFileReference; lastKnownFileType = folder.assetcatalog; path = "NHS Colors.xcassets"; sourceTree = "<group>"; };
		AE2A5E4F2423C473007A4771 /* ContactEventRecorder.swift */ = {isa = PBXFileReference; lastKnownFileType = sourcecode.swift; path = ContactEventRecorder.swift; sourceTree = "<group>"; };
		AE2DCA9F241920B600A940FC /* BTLEBroadcaster.swift */ = {isa = PBXFileReference; lastKnownFileType = sourcecode.swift; path = BTLEBroadcaster.swift; sourceTree = "<group>"; };
		AEC6A7BB241BD81A00B0237A /* LogoStrapline.swift */ = {isa = PBXFileReference; lastKnownFileType = sourcecode.swift; path = LogoStrapline.swift; sourceTree = "<group>"; };
		AEC6A7BD241BD82900B0237A /* LogoStrapline.xib */ = {isa = PBXFileReference; lastKnownFileType = file.xib; path = LogoStrapline.xib; sourceTree = "<group>"; };
		F600A60124297A8E0038DF57 /* RegistrationRequest.swift */ = {isa = PBXFileReference; lastKnownFileType = sourcecode.swift; path = RegistrationRequest.swift; sourceTree = "<group>"; };
		F600A60324297C010038DF57 /* RegistrationRequestTests.swift */ = {isa = PBXFileReference; lastKnownFileType = sourcecode.swift; path = RegistrationRequestTests.swift; sourceTree = "<group>"; };
		F613936D243FA82B003447E8 /* Appearance.swift */ = {isa = PBXFileReference; lastKnownFileType = sourcecode.swift; path = Appearance.swift; sourceTree = "<group>"; };
		F632792024351C1900CF7A42 /* OnboardingViewControllerTests.swift */ = {isa = PBXFileReference; lastKnownFileType = sourcecode.swift; path = OnboardingViewControllerTests.swift; sourceTree = "<group>"; };
		F632792224351C8400CF7A42 /* OnboardingCoordinatorDouble.swift */ = {isa = PBXFileReference; lastKnownFileType = sourcecode.swift; path = OnboardingCoordinatorDouble.swift; sourceTree = "<group>"; };
		F63279242435203600CF7A42 /* DispatchQueue+Testable.swift */ = {isa = PBXFileReference; lastKnownFileType = sourcecode.swift; path = "DispatchQueue+Testable.swift"; sourceTree = "<group>"; };
		F63279262435219A00CF7A42 /* QueueDouble.swift */ = {isa = PBXFileReference; lastKnownFileType = sourcecode.swift; path = QueueDouble.swift; sourceTree = "<group>"; };
		F63279292435323200CF7A42 /* PermissionsViewControllerTests.swift */ = {isa = PBXFileReference; lastKnownFileType = sourcecode.swift; path = PermissionsViewControllerTests.swift; sourceTree = "<group>"; };
		F636453A243687DE0014FD54 /* PermissionsDeniedViewController.swift */ = {isa = PBXFileReference; lastKnownFileType = sourcecode.swift; path = PermissionsDeniedViewController.swift; sourceTree = "<group>"; };
		F65AE53D2432B842006544D4 /* Base */ = {isa = PBXFileReference; lastKnownFileType = text.rtf; name = Base; path = Base.lproj/Potential.rtf; sourceTree = "<group>"; };
		F67A2290242AA35B002254B6 /* SecureRegistrationStorage.swift */ = {isa = PBXFileReference; lastKnownFileType = sourcecode.swift; path = SecureRegistrationStorage.swift; sourceTree = "<group>"; };
		F67A2292242AA370002254B6 /* SecureRegistrationStorageTests.swift */ = {isa = PBXFileReference; lastKnownFileType = sourcecode.swift; path = SecureRegistrationStorageTests.swift; sourceTree = "<group>"; };
		F67C5153243E4D2F008E2945 /* AnswerButton.swift */ = {isa = PBXFileReference; lastKnownFileType = sourcecode.swift; path = AnswerButton.swift; sourceTree = "<group>"; };
		F67C5158243E7C1E008E2945 /* SubmitSymptomsViewControllerTests.swift */ = {isa = PBXFileReference; lastKnownFileType = sourcecode.swift; path = SubmitSymptomsViewControllerTests.swift; sourceTree = "<group>"; };
		F68B89E9243B9FDB00F369A9 /* CoLocate.xcconfig */ = {isa = PBXFileReference; fileEncoding = 4; lastKnownFileType = text.xcconfig; path = CoLocate.xcconfig; sourceTree = "<group>"; };
		F68B89EC243CFF2600F369A9 /* SelfDiagnosis.storyboard */ = {isa = PBXFileReference; lastKnownFileType = file.storyboard; path = SelfDiagnosis.storyboard; sourceTree = "<group>"; };
		F68B89EE243D01FA00F369A9 /* SelfDiagnosisNavigationController.swift */ = {isa = PBXFileReference; lastKnownFileType = sourcecode.swift; path = SelfDiagnosisNavigationController.swift; sourceTree = "<group>"; };
		F68B89F3243D050700F369A9 /* TemperatureViewController.swift */ = {isa = PBXFileReference; lastKnownFileType = sourcecode.swift; path = TemperatureViewController.swift; sourceTree = "<group>"; };
		F68BFBF6242ACD17008EE68F /* TestHelpers.swift */ = {isa = PBXFileReference; lastKnownFileType = sourcecode.swift; path = TestHelpers.swift; sourceTree = "<group>"; };
		F6AB2F1D243D324400386D6B /* CoughViewController.swift */ = {isa = PBXFileReference; lastKnownFileType = sourcecode.swift; path = CoughViewController.swift; sourceTree = "<group>"; };
		F6AB2F1F243D359F00386D6B /* SubmitSymptomsViewController.swift */ = {isa = PBXFileReference; lastKnownFileType = sourcecode.swift; path = SubmitSymptomsViewController.swift; sourceTree = "<group>"; };
		F6CA2818242E41F700F8DC55 /* README.md */ = {isa = PBXFileReference; fileEncoding = 4; lastKnownFileType = net.daringfireball.markdown; path = README.md; sourceTree = "<group>"; };
		F6CC2CA8242BC7FC0079432B /* RemoteNotificationManager.swift */ = {isa = PBXFileReference; lastKnownFileType = sourcecode.swift; path = RemoteNotificationManager.swift; sourceTree = "<group>"; };
		F6CC2CAB242BCD0D0079432B /* RemoteNotificationManagerTests.swift */ = {isa = PBXFileReference; lastKnownFileType = sourcecode.swift; path = RemoteNotificationManagerTests.swift; sourceTree = "<group>"; };
		F6F05A232433BEC000FF4B72 /* OnboardingCoordinatorTests.swift */ = {isa = PBXFileReference; lastKnownFileType = sourcecode.swift; path = OnboardingCoordinatorTests.swift; sourceTree = "<group>"; };
		F6F05A252433C09200FF4B72 /* OnboardingCoordinator.swift */ = {isa = PBXFileReference; lastKnownFileType = sourcecode.swift; path = OnboardingCoordinator.swift; sourceTree = "<group>"; };
		F6F05A272433C55300FF4B72 /* AuthorizationManager.swift */ = {isa = PBXFileReference; lastKnownFileType = sourcecode.swift; path = AuthorizationManager.swift; sourceTree = "<group>"; };
		F6F05A292433C6CC00FF4B72 /* AuthManagerDouble.swift */ = {isa = PBXFileReference; lastKnownFileType = sourcecode.swift; path = AuthManagerDouble.swift; sourceTree = "<group>"; };
		F6F05A2F24340E5400FF4B72 /* OnboardingViewController.swift */ = {isa = PBXFileReference; lastKnownFileType = sourcecode.swift; path = OnboardingViewController.swift; sourceTree = "<group>"; };
		F6F05A312434310200FF4B72 /* Onboarding.storyboard */ = {isa = PBXFileReference; lastKnownFileType = file.storyboard; path = Onboarding.storyboard; sourceTree = "<group>"; };
		F6F05A332434344200FF4B72 /* StartNowViewController.swift */ = {isa = PBXFileReference; lastKnownFileType = sourcecode.swift; path = StartNowViewController.swift; sourceTree = "<group>"; };
		F6F05A35243436D200FF4B72 /* PrivacyViewController.swift */ = {isa = PBXFileReference; lastKnownFileType = sourcecode.swift; path = PrivacyViewController.swift; sourceTree = "<group>"; };
		F72EBD4E24361E99009F9328 /* URLSessionTests.swift */ = {isa = PBXFileReference; lastKnownFileType = sourcecode.swift; path = URLSessionTests.swift; sourceTree = "<group>"; };
		F72EBD96243C8490009F9328 /* BluetoothStateObserver.swift */ = {isa = PBXFileReference; lastKnownFileType = sourcecode.swift; path = BluetoothStateObserver.swift; sourceTree = "<group>"; };
		F72EBD9A243C8750009F9328 /* BluetoothStateObserverTests.swift */ = {isa = PBXFileReference; lastKnownFileType = sourcecode.swift; path = BluetoothStateObserverTests.swift; sourceTree = "<group>"; };
		F72EBD9D243C90E6009F9328 /* HumbleLocalNotificationScheduler.swift */ = {isa = PBXFileReference; lastKnownFileType = sourcecode.swift; path = HumbleLocalNotificationScheduler.swift; sourceTree = "<group>"; };
		F72EBDA1243D0892009F9328 /* SecureBroadcastRotationKeyStorage.swift */ = {isa = PBXFileReference; lastKnownFileType = sourcecode.swift; path = SecureBroadcastRotationKeyStorage.swift; sourceTree = "<group>"; };
		F72EBDA4243D094A009F9328 /* SecureBroadcastRotationKeyStorageTests.swift */ = {isa = PBXFileReference; lastKnownFileType = sourcecode.swift; path = SecureBroadcastRotationKeyStorageTests.swift; sourceTree = "<group>"; };
		F72EBDA6243D2FD1009F9328 /* BroadcastIdEncrypter.swift */ = {isa = PBXFileReference; lastKnownFileType = sourcecode.swift; path = BroadcastIdEncrypter.swift; sourceTree = "<group>"; };
		F72EBDA8243D2FE6009F9328 /* BroadcastIdEncrypterTests.swift */ = {isa = PBXFileReference; lastKnownFileType = sourcecode.swift; path = BroadcastIdEncrypterTests.swift; sourceTree = "<group>"; };
		F758553924294C8C00CBE1ED /* RequestFactory.swift */ = {isa = PBXFileReference; lastKnownFileType = sourcecode.swift; path = RequestFactory.swift; sourceTree = "<group>"; };
		F758B8BD242CB856003AE16D /* Localizable.strings */ = {isa = PBXFileReference; fileEncoding = 4; lastKnownFileType = text.plist.strings; path = Localizable.strings; sourceTree = "<group>"; };
		F758B8BF242CB98C003AE16D /* UIViewController+Storyboarded.swift */ = {isa = PBXFileReference; fileEncoding = 4; lastKnownFileType = sourcecode.swift; path = "UIViewController+Storyboarded.swift"; sourceTree = "<group>"; };
		F758B8C1242CBAF5003AE16D /* AppCoordinator.swift */ = {isa = PBXFileReference; fileEncoding = 4; lastKnownFileType = sourcecode.swift; path = AppCoordinator.swift; sourceTree = "<group>"; };
		F758B8C3242CC0EE003AE16D /* Status.storyboard */ = {isa = PBXFileReference; lastKnownFileType = file.storyboard; path = Status.storyboard; sourceTree = "<group>"; };
		F758B8C8242CC183003AE16D /* PleaseSelfIsolate.storyboard */ = {isa = PBXFileReference; lastKnownFileType = file.storyboard; path = PleaseSelfIsolate.storyboard; sourceTree = "<group>"; };
		F770A4562430F76B002FDED1 /* AppCoordinatorDouble.swift */ = {isa = PBXFileReference; lastKnownFileType = sourcecode.swift; path = AppCoordinatorDouble.swift; sourceTree = "<group>"; };
		F78CEB46242B7752002254AD /* String+localized.swift */ = {isa = PBXFileReference; lastKnownFileType = sourcecode.swift; path = "String+localized.swift"; sourceTree = "<group>"; };
		F78CEB53242B7E18002254AD /* CoLocate-Bridging-Header.h */ = {isa = PBXFileReference; lastKnownFileType = sourcecode.c.h; path = "CoLocate-Bridging-Header.h"; sourceTree = "<group>"; };
		F78CEB55242B7EBF002254AD /* FirebaseMessaging.framework */ = {isa = PBXFileReference; lastKnownFileType = wrapper.framework; name = FirebaseMessaging.framework; path = Frameworks/FirebaseMessaging.framework; sourceTree = "<group>"; };
		F78CEB56242B7EBF002254AD /* FirebaseCoreDiagnostics.framework */ = {isa = PBXFileReference; lastKnownFileType = wrapper.framework; name = FirebaseCoreDiagnostics.framework; path = Frameworks/FirebaseCoreDiagnostics.framework; sourceTree = "<group>"; };
		F78CEB57242B7EBF002254AD /* FirebaseCore.framework */ = {isa = PBXFileReference; lastKnownFileType = wrapper.framework; name = FirebaseCore.framework; path = Frameworks/FirebaseCore.framework; sourceTree = "<group>"; };
		F78CEB58242B7EC0002254AD /* PromisesObjC.framework */ = {isa = PBXFileReference; lastKnownFileType = wrapper.framework; name = PromisesObjC.framework; path = Frameworks/PromisesObjC.framework; sourceTree = "<group>"; };
		F78CEB59242B7EC0002254AD /* Protobuf.framework */ = {isa = PBXFileReference; lastKnownFileType = wrapper.framework; name = Protobuf.framework; path = Frameworks/Protobuf.framework; sourceTree = "<group>"; };
		F78CEB64242B8137002254AD /* Firebase.h */ = {isa = PBXFileReference; fileEncoding = 4; lastKnownFileType = sourcecode.c.h; name = Firebase.h; path = Frameworks/Firebase.framework/Headers/Firebase.h; sourceTree = SOURCE_ROOT; };
		F78CEB66242B819E002254AD /* module.modulemap */ = {isa = PBXFileReference; fileEncoding = 4; lastKnownFileType = "sourcecode.module-map"; name = module.modulemap; path = Frameworks/Firebase.framework/Modules/module.modulemap; sourceTree = SOURCE_ROOT; };
		F78CEB67242B8C2B002254AD /* GoogleService-Info.plist */ = {isa = PBXFileReference; fileEncoding = 4; lastKnownFileType = text.plist.xml; path = "GoogleService-Info.plist"; sourceTree = "<group>"; };
		F78CEB69242B8D3E002254AD /* FirebaseInstanceID.framework */ = {isa = PBXFileReference; lastKnownFileType = wrapper.framework; name = FirebaseInstanceID.framework; path = Frameworks/FirebaseInstanceID.framework; sourceTree = "<group>"; };
		F78CEB6B242B8D84002254AD /* FirebaseInstallations.framework */ = {isa = PBXFileReference; lastKnownFileType = wrapper.framework; name = FirebaseInstallations.framework; path = Frameworks/FirebaseInstallations.framework; sourceTree = "<group>"; };
		F78CEB6E242B92CF002254AD /* GoogleUtilities.framework */ = {isa = PBXFileReference; lastKnownFileType = wrapper.framework; name = GoogleUtilities.framework; path = Frameworks/GoogleUtilities.framework; sourceTree = "<group>"; };
		F78CEB70242B9305002254AD /* GoogleDataTransport.framework */ = {isa = PBXFileReference; lastKnownFileType = wrapper.framework; name = GoogleDataTransport.framework; path = Frameworks/GoogleDataTransport.framework; sourceTree = "<group>"; };
		F78CEB72242B937F002254AD /* nanopb.framework */ = {isa = PBXFileReference; lastKnownFileType = wrapper.framework; name = nanopb.framework; path = Frameworks/nanopb.framework; sourceTree = "<group>"; };
		F78CEB74242BAC83002254AD /* CoLocate.entitlements */ = {isa = PBXFileReference; lastKnownFileType = text.plist.entitlements; path = CoLocate.entitlements; sourceTree = "<group>"; };
		F78CEBEC242D0836002254AD /* SecureRequestFactory.swift */ = {isa = PBXFileReference; lastKnownFileType = sourcecode.swift; path = SecureRequestFactory.swift; sourceTree = "<group>"; };
		F7D62F282440D4CB004C32A2 /* ConcreteBroadcastIdGeneratorTests.swift */ = {isa = PBXFileReference; lastKnownFileType = sourcecode.swift; path = ConcreteBroadcastIdGeneratorTests.swift; sourceTree = "<group>"; };
		F7D62F2A2440D64C004C32A2 /* ConcreteBroadcastIdGenerator.swift */ = {isa = PBXFileReference; lastKnownFileType = sourcecode.swift; path = ConcreteBroadcastIdGenerator.swift; sourceTree = "<group>"; };
/* End PBXFileReference section */

/* Begin PBXFrameworksBuildPhase section */
		214209BC2422276800C7BFF3 /* Frameworks */ = {
			isa = PBXFrameworksBuildPhase;
			buildActionMask = 2147483647;
			files = (
			);
			runOnlyForDeploymentPostprocessing = 0;
		};
		6FC63C2A241641B8007C8BF3 /* Frameworks */ = {
			isa = PBXFrameworksBuildPhase;
			buildActionMask = 2147483647;
			files = (
				F78CEB5D242B7EC0002254AD /* PromisesObjC.framework in Frameworks */,
				F78CEB5C242B7EC0002254AD /* FirebaseCore.framework in Frameworks */,
				F78CEB71242B9305002254AD /* GoogleDataTransport.framework in Frameworks */,
				F78CEB5B242B7EC0002254AD /* FirebaseCoreDiagnostics.framework in Frameworks */,
				F78CEB6A242B8D3F002254AD /* FirebaseInstanceID.framework in Frameworks */,
				F78CEB6C242B8D84002254AD /* FirebaseInstallations.framework in Frameworks */,
				F7D62F2724406FC8004C32A2 /* Logging in Frameworks */,
				F78CEB5A242B7EC0002254AD /* FirebaseMessaging.framework in Frameworks */,
				21B3D2E82429115600573061 /* CoreBluetooth.framework in Frameworks */,
				F78CEB6F242B92CF002254AD /* GoogleUtilities.framework in Frameworks */,
				F78CEB73242B937F002254AD /* nanopb.framework in Frameworks */,
				F78CEB5E242B7EC0002254AD /* Protobuf.framework in Frameworks */,
			);
			runOnlyForDeploymentPostprocessing = 0;
		};
		895D9DDB2437383300573D4D /* Frameworks */ = {
			isa = PBXFrameworksBuildPhase;
			buildActionMask = 2147483647;
			files = (
			);
			runOnlyForDeploymentPostprocessing = 0;
		};
/* End PBXFrameworksBuildPhase section */

/* Begin PBXGroup section */
		0983ACD1243EB20A00DBB336 /* Status */ = {
			isa = PBXGroup;
			children = (
				0983ACD2243EB22200DBB336 /* StatusViewControllerTests.swift */,
			);
			path = Status;
			sourceTree = "<group>";
		};
		098ED479242D7E340029B729 /* Registration */ = {
			isa = PBXGroup;
			children = (
				098ED47A242D7E460029B729 /* RegistrationServiceTests.swift */,
			);
			path = Registration;
			sourceTree = "<group>";
		};
		098ED47F242E744F0029B729 /* Debug */ = {
			isa = PBXGroup;
			children = (
				098ED480242E745F0029B729 /* Debug.storyboard */,
				098ED482242E746E0029B729 /* DebugViewController.swift */,
				21F374032434C4BF00926FB8 /* LiveBTLEDebuggerTableViewController.swift */,
				89BC79EA2434E047002050F8 /* LogsViewController.swift */,
				2115C3E524360427009C0F5B /* DebuggerTableViewCell.swift */,
			);
			path = Debug;
			sourceTree = "<group>";
		};
		098ED486242E89760029B729 /* Doubles */ = {
			isa = PBXGroup;
			children = (
				F770A4562430F76B002FDED1 /* AppCoordinatorDouble.swift */,
				095A91172434FF1500ED6369 /* ApplicationDouble.swift */,
				F6F05A292433C6CC00FF4B72 /* AuthManagerDouble.swift */,
				098ED48B242E8B290029B729 /* PersistenceDouble.swift */,
				098ED487242E89930029B729 /* PushNotificationManagerDouble.swift */,
				098ED489242E89D80029B729 /* RegistrationServiceDouble.swift */,
				F632792224351C8400CF7A42 /* OnboardingCoordinatorDouble.swift */,
				F63279262435219A00CF7A42 /* QueueDouble.swift */,
				090B1870243552C300870B5D /* UserNotificationCenterDouble.swift */,
				09B27BDA243BA5C800DAEA02 /* AsyncAfterableDouble.swift */,
				0983ACCC243E566800DBB336 /* ErrorForTest.swift */,
				0983ACCE243E6D3800DBB336 /* NotificationObserverDouble.swift */,
				09CAA36B24413E0700CE93A6 /* ViewControllerContainerDouble.swift */,
			);
			path = Doubles;
			sourceTree = "<group>";
		};
		0995ABCD243D034E0057C0D7 /* Status */ = {
			isa = PBXGroup;
			children = (
				214209B52421072C00C7BFF3 /* StatusViewController.swift */,
				F758B8C3242CC0EE003AE16D /* Status.storyboard */,
			);
			path = Status;
			sourceTree = "<group>";
		};
		214209B72422155200C7BFF3 /* Appearance */ = {
			isa = PBXGroup;
			children = (
				F613936D243FA82B003447E8 /* Appearance.swift */,
				AEC6A7BB241BD81A00B0237A /* LogoStrapline.swift */,
				21D93C2F2420C26900C1FA9B /* PrimaryButton.swift */,
				AEC6A7BD241BD82900B0237A /* LogoStrapline.xib */,
			);
			path = Appearance;
			sourceTree = "<group>";
		};
		214209B82422157300C7BFF3 /* Bluetooth */ = {
			isa = PBXGroup;
			children = (
				F72EBDA0243D086C009F9328 /* BroadcastId */,
				AE2DCA9F241920B600A940FC /* BTLEBroadcaster.swift */,
				21AF36AA241A8E50001A4910 /* BTLEListener.swift */,
				21C09A8C24377F5100368203 /* CoreBluetoothExtensions.swift */,
				21C09A8E2437B99F00368203 /* BluetoothNursery.swift */,
				F72EBD96243C8490009F9328 /* BluetoothStateObserver.swift */,
			);
			path = Bluetooth;
			sourceTree = "<group>";
		};
		214209C02422276800C7BFF3 /* CoLocateTests */ = {
			isa = PBXGroup;
			children = (
				0983ACD1243EB20A00DBB336 /* Status */,
				214209C32422276800C7BFF3 /* Info.plist */,
				89896E5E2435EB6500F949EA /* CoLocateTests.xcconfig */,
				89896E612435F37300F949EA /* ProjectTests.swift */,
				098ED484242E88D80029B729 /* AppCoordinatorTests.swift */,
				214209C9242227B300C7BFF3 /* PersistenceTests.swift */,
				214209CD24237A6300C7BFF3 /* PlistContactEventRecorderTests.swift */,
				F67A2292242AA370002254B6 /* SecureRegistrationStorageTests.swift */,
				F68BFBF6242ACD17008EE68F /* TestHelpers.swift */,
				F72EBD99243C8738009F9328 /* Bluetooth */,
				21F374002433845600926FB8 /* Contact Events */,
				098ED486242E89760029B729 /* Doubles */,
				214209DA242630CF00C7BFF3 /* Networking */,
				F6F05A222433BEAC00FF4B72 /* Onboarding */,
				F6CC2CAA242BCCE90079432B /* Remote Notifications */,
				098ED479242D7E340029B729 /* Registration */,
				F67C5157243E7BD5008E2945 /* SelfDiagnosis */,
			);
			path = CoLocateTests;
			sourceTree = "<group>";
		};
		214209D3242399DD00C7BFF3 /* Networking */ = {
			isa = PBXGroup;
			children = (
				214209D42423C83C00C7BFF3 /* PatchContactEventsRequest.swift */,
				F600A60124297A8E0038DF57 /* RegistrationRequest.swift */,
				F758553924294C8C00CBE1ED /* RequestFactory.swift */,
				21B3D2E42429112B00573061 /* SecureRequest.swift */,
				214209CF242396DA00C7BFF3 /* Session.swift */,
				214209D1242399CF00C7BFF3 /* URLSession.swift */,
				21C417CB242CB15D00DEF3E2 /* ConfirmRegistrationRequest.swift */,
				F78CEBEC242D0836002254AD /* SecureRequestFactory.swift */,
			);
			path = Networking;
			sourceTree = "<group>";
		};
		214209DA242630CF00C7BFF3 /* Networking */ = {
			isa = PBXGroup;
			children = (
				21C417C9242CB0A200DEF3E2 /* ConfirmRegistrationRequestTests.swift */,
				214209D62423C9B600C7BFF3 /* PatchContactEventsRequestTests.swift */,
				F600A60324297C010038DF57 /* RegistrationRequestTests.swift */,
				21B3D2E2242906AE00573061 /* SecureRequestTests.swift */,
				214209D824262B7500C7BFF3 /* SessionHelpers.swift */,
				F72EBD4E24361E99009F9328 /* URLSessionTests.swift */,
			);
			path = Networking;
			sourceTree = "<group>";
		};
		21B3D2DF24263A1100573061 /* Contact Events */ = {
			isa = PBXGroup;
			children = (
				21F373FE2433844D00926FB8 /* ContactEventCollector.swift */,
				AE2A5E4F2423C473007A4771 /* ContactEventRecorder.swift */,
				214209CB2422755B00C7BFF3 /* PlistContactEventRecorder.swift */,
			);
			path = "Contact Events";
			sourceTree = "<group>";
		};
		21B3D2E62429115600573061 /* Frameworks */ = {
			isa = PBXGroup;
			children = (
				F78CEB72242B937F002254AD /* nanopb.framework */,
				F78CEB70242B9305002254AD /* GoogleDataTransport.framework */,
				F78CEB6E242B92CF002254AD /* GoogleUtilities.framework */,
				F78CEB6B242B8D84002254AD /* FirebaseInstallations.framework */,
				F78CEB69242B8D3E002254AD /* FirebaseInstanceID.framework */,
				F78CEB57242B7EBF002254AD /* FirebaseCore.framework */,
				F78CEB56242B7EBF002254AD /* FirebaseCoreDiagnostics.framework */,
				F78CEB55242B7EBF002254AD /* FirebaseMessaging.framework */,
				F78CEB58242B7EC0002254AD /* PromisesObjC.framework */,
				F78CEB59242B7EC0002254AD /* Protobuf.framework */,
				21B3D2E72429115600573061 /* CoreBluetooth.framework */,
			);
			name = Frameworks;
			sourceTree = "<group>";
		};
		21F374002433845600926FB8 /* Contact Events */ = {
			isa = PBXGroup;
			children = (
				21F37401243384D400926FB8 /* ContactEventCollectorTests.swift */,
			);
			path = "Contact Events";
			sourceTree = "<group>";
		};
		6FC63C24241641B8007C8BF3 = {
			isa = PBXGroup;
			children = (
				F68B89E9243B9FDB00F369A9 /* CoLocate.xcconfig */,
				F6CA2818242E41F700F8DC55 /* README.md */,
				F78CEB63242B809B002254AD /* Firebase */,
				6FC63C2F241641B8007C8BF3 /* CoLocate */,
				214209C02422276800C7BFF3 /* CoLocateTests */,
				895D9DDF2437383300573D4D /* CoLocateUITests */,
				898BA15A2435E26C00EBD35D /* Configurations */,
				6FC63C2E241641B8007C8BF3 /* Products */,
				21B3D2E62429115600573061 /* Frameworks */,
			);
			sourceTree = "<group>";
		};
		6FC63C2E241641B8007C8BF3 /* Products */ = {
			isa = PBXGroup;
			children = (
				6FC63C2D241641B8007C8BF3 /* CoLocate.app */,
				214209BF2422276800C7BFF3 /* CoLocateTests.xctest */,
				895D9DDE2437383300573D4D /* CoLocateUITests.xctest */,
			);
			name = Products;
			sourceTree = "<group>";
		};
		6FC63C2F241641B8007C8BF3 /* CoLocate */ = {
			isa = PBXGroup;
			children = (
				895D9E432437456D00573D4D /* Production */,
				F78CEB74242BAC83002254AD /* CoLocate.entitlements */,
				F78CEB53242B7E18002254AD /* CoLocate-Bridging-Header.h */,
				F78CEB67242B8C2B002254AD /* GoogleService-Info.plist */,
				6FC63C3C241641BA007C8BF3 /* Info.plist */,
				F758B8C1242CBAF5003AE16D /* AppCoordinator.swift */,
				6FC63C30241641B8007C8BF3 /* AppDelegate.swift */,
				0997D055243BDEEC0067346C /* RootViewController.swift */,
				214209B9242216B700C7BFF3 /* Persistence.swift */,
				89AEE89C243DF24900BF3861 /* Persisting.swift */,
				F67A2290242AA35B002254B6 /* SecureRegistrationStorage.swift */,
				6FC63C37241641BA007C8BF3 /* Assets.xcassets */,
				A1E7A0582420028B0078174D /* NHS Colors.xcassets */,
				89896E5F2435F15C00F949EA /* Base.xcconfig */,
				6FC63C39241641BA007C8BF3 /* LaunchScreen.storyboard */,
				214209B72422155200C7BFF3 /* Appearance */,
				214209B82422157300C7BFF3 /* Bluetooth */,
				21B3D2DF24263A1100573061 /* Contact Events */,
				098ED47F242E744F0029B729 /* Debug */,
				F78CEB45242B7741002254AD /* Extensions */,
				89F06B2D2434A5A50074C612 /* Logging */,
				214209D3242399DD00C7BFF3 /* Networking */,
				F6CC2CA7242BC7D90079432B /* Notifications */,
				0995ABCD243D034E0057C0D7 /* Status */,
				F6F05A212433BE9600FF4B72 /* Onboarding */,
				F758B8C7242CC164003AE16D /* PleaseSelfIsolate */,
				F758B8C5242CC117003AE16D /* Potential */,
				F758B8D0242CC661003AE16D /* Registration */,
				F758B8BC242CB83B003AE16D /* Resources */,
				895D9E4924374EB800573D4D /* Routing */,
				F68B89EB243CFEEE00F369A9 /* SelfDiagnosis */,
			);
			path = CoLocate;
			sourceTree = "<group>";
		};
		89074B8824378B5C00D67777 /* Utilities */ = {
			isa = PBXGroup;
			children = (
				898FE856243B4D7A00210775 /* XCUIElement.swift */,
				89074B8924378B6E00D67777 /* ScreenTestCase.swift */,
			);
			path = Utilities;
			sourceTree = "<group>";
		};
		895D9DDF2437383300573D4D /* CoLocateUITests */ = {
			isa = PBXGroup;
			children = (
				89074B8824378B5C00D67777 /* Utilities */,
				895D9E50243750DB00573D4D /* Screens */,
				898FE855243B42F400210775 /* Flows */,
				895D9DE22437383300573D4D /* Info.plist */,
				895D9DE82437384C00573D4D /* CoLocateUITests.xcconfig */,
			);
			path = CoLocateUITests;
			sourceTree = "<group>";
		};
		895D9E432437456D00573D4D /* Production */ = {
			isa = PBXGroup;
			children = (
				895D9E452437458700573D4D /* AppIcon.xcassets */,
			);
			path = Production;
			sourceTree = "<group>";
		};
		895D9E4924374EB800573D4D /* Routing */ = {
			isa = PBXGroup;
			children = (
				895D9E4A24374EC900573D4D /* Screen.swift */,
				895D9E4D24374EFA00573D4D /* AppRouter.swift */,
				891E16A3243782D000281821 /* UITestResponder.swift */,
				89074B8424378A0D00D67777 /* UITestPayload.swift */,
				898FE85F243B5AF700210775 /* UITestScreenMaker.swift */,
			);
			path = Routing;
			sourceTree = "<group>";
		};
		895D9E50243750DB00573D4D /* Screens */ = {
			isa = PBXGroup;
			children = (
				895D9E51243750EE00573D4D /* PotentialScreenTests.swift */,
			);
			path = Screens;
			sourceTree = "<group>";
		};
		898BA15A2435E26C00EBD35D /* Configurations */ = {
			isa = PBXGroup;
			children = (
				89388B8C2435E370009D60CF /* Debug.xcconfig */,
				89388B8E2435E673009D60CF /* Release.xcconfig */,
				898BA15B2435E28E00EBD35D /* Project.xcconfig */,
				0995ABAC243CE3D10057C0D7 /* ReleaseBeta.xcconfig */,
			);
			path = Configurations;
			sourceTree = "<group>";
		};
		898FE855243B42F400210775 /* Flows */ = {
			isa = PBXGroup;
			children = (
				898FE853243B42E700210775 /* OnboardingTests.swift */,
			);
			path = Flows;
			sourceTree = "<group>";
		};
		89F06B2D2434A5A50074C612 /* Logging */ = {
			isa = PBXGroup;
			children = (
				89F06B2E2434A62C0074C612 /* LoggingManager.swift */,
				89F06B342434AF9D0074C612 /* LogEvent.swift */,
				89F06B302434AABE0074C612 /* NoOpLogHandler.swift */,
				89F06B322434AF130074C612 /* ForwardingLogHandler.swift */,
				89F06B362434C35A0074C612 /* LoggerMetadata.swift */,
			);
			path = Logging;
			sourceTree = "<group>";
		};
		F67C5157243E7BD5008E2945 /* SelfDiagnosis */ = {
			isa = PBXGroup;
			children = (
				F67C5158243E7C1E008E2945 /* SubmitSymptomsViewControllerTests.swift */,
			);
			path = SelfDiagnosis;
			sourceTree = "<group>";
		};
		F68B89EB243CFEEE00F369A9 /* SelfDiagnosis */ = {
			isa = PBXGroup;
			children = (
				F68B89EC243CFF2600F369A9 /* SelfDiagnosis.storyboard */,
				F67C5153243E4D2F008E2945 /* AnswerButton.swift */,
				F6AB2F1D243D324400386D6B /* CoughViewController.swift */,
				F68B89EE243D01FA00F369A9 /* SelfDiagnosisNavigationController.swift */,
				F6AB2F1F243D359F00386D6B /* SubmitSymptomsViewController.swift */,
				F68B89F3243D050700F369A9 /* TemperatureViewController.swift */,
			);
			path = SelfDiagnosis;
			sourceTree = "<group>";
		};
		F6CC2CA7242BC7D90079432B /* Notifications */ = {
			isa = PBXGroup;
			children = (
				F6CC2CA8242BC7FC0079432B /* RemoteNotificationManager.swift */,
				090B186E24354D0100870B5D /* RemoteNotificationDispatcher.swift */,
				F72EBD9D243C90E6009F9328 /* HumbleLocalNotificationScheduler.swift */,
			);
			path = Notifications;
			sourceTree = "<group>";
		};
		F6CC2CAA242BCCE90079432B /* Remote Notifications */ = {
			isa = PBXGroup;
			children = (
				F6CC2CAB242BCD0D0079432B /* RemoteNotificationManagerTests.swift */,
			);
			path = "Remote Notifications";
			sourceTree = "<group>";
		};
		F6F05A212433BE9600FF4B72 /* Onboarding */ = {
			isa = PBXGroup;
			children = (
				F6F05A312434310200FF4B72 /* Onboarding.storyboard */,
				893C0B7A243DE346000A7DB6 /* OnboardingEnvironment.swift */,
				F6F05A272433C55300FF4B72 /* AuthorizationManager.swift */,
				F6F05A252433C09200FF4B72 /* OnboardingCoordinator.swift */,
				F6F05A2F24340E5400FF4B72 /* OnboardingViewController.swift */,
				F636453A243687DE0014FD54 /* PermissionsDeniedViewController.swift */,
				213C806B241A56430020EFA5 /* PermissionsViewController.swift */,
				F6F05A35243436D200FF4B72 /* PrivacyViewController.swift */,
				F6F05A332434344200FF4B72 /* StartNowViewController.swift */,
				898FE858243B4FE300210775 /* AuthorizationManaging.swift */,
				09CAA3652440F3B100CE93A6 /* PostcodeViewController.swift */,
			);
			path = Onboarding;
			sourceTree = "<group>";
		};
		F6F05A222433BEAC00FF4B72 /* Onboarding */ = {
			isa = PBXGroup;
			children = (
				F63279292435323200CF7A42 /* PermissionsViewControllerTests.swift */,
				F6F05A232433BEC000FF4B72 /* OnboardingCoordinatorTests.swift */,
				F632792024351C1900CF7A42 /* OnboardingViewControllerTests.swift */,
				09CAA3692440FC4500CE93A6 /* PostcodeViewControllerTests.swift */,
			);
			path = Onboarding;
			sourceTree = "<group>";
		};
		F72EBD99243C8738009F9328 /* Bluetooth */ = {
			isa = PBXGroup;
			children = (
				F72EBDA3243D092A009F9328 /* BroadcastId */,
				F72EBD9A243C8750009F9328 /* BluetoothStateObserverTests.swift */,
			);
			path = Bluetooth;
			sourceTree = "<group>";
		};
		F72EBDA0243D086C009F9328 /* BroadcastId */ = {
			isa = PBXGroup;
			children = (
				F72EBDA1243D0892009F9328 /* SecureBroadcastRotationKeyStorage.swift */,
				F72EBDA6243D2FD1009F9328 /* BroadcastIdEncrypter.swift */,
				F7D62F2A2440D64C004C32A2 /* ConcreteBroadcastIdGenerator.swift */,
			);
			path = BroadcastId;
			sourceTree = "<group>";
		};
		F72EBDA3243D092A009F9328 /* BroadcastId */ = {
			isa = PBXGroup;
			children = (
				F72EBDA4243D094A009F9328 /* SecureBroadcastRotationKeyStorageTests.swift */,
				F72EBDA8243D2FE6009F9328 /* BroadcastIdEncrypterTests.swift */,
				F7D62F282440D4CB004C32A2 /* ConcreteBroadcastIdGeneratorTests.swift */,
			);
			path = BroadcastId;
			sourceTree = "<group>";
		};
		F758B8BC242CB83B003AE16D /* Resources */ = {
			isa = PBXGroup;
			children = (
				F65AE53E2432B842006544D4 /* Potential.rtf */,
				F758B8BD242CB856003AE16D /* Localizable.strings */,
			);
			path = Resources;
			sourceTree = "<group>";
		};
		F758B8C5242CC117003AE16D /* Potential */ = {
			isa = PBXGroup;
			children = (
				09D1CD49242C284000B1A167 /* PotentialViewController.swift */,
				09D1CD4F242C3A9300B1A167 /* Potential.storyboard */,
			);
			path = Potential;
			sourceTree = "<group>";
		};
		F758B8C7242CC164003AE16D /* PleaseSelfIsolate */ = {
			isa = PBXGroup;
			children = (
				214209B32420DBE100C7BFF3 /* PleaseSelfIsolateViewController.swift */,
				F758B8C8242CC183003AE16D /* PleaseSelfIsolate.storyboard */,
			);
			path = PleaseSelfIsolate;
			sourceTree = "<group>";
		};
		F758B8D0242CC661003AE16D /* Registration */ = {
			isa = PBXGroup;
			children = (
				098ED477242D7D050029B729 /* RegistratonService.swift */,
			);
			path = Registration;
			sourceTree = "<group>";
		};
		F78CEB45242B7741002254AD /* Extensions */ = {
			isa = PBXGroup;
			children = (
				F78CEB46242B7752002254AD /* String+localized.swift */,
				F758B8BF242CB98C003AE16D /* UIViewController+Storyboarded.swift */,
				F63279242435203600CF7A42 /* DispatchQueue+Testable.swift */,
				217A23BD243B34E8001B8236 /* UIDevice+ModelName.swift */,
				09B27BD7243BA3F200DAEA02 /* DispatchQueue+AsyncAfterable.swift */,
			);
			path = Extensions;
			sourceTree = "<group>";
		};
		F78CEB63242B809B002254AD /* Firebase */ = {
			isa = PBXGroup;
			children = (
				F78CEB66242B819E002254AD /* module.modulemap */,
				F78CEB64242B8137002254AD /* Firebase.h */,
			);
			path = Firebase;
			sourceTree = "<group>";
		};
/* End PBXGroup section */

/* Begin PBXNativeTarget section */
		214209BE2422276800C7BFF3 /* CoLocateTests */ = {
			isa = PBXNativeTarget;
			buildConfigurationList = 214209C62422276800C7BFF3 /* Build configuration list for PBXNativeTarget "CoLocateTests" */;
			buildPhases = (
				214209BB2422276800C7BFF3 /* Sources */,
				214209BC2422276800C7BFF3 /* Frameworks */,
				214209BD2422276800C7BFF3 /* Resources */,
			);
			buildRules = (
			);
			dependencies = (
				214209C52422276800C7BFF3 /* PBXTargetDependency */,
			);
			name = CoLocateTests;
			productName = CoLocateTests;
			productReference = 214209BF2422276800C7BFF3 /* CoLocateTests.xctest */;
			productType = "com.apple.product-type.bundle.unit-test";
		};
		6FC63C2C241641B8007C8BF3 /* CoLocate */ = {
			isa = PBXNativeTarget;
			buildConfigurationList = 6FC63C3F241641BA007C8BF3 /* Build configuration list for PBXNativeTarget "CoLocate" */;
			buildPhases = (
				6FC63C29241641B8007C8BF3 /* Sources */,
				6FC63C2A241641B8007C8BF3 /* Frameworks */,
				6FC63C2B241641B8007C8BF3 /* Resources */,
			);
			buildRules = (
			);
			dependencies = (
			);
			name = CoLocate;
			packageProductDependencies = (
				89F06B2B2434A2C00074C612 /* Logging */,
			);
			productName = CoLocate;
			productReference = 6FC63C2D241641B8007C8BF3 /* CoLocate.app */;
			productType = "com.apple.product-type.application";
		};
		895D9DDD2437383300573D4D /* CoLocateUITests */ = {
			isa = PBXNativeTarget;
			buildConfigurationList = 895D9DE72437383300573D4D /* Build configuration list for PBXNativeTarget "CoLocateUITests" */;
			buildPhases = (
				895D9DDA2437383300573D4D /* Sources */,
				895D9DDB2437383300573D4D /* Frameworks */,
				895D9DDC2437383300573D4D /* Resources */,
			);
			buildRules = (
			);
			dependencies = (
				895D9DE42437383300573D4D /* PBXTargetDependency */,
			);
			name = CoLocateUITests;
			productName = CoLocateUITests;
			productReference = 895D9DDE2437383300573D4D /* CoLocateUITests.xctest */;
			productType = "com.apple.product-type.bundle.ui-testing";
		};
/* End PBXNativeTarget section */

/* Begin PBXProject section */
		6FC63C25241641B8007C8BF3 /* Project object */ = {
			isa = PBXProject;
			attributes = {
				LastSwiftUpdateCheck = 1140;
				LastUpgradeCheck = 1140;
				ORGANIZATIONNAME = NHSX;
				TargetAttributes = {
					214209BE2422276800C7BFF3 = {
						CreatedOnToolsVersion = 11.3.1;
						ProvisioningStyle = Automatic;
						TestTargetID = 6FC63C2C241641B8007C8BF3;
					};
					6FC63C2C241641B8007C8BF3 = {
						CreatedOnToolsVersion = 10.1;
						LastSwiftMigration = 1130;
					};
					895D9DDD2437383300573D4D = {
						CreatedOnToolsVersion = 11.4;
						TestTargetID = 6FC63C2C241641B8007C8BF3;
					};
				};
			};
			buildConfigurationList = 6FC63C28241641B8007C8BF3 /* Build configuration list for PBXProject "CoLocate" */;
			compatibilityVersion = "Xcode 9.3";
			developmentRegion = en;
			hasScannedForEncodings = 0;
			knownRegions = (
				en,
				Base,
			);
			mainGroup = 6FC63C24241641B8007C8BF3;
			packageReferences = (
				89F06B2A2434A2C00074C612 /* XCRemoteSwiftPackageReference "swift-log" */,
			);
			productRefGroup = 6FC63C2E241641B8007C8BF3 /* Products */;
			projectDirPath = "";
			projectRoot = "";
			targets = (
				6FC63C2C241641B8007C8BF3 /* CoLocate */,
				214209BE2422276800C7BFF3 /* CoLocateTests */,
				895D9DDD2437383300573D4D /* CoLocateUITests */,
			);
		};
/* End PBXProject section */

/* Begin PBXResourcesBuildPhase section */
		214209BD2422276800C7BFF3 /* Resources */ = {
			isa = PBXResourcesBuildPhase;
			buildActionMask = 2147483647;
			files = (
			);
			runOnlyForDeploymentPostprocessing = 0;
		};
		6FC63C2B241641B8007C8BF3 /* Resources */ = {
			isa = PBXResourcesBuildPhase;
			buildActionMask = 2147483647;
			files = (
				F758B8C4242CC0EE003AE16D /* Status.storyboard in Resources */,
				F758B8C9242CC183003AE16D /* PleaseSelfIsolate.storyboard in Resources */,
				6FC63C3B241641BA007C8BF3 /* LaunchScreen.storyboard in Resources */,
				AEC6A7BE241BD82900B0237A /* LogoStrapline.xib in Resources */,
				A1E7A0592420028B0078174D /* NHS Colors.xcassets in Resources */,
				F758B8BE242CB856003AE16D /* Localizable.strings in Resources */,
				F68B89EA243B9FDC00F369A9 /* CoLocate.xcconfig in Resources */,
				6FC63C38241641BA007C8BF3 /* Assets.xcassets in Resources */,
				F65AE53C2432B842006544D4 /* Potential.rtf in Resources */,
				09D1CD50242C3A9300B1A167 /* Potential.storyboard in Resources */,
				F6CA2819242E41F700F8DC55 /* README.md in Resources */,
				895D9E462437458700573D4D /* AppIcon.xcassets in Resources */,
				F68B89ED243CFF2600F369A9 /* SelfDiagnosis.storyboard in Resources */,
				F6F05A322434310200FF4B72 /* Onboarding.storyboard in Resources */,
				098ED481242E745F0029B729 /* Debug.storyboard in Resources */,
				F78CEB68242B8C2C002254AD /* GoogleService-Info.plist in Resources */,
			);
			runOnlyForDeploymentPostprocessing = 0;
		};
		895D9DDC2437383300573D4D /* Resources */ = {
			isa = PBXResourcesBuildPhase;
			buildActionMask = 2147483647;
			files = (
			);
			runOnlyForDeploymentPostprocessing = 0;
		};
/* End PBXResourcesBuildPhase section */

/* Begin PBXSourcesBuildPhase section */
		214209BB2422276800C7BFF3 /* Sources */ = {
			isa = PBXSourcesBuildPhase;
			buildActionMask = 2147483647;
			files = (
				098ED47C242D801C0029B729 /* RegistrationServiceTests.swift in Sources */,
				21B3D2E3242906AE00573061 /* SecureRequestTests.swift in Sources */,
				214209CA242227B300C7BFF3 /* PersistenceTests.swift in Sources */,
				214209CE24237A6300C7BFF3 /* PlistContactEventRecorderTests.swift in Sources */,
				F632792124351C1900CF7A42 /* OnboardingViewControllerTests.swift in Sources */,
				095A91182434FF1500ED6369 /* ApplicationDouble.swift in Sources */,
				09CAA36C24413E0700CE93A6 /* ViewControllerContainerDouble.swift in Sources */,
				F632792324351C8400CF7A42 /* OnboardingCoordinatorDouble.swift in Sources */,
				21F37402243384D400926FB8 /* ContactEventCollectorTests.swift in Sources */,
				F770A4572430F76B002FDED1 /* AppCoordinatorDouble.swift in Sources */,
				098ED48C242E8B290029B729 /* PersistenceDouble.swift in Sources */,
				098ED485242E88D80029B729 /* AppCoordinatorTests.swift in Sources */,
				89896E622435F37300F949EA /* ProjectTests.swift in Sources */,
				F6F05A2A2433C6CC00FF4B72 /* AuthManagerDouble.swift in Sources */,
				F6F05A242433BEC000FF4B72 /* OnboardingCoordinatorTests.swift in Sources */,
				09B27BDB243BA5C800DAEA02 /* AsyncAfterableDouble.swift in Sources */,
				214209D924262B7500C7BFF3 /* SessionHelpers.swift in Sources */,
				0983ACD3243EB22200DBB336 /* StatusViewControllerTests.swift in Sources */,
				F600A60424297C010038DF57 /* RegistrationRequestTests.swift in Sources */,
				098ED488242E89930029B729 /* PushNotificationManagerDouble.swift in Sources */,
				0983ACCF243E6D3800DBB336 /* NotificationObserverDouble.swift in Sources */,
				F67A2293242AA370002254B6 /* SecureRegistrationStorageTests.swift in Sources */,
				214209D72423C9B600C7BFF3 /* PatchContactEventsRequestTests.swift in Sources */,
				F72EBDA9243D2FE6009F9328 /* BroadcastIdEncrypterTests.swift in Sources */,
				F72EBD9B243C8750009F9328 /* BluetoothStateObserverTests.swift in Sources */,
				090B1871243552C300870B5D /* UserNotificationCenterDouble.swift in Sources */,
				21C417CA242CB0A200DEF3E2 /* ConfirmRegistrationRequestTests.swift in Sources */,
				F632792A2435323200CF7A42 /* PermissionsViewControllerTests.swift in Sources */,
				F7D62F292440D4CB004C32A2 /* ConcreteBroadcastIdGeneratorTests.swift in Sources */,
				F72EBDA5243D094A009F9328 /* SecureBroadcastRotationKeyStorageTests.swift in Sources */,
				098ED48A242E89D80029B729 /* RegistrationServiceDouble.swift in Sources */,
				F63279272435219A00CF7A42 /* QueueDouble.swift in Sources */,
				F6CC2CAC242BCD0D0079432B /* RemoteNotificationManagerTests.swift in Sources */,
				09CAA36A2440FC4500CE93A6 /* PostcodeViewControllerTests.swift in Sources */,
				F67C5159243E7C1E008E2945 /* SubmitSymptomsViewControllerTests.swift in Sources */,
				F72EBD4F24361E99009F9328 /* URLSessionTests.swift in Sources */,
				0983ACCD243E566800DBB336 /* ErrorForTest.swift in Sources */,
				F68BFBF7242ACD17008EE68F /* TestHelpers.swift in Sources */,
			);
			runOnlyForDeploymentPostprocessing = 0;
		};
		6FC63C29241641B8007C8BF3 /* Sources */ = {
			isa = PBXSourcesBuildPhase;
			buildActionMask = 2147483647;
			files = (
				21D93C302420C26900C1FA9B /* PrimaryButton.swift in Sources */,
				F78CEB47242B7752002254AD /* String+localized.swift in Sources */,
				09B27BD8243BA3F200DAEA02 /* DispatchQueue+AsyncAfterable.swift in Sources */,
				F6F05A36243436D200FF4B72 /* PrivacyViewController.swift in Sources */,
				F6F05A282433C55300FF4B72 /* AuthorizationManager.swift in Sources */,
				89F06B352434AF9D0074C612 /* LogEvent.swift in Sources */,
				F758B8C2242CBAF5003AE16D /* AppCoordinator.swift in Sources */,
				F613936E243FA82B003447E8 /* Appearance.swift in Sources */,
				F6F05A342434344200FF4B72 /* StartNowViewController.swift in Sources */,
				0997D056243BDEEC0067346C /* RootViewController.swift in Sources */,
				0997D056243BDEEC0067346C /* RootViewController.swift in Sources */,
				F72EBDA2243D0892009F9328 /* SecureBroadcastRotationKeyStorage.swift in Sources */,
				21AF36AB241A8E50001A4910 /* BTLEListener.swift in Sources */,
				21C09A8D24377F5100368203 /* CoreBluetoothExtensions.swift in Sources */,
				F72EBDA7243D2FD1009F9328 /* BroadcastIdEncrypter.swift in Sources */,
				21C09A8D24377F5100368203 /* CoreBluetoothExtensions.swift in Sources */,
				F72EBD9E243C90E6009F9328 /* HumbleLocalNotificationScheduler.swift in Sources */,
				217A23BE243B34E8001B8236 /* UIDevice+ModelName.swift in Sources */,
				F78CEBED242D0836002254AD /* SecureRequestFactory.swift in Sources */,
				21F373FF2433844D00926FB8 /* ContactEventCollector.swift in Sources */,
				21C09A8F2437B99F00368203 /* BluetoothNursery.swift in Sources */,
				F6CC2CA9242BC7FC0079432B /* RemoteNotificationManager.swift in Sources */,
				AE2A5E502423C473007A4771 /* ContactEventRecorder.swift in Sources */,
				89F06B332434AF130074C612 /* ForwardingLogHandler.swift in Sources */,
				21B3D2E52429112B00573061 /* SecureRequest.swift in Sources */,
				090B186F24354D0100870B5D /* RemoteNotificationDispatcher.swift in Sources */,
				214209CC2422755B00C7BFF3 /* PlistContactEventRecorder.swift in Sources */,
				895D9E4E24374EFA00573D4D /* AppRouter.swift in Sources */,
				F758B8C0242CB98C003AE16D /* UIViewController+Storyboarded.swift in Sources */,
				2115C3E624360427009C0F5B /* DebuggerTableViewCell.swift in Sources */,
				89BC79EB2434E047002050F8 /* LogsViewController.swift in Sources */,
				F72EBD97243C8490009F9328 /* BluetoothStateObserver.swift in Sources */,
				214209B62421072C00C7BFF3 /* StatusViewController.swift in Sources */,
				F758553A24294C8D00CBE1ED /* RequestFactory.swift in Sources */,
				21C417CC242CB15D00DEF3E2 /* ConfirmRegistrationRequest.swift in Sources */,
				F67A2291242AA35C002254B6 /* SecureRegistrationStorage.swift in Sources */,
				214209B42420DBE100C7BFF3 /* PleaseSelfIsolateViewController.swift in Sources */,
				AE2DCAA0241920B600A940FC /* BTLEBroadcaster.swift in Sources */,
				895D9E4B24374EC900573D4D /* Screen.swift in Sources */,
				098ED478242D7D050029B729 /* RegistratonService.swift in Sources */,
				F68B89F4243D050700F369A9 /* TemperatureViewController.swift in Sources */,
				89F06B372434C35A0074C612 /* LoggerMetadata.swift in Sources */,
				F68B89EF243D01FA00F369A9 /* SelfDiagnosisNavigationController.swift in Sources */,
				898FE859243B4FE300210775 /* AuthorizationManaging.swift in Sources */,
				F67C5154243E4D2F008E2945 /* AnswerButton.swift in Sources */,
				6FC63C31241641B8007C8BF3 /* AppDelegate.swift in Sources */,
				F6AB2F1E243D324400386D6B /* CoughViewController.swift in Sources */,
				F600A60224297A8E0038DF57 /* RegistrationRequest.swift in Sources */,
				214209D2242399CF00C7BFF3 /* URLSession.swift in Sources */,
				89074B83243788AE00D67777 /* UITestResponder.swift in Sources */,
				F63279252435203600CF7A42 /* DispatchQueue+Testable.swift in Sources */,
				893C0B7B243DE346000A7DB6 /* OnboardingEnvironment.swift in Sources */,
				898FE860243B5AF700210775 /* UITestScreenMaker.swift in Sources */,
				214209BA242216B700C7BFF3 /* Persistence.swift in Sources */,
				213C806C241A56430020EFA5 /* PermissionsViewController.swift in Sources */,
				F636453B243687DE0014FD54 /* PermissionsDeniedViewController.swift in Sources */,
				89F06B2F2434A62C0074C612 /* LoggingManager.swift in Sources */,
				09CAA3662440F3B100CE93A6 /* PostcodeViewController.swift in Sources */,
				098ED483242E746E0029B729 /* DebugViewController.swift in Sources */,
				89AEE89D243DF24900BF3861 /* Persisting.swift in Sources */,
				F7D62F2B2440D64D004C32A2 /* ConcreteBroadcastIdGenerator.swift in Sources */,
				89F06B312434AABF0074C612 /* NoOpLogHandler.swift in Sources */,
				09D1CD4B242C284000B1A167 /* PotentialViewController.swift in Sources */,
				F6F05A3024340E5400FF4B72 /* OnboardingViewController.swift in Sources */,
				89074B8524378A0D00D67777 /* UITestPayload.swift in Sources */,
				F6AB2F20243D359F00386D6B /* SubmitSymptomsViewController.swift in Sources */,
				21F374042434C4BF00926FB8 /* LiveBTLEDebuggerTableViewController.swift in Sources */,
				AEC6A7BC241BD81A00B0237A /* LogoStrapline.swift in Sources */,
				214209D52423C83C00C7BFF3 /* PatchContactEventsRequest.swift in Sources */,
				214209D0242396DA00C7BFF3 /* Session.swift in Sources */,
				F6F05A262433C09200FF4B72 /* OnboardingCoordinator.swift in Sources */,
			);
			runOnlyForDeploymentPostprocessing = 0;
		};
		895D9DDA2437383300573D4D /* Sources */ = {
			isa = PBXSourcesBuildPhase;
			buildActionMask = 2147483647;
			files = (
				898FE857243B4D7A00210775 /* XCUIElement.swift in Sources */,
				898FE854243B42E800210775 /* OnboardingTests.swift in Sources */,
				89074B8A24378B6E00D67777 /* ScreenTestCase.swift in Sources */,
				895D9E52243750EE00573D4D /* PotentialScreenTests.swift in Sources */,
				89074B8724378A0D00D67777 /* UITestPayload.swift in Sources */,
				89074B822437882100D67777 /* Screen.swift in Sources */,
			);
			runOnlyForDeploymentPostprocessing = 0;
		};
/* End PBXSourcesBuildPhase section */

/* Begin PBXTargetDependency section */
		214209C52422276800C7BFF3 /* PBXTargetDependency */ = {
			isa = PBXTargetDependency;
			target = 6FC63C2C241641B8007C8BF3 /* CoLocate */;
			targetProxy = 214209C42422276800C7BFF3 /* PBXContainerItemProxy */;
		};
		895D9DE42437383300573D4D /* PBXTargetDependency */ = {
			isa = PBXTargetDependency;
			target = 6FC63C2C241641B8007C8BF3 /* CoLocate */;
			targetProxy = 895D9DE32437383300573D4D /* PBXContainerItemProxy */;
		};
/* End PBXTargetDependency section */

/* Begin PBXVariantGroup section */
		6FC63C39241641BA007C8BF3 /* LaunchScreen.storyboard */ = {
			isa = PBXVariantGroup;
			children = (
				6FC63C3A241641BA007C8BF3 /* Base */,
			);
			name = LaunchScreen.storyboard;
			sourceTree = "<group>";
		};
		F65AE53E2432B842006544D4 /* Potential.rtf */ = {
			isa = PBXVariantGroup;
			children = (
				F65AE53D2432B842006544D4 /* Base */,
			);
			name = Potential.rtf;
			sourceTree = "<group>";
		};
/* End PBXVariantGroup section */

/* Begin XCBuildConfiguration section */
		0995ABA8243CE3700057C0D7 /* Release beta */ = {
			isa = XCBuildConfiguration;
			baseConfigurationReference = 0995ABAC243CE3D10057C0D7 /* ReleaseBeta.xcconfig */;
			buildSettings = {
			};
			name = "Release beta";
		};
		0995ABA9243CE3700057C0D7 /* Release beta */ = {
			isa = XCBuildConfiguration;
			baseConfigurationReference = F68B89E9243B9FDB00F369A9 /* CoLocate.xcconfig */;
			buildSettings = {
			};
			name = "Release beta";
		};
		0995ABAA243CE3700057C0D7 /* Release beta */ = {
			isa = XCBuildConfiguration;
			baseConfigurationReference = 89896E5E2435EB6500F949EA /* CoLocateTests.xcconfig */;
			buildSettings = {
			};
			name = "Release beta";
		};
		0995ABAB243CE3700057C0D7 /* Release beta */ = {
			isa = XCBuildConfiguration;
			baseConfigurationReference = 895D9DE82437384C00573D4D /* CoLocateUITests.xcconfig */;
			buildSettings = {
			};
			name = "Release beta";
		};
		214209C72422276800C7BFF3 /* Debug */ = {
			isa = XCBuildConfiguration;
			baseConfigurationReference = 89896E5E2435EB6500F949EA /* CoLocateTests.xcconfig */;
			buildSettings = {
			};
			name = Debug;
		};
		214209C82422276800C7BFF3 /* Release */ = {
			isa = XCBuildConfiguration;
			baseConfigurationReference = 89896E5E2435EB6500F949EA /* CoLocateTests.xcconfig */;
			buildSettings = {
			};
			name = Release;
		};
		6FC63C3D241641BA007C8BF3 /* Debug */ = {
			isa = XCBuildConfiguration;
			baseConfigurationReference = 89388B8C2435E370009D60CF /* Debug.xcconfig */;
			buildSettings = {
			};
			name = Debug;
		};
		6FC63C3E241641BA007C8BF3 /* Release */ = {
			isa = XCBuildConfiguration;
			baseConfigurationReference = 89388B8E2435E673009D60CF /* Release.xcconfig */;
			buildSettings = {
			};
			name = Release;
		};
		6FC63C40241641BA007C8BF3 /* Debug */ = {
			isa = XCBuildConfiguration;
			baseConfigurationReference = F68B89E9243B9FDB00F369A9 /* CoLocate.xcconfig */;
			buildSettings = {
			};
			name = Debug;
		};
		6FC63C41241641BA007C8BF3 /* Release */ = {
			isa = XCBuildConfiguration;
			baseConfigurationReference = F68B89E9243B9FDB00F369A9 /* CoLocate.xcconfig */;
			buildSettings = {
			};
			name = Release;
		};
		895D9DE52437383300573D4D /* Debug */ = {
			isa = XCBuildConfiguration;
			baseConfigurationReference = 895D9DE82437384C00573D4D /* CoLocateUITests.xcconfig */;
			buildSettings = {
			};
			name = Debug;
		};
		895D9DE62437383300573D4D /* Release */ = {
			isa = XCBuildConfiguration;
			baseConfigurationReference = 895D9DE82437384C00573D4D /* CoLocateUITests.xcconfig */;
			buildSettings = {
			};
			name = Release;
		};
/* End XCBuildConfiguration section */

/* Begin XCConfigurationList section */
		214209C62422276800C7BFF3 /* Build configuration list for PBXNativeTarget "CoLocateTests" */ = {
			isa = XCConfigurationList;
			buildConfigurations = (
				214209C72422276800C7BFF3 /* Debug */,
				214209C82422276800C7BFF3 /* Release */,
				0995ABAA243CE3700057C0D7 /* Release beta */,
			);
			defaultConfigurationIsVisible = 0;
			defaultConfigurationName = Release;
		};
		6FC63C28241641B8007C8BF3 /* Build configuration list for PBXProject "CoLocate" */ = {
			isa = XCConfigurationList;
			buildConfigurations = (
				6FC63C3D241641BA007C8BF3 /* Debug */,
				6FC63C3E241641BA007C8BF3 /* Release */,
				0995ABA8243CE3700057C0D7 /* Release beta */,
			);
			defaultConfigurationIsVisible = 0;
			defaultConfigurationName = Release;
		};
		6FC63C3F241641BA007C8BF3 /* Build configuration list for PBXNativeTarget "CoLocate" */ = {
			isa = XCConfigurationList;
			buildConfigurations = (
				6FC63C40241641BA007C8BF3 /* Debug */,
				6FC63C41241641BA007C8BF3 /* Release */,
				0995ABA9243CE3700057C0D7 /* Release beta */,
			);
			defaultConfigurationIsVisible = 0;
			defaultConfigurationName = Release;
		};
		895D9DE72437383300573D4D /* Build configuration list for PBXNativeTarget "CoLocateUITests" */ = {
			isa = XCConfigurationList;
			buildConfigurations = (
				895D9DE52437383300573D4D /* Debug */,
				895D9DE62437383300573D4D /* Release */,
				0995ABAB243CE3700057C0D7 /* Release beta */,
			);
			defaultConfigurationIsVisible = 0;
			defaultConfigurationName = Release;
		};
/* End XCConfigurationList section */

/* Begin XCRemoteSwiftPackageReference section */
		89F06B2A2434A2C00074C612 /* XCRemoteSwiftPackageReference "swift-log" */ = {
			isa = XCRemoteSwiftPackageReference;
			repositoryURL = "https://github.com/apple/swift-log.git";
			requirement = {
				kind = upToNextMajorVersion;
				minimumVersion = 1.2.0;
			};
		};
/* End XCRemoteSwiftPackageReference section */

/* Begin XCSwiftPackageProductDependency section */
		89F06B2B2434A2C00074C612 /* Logging */ = {
			isa = XCSwiftPackageProductDependency;
			package = 89F06B2A2434A2C00074C612 /* XCRemoteSwiftPackageReference "swift-log" */;
			productName = Logging;
		};
/* End XCSwiftPackageProductDependency section */
	};
	rootObject = 6FC63C25241641B8007C8BF3 /* Project object */;
}
