// !$*UTF8*$!
{
	archiveVersion = 1;
	classes = {
	};
	objectVersion = 52;
	objects = {

/* Begin PBXBuildFile section */
		0963C1F62488182300EF5B68 /* generate-release-note.yml in Resources */ = {isa = PBXBuildFile; fileRef = 0963C1F12488182300EF5B68 /* generate-release-note.yml */; };
		0963C1F82488182300EF5B68 /* ci.yml in Resources */ = {isa = PBXBuildFile; fileRef = 0963C1F32488182300EF5B68 /* ci.yml */; };
		0963C1F92488182300EF5B68 /* deploy.yml in Resources */ = {isa = PBXBuildFile; fileRef = 0963C1F42488182300EF5B68 /* deploy.yml */; };
		0963C1FA2488182300EF5B68 /* trigger-deploys.yml in Resources */ = {isa = PBXBuildFile; fileRef = 0963C1F52488182300EF5B68 /* trigger-deploys.yml */; };
		212AB3BB24926C2E0091D92D /* remove-tag.yml in Resources */ = {isa = PBXBuildFile; fileRef = 212AB3BA24926C2E0091D92D /* remove-tag.yml */; };
		6FC63C31241641B8007C8BF3 /* AppDelegate.swift in Sources */ = {isa = PBXBuildFile; fileRef = 6FC63C30241641B8007C8BF3 /* AppDelegate.swift */; };
		6FC63C38241641BA007C8BF3 /* Assets.xcassets in Resources */ = {isa = PBXBuildFile; fileRef = 6FC63C37241641BA007C8BF3 /* Assets.xcassets */; };
		6FC63C3B241641BA007C8BF3 /* LaunchScreen.storyboard in Resources */ = {isa = PBXBuildFile; fileRef = 6FC63C39241641BA007C8BF3 /* LaunchScreen.storyboard */; };
		8947F833245AD97A00C4F1BB /* Settings.bundle in Resources */ = {isa = PBXBuildFile; fileRef = 8947F832245AD97A00C4F1BB /* Settings.bundle */; };
		895D9E462437458700573D4D /* AppIcon.xcassets in Resources */ = {isa = PBXBuildFile; fileRef = 895D9E452437458700573D4D /* AppIcon.xcassets */; };
		A1E7A0592420028B0078174D /* NHS Colors.xcassets in Resources */ = {isa = PBXBuildFile; fileRef = A1E7A0582420028B0078174D /* NHS Colors.xcassets */; };
		DD521EB9249CD69A00F058DA /* Colors.swift in Sources */ = {isa = PBXBuildFile; fileRef = DD521EA4249CD69900F058DA /* Colors.swift */; };
		DD521EBF249CE8A400F058DA /* RootViewController.swift in Sources */ = {isa = PBXBuildFile; fileRef = DD521EBE249CE8A400F058DA /* RootViewController.swift */; };
		DD521EC3249CF66600F058DA /* LinkButton.swift in Sources */ = {isa = PBXBuildFile; fileRef = DD521EC2249CF66600F058DA /* LinkButton.swift */; };
		F618A564245C682500D89517 /* Environment.swift in Sources */ = {isa = PBXBuildFile; fileRef = F618A561245C682500D89517 /* Environment.swift */; };
		F618A566245C682500D89517 /* GoogleService-Info.plist in Resources */ = {isa = PBXBuildFile; fileRef = F618A563245C682500D89517 /* GoogleService-Info.plist */; };
		F758B8BE242CB856003AE16D /* Localizable.strings in Resources */ = {isa = PBXBuildFile; fileRef = F758B8BD242CB856003AE16D /* Localizable.strings */; };
/* End PBXBuildFile section */

/* Begin PBXFileReference section */
		068B8ABB245C11C0000EAB4C /* clean-artifacts.yml */ = {isa = PBXFileReference; lastKnownFileType = text.yaml; path = "clean-artifacts.yml"; sourceTree = "<group>"; };
		09285F9B24918885005B2A1C /* RegistrationCanaryEnvironment.swift */ = {isa = PBXFileReference; lastKnownFileType = sourcecode.swift; path = RegistrationCanaryEnvironment.swift; sourceTree = "<group>"; };
		0963C1F12488182300EF5B68 /* generate-release-note.yml */ = {isa = PBXFileReference; fileEncoding = 4; lastKnownFileType = text.yaml; path = "generate-release-note.yml"; sourceTree = "<group>"; };
		0963C1F22488182300EF5B68 /* remove-support.yml */ = {isa = PBXFileReference; fileEncoding = 4; lastKnownFileType = text.yaml; path = "remove-support.yml"; sourceTree = "<group>"; };
		0963C1F32488182300EF5B68 /* ci.yml */ = {isa = PBXFileReference; fileEncoding = 4; lastKnownFileType = text.yaml; path = ci.yml; sourceTree = "<group>"; };
		0963C1F42488182300EF5B68 /* deploy.yml */ = {isa = PBXFileReference; fileEncoding = 4; lastKnownFileType = text.yaml; path = deploy.yml; sourceTree = "<group>"; };
		0963C1F52488182300EF5B68 /* trigger-deploys.yml */ = {isa = PBXFileReference; fileEncoding = 4; lastKnownFileType = text.yaml; path = "trigger-deploys.yml"; sourceTree = "<group>"; };
		212AB3BA24926C2E0091D92D /* remove-tag.yml */ = {isa = PBXFileReference; lastKnownFileType = text.yaml; path = "remove-tag.yml"; sourceTree = "<group>"; };
		6FC63C2D241641B8007C8BF3 /* Sonar.app */ = {isa = PBXFileReference; explicitFileType = wrapper.application; includeInIndex = 0; path = Sonar.app; sourceTree = BUILT_PRODUCTS_DIR; };
		6FC63C30241641B8007C8BF3 /* AppDelegate.swift */ = {isa = PBXFileReference; lastKnownFileType = sourcecode.swift; path = AppDelegate.swift; sourceTree = "<group>"; };
		6FC63C37241641BA007C8BF3 /* Assets.xcassets */ = {isa = PBXFileReference; lastKnownFileType = folder.assetcatalog; path = Assets.xcassets; sourceTree = "<group>"; };
		6FC63C3A241641BA007C8BF3 /* Base */ = {isa = PBXFileReference; lastKnownFileType = file.storyboard; name = Base; path = Base.lproj/LaunchScreen.storyboard; sourceTree = "<group>"; };
		6FC63C3C241641BA007C8BF3 /* Info.plist */ = {isa = PBXFileReference; lastKnownFileType = text.plist.xml; path = Info.plist; sourceTree = "<group>"; };
		89388B8C2435E370009D60CF /* Debug.xcconfig */ = {isa = PBXFileReference; lastKnownFileType = text.xcconfig; path = Debug.xcconfig; sourceTree = "<group>"; };
		89388B8E2435E673009D60CF /* Release.xcconfig */ = {isa = PBXFileReference; lastKnownFileType = text.xcconfig; path = Release.xcconfig; sourceTree = "<group>"; };
		8947F832245AD97A00C4F1BB /* Settings.bundle */ = {isa = PBXFileReference; lastKnownFileType = "wrapper.plug-in"; path = Settings.bundle; sourceTree = "<group>"; };
		895D9E452437458700573D4D /* AppIcon.xcassets */ = {isa = PBXFileReference; lastKnownFileType = folder.assetcatalog; path = AppIcon.xcassets; sourceTree = "<group>"; };
		89896E5F2435F15C00F949EA /* Base.xcconfig */ = {isa = PBXFileReference; lastKnownFileType = text.xcconfig; path = Base.xcconfig; sourceTree = "<group>"; };
		898BA15B2435E28E00EBD35D /* Project.xcconfig */ = {isa = PBXFileReference; lastKnownFileType = text.xcconfig; path = Project.xcconfig; sourceTree = "<group>"; };
		A1E7A0582420028B0078174D /* NHS Colors.xcassets */ = {isa = PBXFileReference; lastKnownFileType = folder.assetcatalog; path = "NHS Colors.xcassets"; sourceTree = "<group>"; };
		DD521EA4249CD69900F058DA /* Colors.swift */ = {isa = PBXFileReference; fileEncoding = 4; lastKnownFileType = sourcecode.swift; path = Colors.swift; sourceTree = "<group>"; };
		DD521EBE249CE8A400F058DA /* RootViewController.swift */ = {isa = PBXFileReference; lastKnownFileType = sourcecode.swift; path = RootViewController.swift; sourceTree = "<group>"; };
		DD521EC2249CF66600F058DA /* LinkButton.swift */ = {isa = PBXFileReference; fileEncoding = 4; lastKnownFileType = sourcecode.swift; path = LinkButton.swift; sourceTree = "<group>"; };
		F60497602451FA42002B8503 /* Environment.swift.erb */ = {isa = PBXFileReference; lastKnownFileType = text; path = Environment.swift.erb; sourceTree = "<group>"; };
		F604976224521574002B8503 /* Sonar.xcconfig.sample */ = {isa = PBXFileReference; fileEncoding = 4; lastKnownFileType = text; path = Sonar.xcconfig.sample; sourceTree = "<group>"; };
		F6049764245215A3002B8503 /* environment.json */ = {isa = PBXFileReference; fileEncoding = 4; lastKnownFileType = text.json; path = environment.json; sourceTree = "<group>"; };
		F618A561245C682500D89517 /* Environment.swift */ = {isa = PBXFileReference; fileEncoding = 4; lastKnownFileType = sourcecode.swift; path = Environment.swift; sourceTree = "<group>"; };
		F618A562245C682500D89517 /* Sonar.xcconfig */ = {isa = PBXFileReference; fileEncoding = 4; lastKnownFileType = text.xcconfig; path = Sonar.xcconfig; sourceTree = "<group>"; };
		F618A563245C682500D89517 /* GoogleService-Info.plist */ = {isa = PBXFileReference; fileEncoding = 4; lastKnownFileType = text.plist.xml; path = "GoogleService-Info.plist"; sourceTree = "<group>"; };
		F68D8FE324476F0B008BAAAA /* beta.xcconfig */ = {isa = PBXFileReference; lastKnownFileType = text.xcconfig; path = beta.xcconfig; sourceTree = "<group>"; };
		F68D8FE424477031008BAAAA /* production.xcconfig */ = {isa = PBXFileReference; fileEncoding = 4; lastKnownFileType = text.xcconfig; path = production.xcconfig; sourceTree = "<group>"; };
		F68D8FE524477031008BAAAA /* internal.xcconfig */ = {isa = PBXFileReference; fileEncoding = 4; lastKnownFileType = text.xcconfig; path = internal.xcconfig; sourceTree = "<group>"; };
		F6CA2818242E41F700F8DC55 /* README.md */ = {isa = PBXFileReference; fileEncoding = 4; lastKnownFileType = net.daringfireball.markdown; path = README.md; sourceTree = "<group>"; };
		F758B8BD242CB856003AE16D /* Localizable.strings */ = {isa = PBXFileReference; fileEncoding = 4; lastKnownFileType = text.plist.strings; path = Localizable.strings; sourceTree = "<group>"; };
		F78CEB74242BAC83002254AD /* Sonar.entitlements */ = {isa = PBXFileReference; lastKnownFileType = text.plist.entitlements; path = Sonar.entitlements; sourceTree = "<group>"; };
/* End PBXFileReference section */

/* Begin PBXFrameworksBuildPhase section */
		6FC63C2A241641B8007C8BF3 /* Frameworks */ = {
			isa = PBXFrameworksBuildPhase;
			buildActionMask = 2147483647;
			files = (
			);
			runOnlyForDeploymentPostprocessing = 0;
		};
/* End PBXFrameworksBuildPhase section */

/* Begin PBXGroup section */
		068B8AB7245C11C0000EAB4C /* .github */ = {
			isa = PBXGroup;
			children = (
				068B8AB8245C11C0000EAB4C /* workflows */,
			);
			path = .github;
			sourceTree = "<group>";
		};
		068B8AB8245C11C0000EAB4C /* workflows */ = {
			isa = PBXGroup;
			children = (
				212AB3BA24926C2E0091D92D /* remove-tag.yml */,
				0963C1F32488182300EF5B68 /* ci.yml */,
				0963C1F42488182300EF5B68 /* deploy.yml */,
				0963C1F12488182300EF5B68 /* generate-release-note.yml */,
				0963C1F22488182300EF5B68 /* remove-support.yml */,
				0963C1F52488182300EF5B68 /* trigger-deploys.yml */,
				068B8ABB245C11C0000EAB4C /* clean-artifacts.yml */,
			);
			path = workflows;
			sourceTree = "<group>";
		};
		6FC63C24241641B8007C8BF3 = {
			isa = PBXGroup;
			children = (
				F6CA2818242E41F700F8DC55 /* README.md */,
				068B8AB7245C11C0000EAB4C /* .github */,
				F618A560245C682500D89517 /* .secret */,
				898BA15A2435E26C00EBD35D /* Configurations */,
				6FC63C2F241641B8007C8BF3 /* Sonar */,
				6FC63C2E241641B8007C8BF3 /* Products */,
			);
			sourceTree = "<group>";
		};
		6FC63C2E241641B8007C8BF3 /* Products */ = {
			isa = PBXGroup;
			children = (
				6FC63C2D241641B8007C8BF3 /* Sonar.app */,
			);
			name = Products;
			sourceTree = "<group>";
		};
		6FC63C2F241641B8007C8BF3 /* Sonar */ = {
			isa = PBXGroup;
			children = (
				DD521E93249CD69900F058DA /* Appearance */,
				F78CEB74242BAC83002254AD /* Sonar.entitlements */,
				6FC63C3C241641BA007C8BF3 /* Info.plist */,
				6FC63C30241641B8007C8BF3 /* AppDelegate.swift */,
				DD521EBE249CE8A400F058DA /* RootViewController.swift */,
				DD521EC2249CF66600F058DA /* LinkButton.swift */,
				6FC63C37241641BA007C8BF3 /* Assets.xcassets */,
				A1E7A0582420028B0078174D /* NHS Colors.xcassets */,
				89896E5F2435F15C00F949EA /* Base.xcconfig */,
				F68D8FD424476846008BAAAA /* Environments */,
				6FC63C39241641BA007C8BF3 /* LaunchScreen.storyboard */,
				F758B8BC242CB83B003AE16D /* Resources */,
			);
			path = Sonar;
			sourceTree = "<group>";
		};
		898BA15A2435E26C00EBD35D /* Configurations */ = {
			isa = PBXGroup;
			children = (
				89388B8C2435E370009D60CF /* Debug.xcconfig */,
				89388B8E2435E673009D60CF /* Release.xcconfig */,
				898BA15B2435E28E00EBD35D /* Project.xcconfig */,
			);
			path = Configurations;
			sourceTree = "<group>";
		};
		DD521E93249CD69900F058DA /* Appearance */ = {
			isa = PBXGroup;
			children = (
				DD521EA4249CD69900F058DA /* Colors.swift */,
			);
			path = Appearance;
			sourceTree = "<group>";
		};
		F618A560245C682500D89517 /* .secret */ = {
			isa = PBXGroup;
			children = (
				F618A561245C682500D89517 /* Environment.swift */,
				F618A562245C682500D89517 /* Sonar.xcconfig */,
				F618A563245C682500D89517 /* GoogleService-Info.plist */,
				09285F9B24918885005B2A1C /* RegistrationCanaryEnvironment.swift */,
			);
			path = .secret;
			sourceTree = "<group>";
		};
		F68D8FD424476846008BAAAA /* Environments */ = {
			isa = PBXGroup;
			children = (
				F60497602451FA42002B8503 /* Environment.swift.erb */,
				F6049764245215A3002B8503 /* environment.json */,
				F604976224521574002B8503 /* Sonar.xcconfig.sample */,
				F68D8FE324476F0B008BAAAA /* beta.xcconfig */,
				F68D8FE524477031008BAAAA /* internal.xcconfig */,
				F68D8FE424477031008BAAAA /* production.xcconfig */,
			);
			path = Environments;
			sourceTree = "<group>";
		};
		F758B8BC242CB83B003AE16D /* Resources */ = {
			isa = PBXGroup;
			children = (
				F758B8BD242CB856003AE16D /* Localizable.strings */,
				895D9E452437458700573D4D /* AppIcon.xcassets */,
				8947F832245AD97A00C4F1BB /* Settings.bundle */,
			);
			path = Resources;
			sourceTree = "<group>";
		};
/* End PBXGroup section */

/* Begin PBXNativeTarget section */
		6FC63C2C241641B8007C8BF3 /* Sonar */ = {
			isa = PBXNativeTarget;
			buildConfigurationList = 6FC63C3F241641BA007C8BF3 /* Build configuration list for PBXNativeTarget "Sonar" */;
			buildPhases = (
				6FC63C29241641B8007C8BF3 /* Sources */,
				6FC63C2A241641B8007C8BF3 /* Frameworks */,
				6FC63C2B241641B8007C8BF3 /* Resources */,
				8947F834245AE41600C4F1BB /* Embed Build info */,
			);
			buildRules = (
			);
			dependencies = (
			);
			name = Sonar;
			packageProductDependencies = (
			);
			productName = CoLocate;
			productReference = 6FC63C2D241641B8007C8BF3 /* Sonar.app */;
			productType = "com.apple.product-type.application";
		};
/* End PBXNativeTarget section */

/* Begin PBXProject section */
		6FC63C25241641B8007C8BF3 /* Project object */ = {
			isa = PBXProject;
			attributes = {
				LastSwiftUpdateCheck = 1140;
				LastUpgradeCheck = 1140;
				ORGANIZATIONNAME = NHSX;
				TargetAttributes = {
					6FC63C2C241641B8007C8BF3 = {
						CreatedOnToolsVersion = 10.1;
						LastSwiftMigration = 1130;
					};
				};
			};
			buildConfigurationList = 6FC63C28241641B8007C8BF3 /* Build configuration list for PBXProject "Sonar" */;
			compatibilityVersion = "Xcode 9.3";
			developmentRegion = en;
			hasScannedForEncodings = 0;
			knownRegions = (
				en,
				Base,
			);
			mainGroup = 6FC63C24241641B8007C8BF3;
			packageReferences = (
				89F06B2A2434A2C00074C612 /* XCRemoteSwiftPackageReference "swift-log" */,
				B7363DCA2465461100193E04 /* XCRemoteSwiftPackageReference "pact-consumer-swift" */,
			);
			productRefGroup = 6FC63C2E241641B8007C8BF3 /* Products */;
			projectDirPath = "";
			projectRoot = "";
			targets = (
				6FC63C2C241641B8007C8BF3 /* Sonar */,
			);
		};
/* End PBXProject section */

/* Begin PBXResourcesBuildPhase section */
		6FC63C2B241641B8007C8BF3 /* Resources */ = {
			isa = PBXResourcesBuildPhase;
			buildActionMask = 2147483647;
			files = (
				0963C1F62488182300EF5B68 /* generate-release-note.yml in Resources */,
				212AB3BB24926C2E0091D92D /* remove-tag.yml in Resources */,
				0963C1F82488182300EF5B68 /* ci.yml in Resources */,
				6FC63C3B241641BA007C8BF3 /* LaunchScreen.storyboard in Resources */,
				A1E7A0592420028B0078174D /* NHS Colors.xcassets in Resources */,
				8947F833245AD97A00C4F1BB /* Settings.bundle in Resources */,
				F758B8BE242CB856003AE16D /* Localizable.strings in Resources */,
				6FC63C38241641BA007C8BF3 /* Assets.xcassets in Resources */,
				F618A566245C682500D89517 /* GoogleService-Info.plist in Resources */,
				895D9E462437458700573D4D /* AppIcon.xcassets in Resources */,
				0963C1FA2488182300EF5B68 /* trigger-deploys.yml in Resources */,
				0963C1F92488182300EF5B68 /* deploy.yml in Resources */,
			);
			runOnlyForDeploymentPostprocessing = 0;
		};
/* End PBXResourcesBuildPhase section */

/* Begin PBXShellScriptBuildPhase section */
		8947F834245AE41600C4F1BB /* Embed Build info */ = {
			isa = PBXShellScriptBuildPhase;
			buildActionMask = 2147483647;
			files = (
			);
			inputFileListPaths = (
			);
			inputPaths = (
			);
			name = "Embed Build info";
			outputFileListPaths = (
			);
			outputPaths = (
			);
			runOnlyForDeploymentPostprocessing = 0;
			shellPath = /bin/bash;
			shellScript = "bash \"$PROJECT_DIR/bin/embed_build_info\"\n";
			showEnvVarsInLog = 0;
		};
/* End PBXShellScriptBuildPhase section */

/* Begin PBXSourcesBuildPhase section */
		6FC63C29241641B8007C8BF3 /* Sources */ = {
			isa = PBXSourcesBuildPhase;
			buildActionMask = 2147483647;
			files = (
				F618A564245C682500D89517 /* Environment.swift in Sources */,
				DD521EC3249CF66600F058DA /* LinkButton.swift in Sources */,
				6FC63C31241641B8007C8BF3 /* AppDelegate.swift in Sources */,
				DD521EB9249CD69A00F058DA /* Colors.swift in Sources */,
				DD521EBF249CE8A400F058DA /* RootViewController.swift in Sources */,
			);
			runOnlyForDeploymentPostprocessing = 0;
		};
/* End PBXSourcesBuildPhase section */

/* Begin PBXVariantGroup section */
		6FC63C39241641BA007C8BF3 /* LaunchScreen.storyboard */ = {
			isa = PBXVariantGroup;
			children = (
				6FC63C3A241641BA007C8BF3 /* Base */,
			);
			name = LaunchScreen.storyboard;
			sourceTree = "<group>";
		};
/* End PBXVariantGroup section */

/* Begin XCBuildConfiguration section */
		6FC63C3D241641BA007C8BF3 /* Debug */ = {
			isa = XCBuildConfiguration;
			baseConfigurationReference = 89388B8C2435E370009D60CF /* Debug.xcconfig */;
			buildSettings = {
			};
			name = Debug;
		};
		6FC63C3E241641BA007C8BF3 /* Release */ = {
			isa = XCBuildConfiguration;
			baseConfigurationReference = 89388B8E2435E673009D60CF /* Release.xcconfig */;
			buildSettings = {
			};
			name = Release;
		};
		6FC63C40241641BA007C8BF3 /* Debug */ = {
			isa = XCBuildConfiguration;
			baseConfigurationReference = F618A562245C682500D89517 /* Sonar.xcconfig */;
			buildSettings = {
				SWIFT_INSTALL_OBJC_HEADER = YES;
				SWIFT_OBJC_BRIDGING_HEADER = "";
				SWIFT_PRECOMPILE_BRIDGING_HEADER = NO;
			};
			name = Debug;
		};
		6FC63C41241641BA007C8BF3 /* Release */ = {
			isa = XCBuildConfiguration;
			baseConfigurationReference = F618A562245C682500D89517 /* Sonar.xcconfig */;
			buildSettings = {
				SWIFT_INSTALL_OBJC_HEADER = YES;
				SWIFT_OBJC_BRIDGING_HEADER = "";
				SWIFT_PRECOMPILE_BRIDGING_HEADER = NO;
			};
			name = Release;
		};
/* End XCBuildConfiguration section */

/* Begin XCConfigurationList section */
		6FC63C28241641B8007C8BF3 /* Build configuration list for PBXProject "Sonar" */ = {
			isa = XCConfigurationList;
			buildConfigurations = (
				6FC63C3D241641BA007C8BF3 /* Debug */,
				6FC63C3E241641BA007C8BF3 /* Release */,
			);
			defaultConfigurationIsVisible = 0;
			defaultConfigurationName = Release;
		};
		6FC63C3F241641BA007C8BF3 /* Build configuration list for PBXNativeTarget "Sonar" */ = {
			isa = XCConfigurationList;
			buildConfigurations = (
				6FC63C40241641BA007C8BF3 /* Debug */,
				6FC63C41241641BA007C8BF3 /* Release */,
			);
			defaultConfigurationIsVisible = 0;
			defaultConfigurationName = Release;
		};
/* End XCConfigurationList section */

/* Begin XCRemoteSwiftPackageReference section */
		89F06B2A2434A2C00074C612 /* XCRemoteSwiftPackageReference "swift-log" */ = {
			isa = XCRemoteSwiftPackageReference;
			repositoryURL = "https://github.com/apple/swift-log.git";
			requirement = {
				kind = upToNextMajorVersion;
				minimumVersion = 1.2.0;
			};
		};
		B7363DCA2465461100193E04 /* XCRemoteSwiftPackageReference "pact-consumer-swift" */ = {
			isa = XCRemoteSwiftPackageReference;
			repositoryURL = "https://github.com/DiUS/pact-consumer-swift";
			requirement = {
				kind = upToNextMajorVersion;
				minimumVersion = 0.8.1;
			};
		};
/* End XCRemoteSwiftPackageReference section */
	};
	rootObject = 6FC63C25241641B8007C8BF3 /* Project object */;
}
