// !$*UTF8*$!
{
	archiveVersion = 1;
	classes = {
	};
	objectVersion = 52;
	objects = {

/* Begin PBXBuildFile section */
		0901D7732490106E008BD048 /* GoogleService-Info.plist in Resources */ = {isa = PBXBuildFile; fileRef = F618A563245C682500D89517 /* GoogleService-Info.plist */; };
		09285F9C24918885005B2A1C /* RegistrationCanaryEnvironment.swift in Sources */ = {isa = PBXBuildFile; fileRef = 09285F9B24918885005B2A1C /* RegistrationCanaryEnvironment.swift */; };
		0963C1F62488182300EF5B68 /* generate-release-note.yml in Resources */ = {isa = PBXBuildFile; fileRef = 0963C1F12488182300EF5B68 /* generate-release-note.yml */; };
		0963C1F82488182300EF5B68 /* ci.yml in Resources */ = {isa = PBXBuildFile; fileRef = 0963C1F32488182300EF5B68 /* ci.yml */; };
		0963C1F92488182300EF5B68 /* deploy.yml in Resources */ = {isa = PBXBuildFile; fileRef = 0963C1F42488182300EF5B68 /* deploy.yml */; };
		0963C1FA2488182300EF5B68 /* trigger-deploys.yml in Resources */ = {isa = PBXBuildFile; fileRef = 0963C1F52488182300EF5B68 /* trigger-deploys.yml */; };
		09955819248FF86300FE97DE /* Environment.swift in Sources */ = {isa = PBXBuildFile; fileRef = F618A561245C682500D89517 /* Environment.swift */; };
		0995581A248FF8C500FE97DE /* FirebaseMessaging.framework in Frameworks */ = {isa = PBXBuildFile; fileRef = F78CEB55242B7EBF002254AD /* FirebaseMessaging.framework */; };
		0995581C248FF8C500FE97DE /* FirebaseInstanceID.framework in Frameworks */ = {isa = PBXBuildFile; fileRef = F78CEB69242B8D3E002254AD /* FirebaseInstanceID.framework */; };
		0995581E248FF8C500FE97DE /* FirebaseInstallations.framework in Frameworks */ = {isa = PBXBuildFile; fileRef = F78CEB6B242B8D84002254AD /* FirebaseInstallations.framework */; };
		09955820248FF8C500FE97DE /* FirebaseCoreDiagnostics.framework in Frameworks */ = {isa = PBXBuildFile; fileRef = F78CEB56242B7EBF002254AD /* FirebaseCoreDiagnostics.framework */; };
		09955822248FF8C500FE97DE /* FirebaseCore.framework in Frameworks */ = {isa = PBXBuildFile; fileRef = F78CEB57242B7EBF002254AD /* FirebaseCore.framework */; };
		09955824248FF8C500FE97DE /* Protobuf.framework in Frameworks */ = {isa = PBXBuildFile; fileRef = F78CEB59242B7EC0002254AD /* Protobuf.framework */; };
		09955826248FF8C500FE97DE /* nanopb.framework in Frameworks */ = {isa = PBXBuildFile; fileRef = F78CEB72242B937F002254AD /* nanopb.framework */; };
		09955828248FF8C500FE97DE /* GoogleUtilities.framework in Frameworks */ = {isa = PBXBuildFile; fileRef = F78CEB6E242B92CF002254AD /* GoogleUtilities.framework */; };
		0995582A248FF8C500FE97DE /* GoogleDataTransport.framework in Frameworks */ = {isa = PBXBuildFile; fileRef = F78CEB70242B9305002254AD /* GoogleDataTransport.framework */; };
		0995582D248FF8ED00FE97DE /* PromisesObjC.framework in Frameworks */ = {isa = PBXBuildFile; fileRef = F78CEB58242B7EC0002254AD /* PromisesObjC.framework */; };
		09955830248FF8F500FE97DE /* Logging in Frameworks */ = {isa = PBXBuildFile; productRef = 0995582F248FF8F500FE97DE /* Logging */; };
		0997D056243BDEEC0067346C /* RootViewController.swift in Sources */ = {isa = PBXBuildFile; fileRef = 0997D055243BDEEC0067346C /* RootViewController.swift */; };
		1377C70524A0BC3D00261001 /* LinkButton.swift in Sources */ = {isa = PBXBuildFile; fileRef = 1377C70424A0BC3D00261001 /* LinkButton.swift */; };
		212AB3BB24926C2E0091D92D /* remove-tag.yml in Resources */ = {isa = PBXBuildFile; fileRef = 212AB3BA24926C2E0091D92D /* remove-tag.yml */; };
		21B3D2E82429115600573061 /* CoreBluetooth.framework in Frameworks */ = {isa = PBXBuildFile; fileRef = 21B3D2E72429115600573061 /* CoreBluetooth.framework */; };
		6FC63C31241641B8007C8BF3 /* AppDelegate.swift in Sources */ = {isa = PBXBuildFile; fileRef = 6FC63C30241641B8007C8BF3 /* AppDelegate.swift */; };
		6FC63C38241641BA007C8BF3 /* Assets.xcassets in Resources */ = {isa = PBXBuildFile; fileRef = 6FC63C37241641BA007C8BF3 /* Assets.xcassets */; };
		6FC63C3B241641BA007C8BF3 /* LaunchScreen.storyboard in Resources */ = {isa = PBXBuildFile; fileRef = 6FC63C39241641BA007C8BF3 /* LaunchScreen.storyboard */; };
		8947F833245AD97A00C4F1BB /* Settings.bundle in Resources */ = {isa = PBXBuildFile; fileRef = 8947F832245AD97A00C4F1BB /* Settings.bundle */; };
		895D9E462437458700573D4D /* AppIcon.xcassets in Resources */ = {isa = PBXBuildFile; fileRef = 895D9E452437458700573D4D /* AppIcon.xcassets */; };
		A1E7A0592420028B0078174D /* NHS Colors.xcassets in Resources */ = {isa = PBXBuildFile; fileRef = A1E7A0582420028B0078174D /* NHS Colors.xcassets */; };
		B7363DDE2468B5AB00193E04 /* PactConsumerSwift in Frameworks */ = {isa = PBXBuildFile; productRef = B7363DDD2468B5AB00193E04 /* PactConsumerSwift */; };
		DD6B15852488072E00C1DE5E /* Colors.swift in Sources */ = {isa = PBXBuildFile; fileRef = DD6B15842488072E00C1DE5E /* Colors.swift */; };
		F618A564245C682500D89517 /* Environment.swift in Sources */ = {isa = PBXBuildFile; fileRef = F618A561245C682500D89517 /* Environment.swift */; };
		F618A566245C682500D89517 /* GoogleService-Info.plist in Resources */ = {isa = PBXBuildFile; fileRef = F618A563245C682500D89517 /* GoogleService-Info.plist */; };
		F758B8BE242CB856003AE16D /* Localizable.strings in Resources */ = {isa = PBXBuildFile; fileRef = F758B8BD242CB856003AE16D /* Localizable.strings */; };
		F78CEB5A242B7EC0002254AD /* FirebaseMessaging.framework in Frameworks */ = {isa = PBXBuildFile; fileRef = F78CEB55242B7EBF002254AD /* FirebaseMessaging.framework */; };
		F78CEB5B242B7EC0002254AD /* FirebaseCoreDiagnostics.framework in Frameworks */ = {isa = PBXBuildFile; fileRef = F78CEB56242B7EBF002254AD /* FirebaseCoreDiagnostics.framework */; };
		F78CEB5C242B7EC0002254AD /* FirebaseCore.framework in Frameworks */ = {isa = PBXBuildFile; fileRef = F78CEB57242B7EBF002254AD /* FirebaseCore.framework */; };
		F78CEB5D242B7EC0002254AD /* PromisesObjC.framework in Frameworks */ = {isa = PBXBuildFile; fileRef = F78CEB58242B7EC0002254AD /* PromisesObjC.framework */; };
		F78CEB5E242B7EC0002254AD /* Protobuf.framework in Frameworks */ = {isa = PBXBuildFile; fileRef = F78CEB59242B7EC0002254AD /* Protobuf.framework */; };
		F78CEB6A242B8D3F002254AD /* FirebaseInstanceID.framework in Frameworks */ = {isa = PBXBuildFile; fileRef = F78CEB69242B8D3E002254AD /* FirebaseInstanceID.framework */; };
		F78CEB6C242B8D84002254AD /* FirebaseInstallations.framework in Frameworks */ = {isa = PBXBuildFile; fileRef = F78CEB6B242B8D84002254AD /* FirebaseInstallations.framework */; };
		F78CEB6F242B92CF002254AD /* GoogleUtilities.framework in Frameworks */ = {isa = PBXBuildFile; fileRef = F78CEB6E242B92CF002254AD /* GoogleUtilities.framework */; };
		F78CEB71242B9305002254AD /* GoogleDataTransport.framework in Frameworks */ = {isa = PBXBuildFile; fileRef = F78CEB70242B9305002254AD /* GoogleDataTransport.framework */; };
		F78CEB73242B937F002254AD /* nanopb.framework in Frameworks */ = {isa = PBXBuildFile; fileRef = F78CEB72242B937F002254AD /* nanopb.framework */; };
		F7D62F2724406FC8004C32A2 /* Logging in Frameworks */ = {isa = PBXBuildFile; productRef = 89F06B2B2434A2C00074C612 /* Logging */; };
/* End PBXBuildFile section */

/* Begin PBXContainerItemProxy section */
		214209C42422276800C7BFF3 /* PBXContainerItemProxy */ = {
			isa = PBXContainerItemProxy;
			containerPortal = 6FC63C25241641B8007C8BF3 /* Project object */;
			proxyType = 1;
			remoteGlobalIDString = 6FC63C2C241641B8007C8BF3;
			remoteInfo = CoLocate;
		};
		895D9DE32437383300573D4D /* PBXContainerItemProxy */ = {
			isa = PBXContainerItemProxy;
			containerPortal = 6FC63C25241641B8007C8BF3 /* Project object */;
			proxyType = 1;
			remoteGlobalIDString = 6FC63C2C241641B8007C8BF3;
			remoteInfo = CoLocate;
		};
		B7363DD82468B35700193E04 /* PBXContainerItemProxy */ = {
			isa = PBXContainerItemProxy;
			containerPortal = 6FC63C25241641B8007C8BF3 /* Project object */;
			proxyType = 1;
			remoteGlobalIDString = 6FC63C2C241641B8007C8BF3;
			remoteInfo = Sonar;
		};
/* End PBXContainerItemProxy section */

/* Begin PBXFileReference section */
		068B8ABB245C11C0000EAB4C /* clean-artifacts.yml */ = {isa = PBXFileReference; lastKnownFileType = text.yaml; path = "clean-artifacts.yml"; sourceTree = "<group>"; };
		09285F9B24918885005B2A1C /* RegistrationCanaryEnvironment.swift */ = {isa = PBXFileReference; lastKnownFileType = sourcecode.swift; path = RegistrationCanaryEnvironment.swift; sourceTree = "<group>"; };
		0935CCE7248FE22D0008E868 /* .app */ = {isa = PBXFileReference; explicitFileType = wrapper.application; includeInIndex = 0; path = .app; sourceTree = BUILT_PRODUCTS_DIR; };
		0963C1F12488182300EF5B68 /* generate-release-note.yml */ = {isa = PBXFileReference; fileEncoding = 4; lastKnownFileType = text.yaml; path = "generate-release-note.yml"; sourceTree = "<group>"; };
		0963C1F22488182300EF5B68 /* remove-support.yml */ = {isa = PBXFileReference; fileEncoding = 4; lastKnownFileType = text.yaml; path = "remove-support.yml"; sourceTree = "<group>"; };
		0963C1F32488182300EF5B68 /* ci.yml */ = {isa = PBXFileReference; fileEncoding = 4; lastKnownFileType = text.yaml; path = ci.yml; sourceTree = "<group>"; };
		0963C1F42488182300EF5B68 /* deploy.yml */ = {isa = PBXFileReference; fileEncoding = 4; lastKnownFileType = text.yaml; path = deploy.yml; sourceTree = "<group>"; };
		0963C1F52488182300EF5B68 /* trigger-deploys.yml */ = {isa = PBXFileReference; fileEncoding = 4; lastKnownFileType = text.yaml; path = "trigger-deploys.yml"; sourceTree = "<group>"; };
		0997D055243BDEEC0067346C /* RootViewController.swift */ = {isa = PBXFileReference; lastKnownFileType = sourcecode.swift; path = RootViewController.swift; sourceTree = "<group>"; };
		1376F7D8247EA44E00524CEE /* 4_negative_test.apns */ = {isa = PBXFileReference; lastKnownFileType = text; path = 4_negative_test.apns; sourceTree = "<group>"; };
		1377C70424A0BC3D00261001 /* LinkButton.swift */ = {isa = PBXFileReference; lastKnownFileType = sourcecode.swift; path = LinkButton.swift; sourceTree = "<group>"; };
		138E50E12477C4E40027F2D3 /* 3_positive_test.apns */ = {isa = PBXFileReference; fileEncoding = 4; lastKnownFileType = text; path = 3_positive_test.apns; sourceTree = "<group>"; };
		212AB3BA24926C2E0091D92D /* remove-tag.yml */ = {isa = PBXFileReference; lastKnownFileType = text.yaml; path = "remove-tag.yml"; sourceTree = "<group>"; };
		214209BF2422276800C7BFF3 /* .xctest */ = {isa = PBXFileReference; explicitFileType = wrapper.cfbundle; includeInIndex = 0; path = .xctest; sourceTree = BUILT_PRODUCTS_DIR; };
		21B3D2E72429115600573061 /* CoreBluetooth.framework */ = {isa = PBXFileReference; lastKnownFileType = wrapper.framework; name = CoreBluetooth.framework; path = System/Library/Frameworks/CoreBluetooth.framework; sourceTree = SDKROOT; };
		6FC63C2D241641B8007C8BF3 /* Sonar.app */ = {isa = PBXFileReference; explicitFileType = wrapper.application; includeInIndex = 0; path = Sonar.app; sourceTree = BUILT_PRODUCTS_DIR; };
		6FC63C30241641B8007C8BF3 /* AppDelegate.swift */ = {isa = PBXFileReference; lastKnownFileType = sourcecode.swift; path = AppDelegate.swift; sourceTree = "<group>"; };
		6FC63C37241641BA007C8BF3 /* Assets.xcassets */ = {isa = PBXFileReference; lastKnownFileType = folder.assetcatalog; path = Assets.xcassets; sourceTree = "<group>"; };
		6FC63C3A241641BA007C8BF3 /* Base */ = {isa = PBXFileReference; lastKnownFileType = file.storyboard; name = Base; path = Base.lproj/LaunchScreen.storyboard; sourceTree = "<group>"; };
		6FC63C3C241641BA007C8BF3 /* Info.plist */ = {isa = PBXFileReference; lastKnownFileType = text.plist.xml; path = Info.plist; sourceTree = "<group>"; };
		89388B8C2435E370009D60CF /* Debug.xcconfig */ = {isa = PBXFileReference; lastKnownFileType = text.xcconfig; path = Debug.xcconfig; sourceTree = "<group>"; };
		89388B8E2435E673009D60CF /* Release.xcconfig */ = {isa = PBXFileReference; lastKnownFileType = text.xcconfig; path = Release.xcconfig; sourceTree = "<group>"; };
		8947F832245AD97A00C4F1BB /* Settings.bundle */ = {isa = PBXFileReference; lastKnownFileType = "wrapper.plug-in"; path = Settings.bundle; sourceTree = "<group>"; };
		895D9DDE2437383300573D4D /* .xctest */ = {isa = PBXFileReference; explicitFileType = wrapper.cfbundle; includeInIndex = 0; path = .xctest; sourceTree = BUILT_PRODUCTS_DIR; };
		895D9E452437458700573D4D /* AppIcon.xcassets */ = {isa = PBXFileReference; lastKnownFileType = folder.assetcatalog; path = AppIcon.xcassets; sourceTree = "<group>"; };
		89896E5F2435F15C00F949EA /* Base.xcconfig */ = {isa = PBXFileReference; lastKnownFileType = text.xcconfig; path = Base.xcconfig; sourceTree = "<group>"; };
		898BA15B2435E28E00EBD35D /* Project.xcconfig */ = {isa = PBXFileReference; lastKnownFileType = text.xcconfig; path = Project.xcconfig; sourceTree = "<group>"; };
		A1E7A0582420028B0078174D /* NHS Colors.xcassets */ = {isa = PBXFileReference; lastKnownFileType = folder.assetcatalog; path = "NHS Colors.xcassets"; sourceTree = "<group>"; };
		B7363DD32468B35700193E04 /* .xctest */ = {isa = PBXFileReference; explicitFileType = wrapper.cfbundle; includeInIndex = 0; path = .xctest; sourceTree = BUILT_PRODUCTS_DIR; };
		DD46B0D4247FC57400FB3B87 /* 2_exposure.apns */ = {isa = PBXFileReference; fileEncoding = 4; lastKnownFileType = text; path = 2_exposure.apns; sourceTree = "<group>"; };
		DD6B15842488072E00C1DE5E /* Colors.swift */ = {isa = PBXFileReference; lastKnownFileType = sourcecode.swift; path = Colors.swift; sourceTree = "<group>"; };
		F60497602451FA42002B8503 /* Environment.swift.erb */ = {isa = PBXFileReference; lastKnownFileType = text; path = Environment.swift.erb; sourceTree = "<group>"; };
		F604976224521574002B8503 /* Sonar.xcconfig.sample */ = {isa = PBXFileReference; fileEncoding = 4; lastKnownFileType = text; path = Sonar.xcconfig.sample; sourceTree = "<group>"; };
		F6049764245215A3002B8503 /* environment.json */ = {isa = PBXFileReference; fileEncoding = 4; lastKnownFileType = text.json; path = environment.json; sourceTree = "<group>"; };
		F618A561245C682500D89517 /* Environment.swift */ = {isa = PBXFileReference; fileEncoding = 4; lastKnownFileType = sourcecode.swift; path = Environment.swift; sourceTree = "<group>"; };
		F618A562245C682500D89517 /* Sonar.xcconfig */ = {isa = PBXFileReference; fileEncoding = 4; lastKnownFileType = text.xcconfig; path = Sonar.xcconfig; sourceTree = "<group>"; };
		F618A563245C682500D89517 /* GoogleService-Info.plist */ = {isa = PBXFileReference; fileEncoding = 4; lastKnownFileType = text.plist.xml; path = "GoogleService-Info.plist"; sourceTree = "<group>"; };
		F680E702245F7E0800EA6135 /* 1_activation_code.apns */ = {isa = PBXFileReference; fileEncoding = 4; lastKnownFileType = text; path = 1_activation_code.apns; sourceTree = "<group>"; };
		F68D8FE324476F0B008BAAAA /* beta.xcconfig */ = {isa = PBXFileReference; lastKnownFileType = text.xcconfig; path = beta.xcconfig; sourceTree = "<group>"; };
		F68D8FE424477031008BAAAA /* production.xcconfig */ = {isa = PBXFileReference; fileEncoding = 4; lastKnownFileType = text.xcconfig; path = production.xcconfig; sourceTree = "<group>"; };
		F68D8FE524477031008BAAAA /* internal.xcconfig */ = {isa = PBXFileReference; fileEncoding = 4; lastKnownFileType = text.xcconfig; path = internal.xcconfig; sourceTree = "<group>"; };
		F6CA2818242E41F700F8DC55 /* README.md */ = {isa = PBXFileReference; fileEncoding = 4; lastKnownFileType = net.daringfireball.markdown; path = README.md; sourceTree = "<group>"; };
		F758B8BD242CB856003AE16D /* Localizable.strings */ = {isa = PBXFileReference; fileEncoding = 4; lastKnownFileType = text.plist.strings; path = Localizable.strings; sourceTree = "<group>"; };
		F78CEB53242B7E18002254AD /* Sonar-Bridging-Header.h */ = {isa = PBXFileReference; lastKnownFileType = sourcecode.c.h; path = "Sonar-Bridging-Header.h"; sourceTree = "<group>"; };
		F78CEB55242B7EBF002254AD /* FirebaseMessaging.framework */ = {isa = PBXFileReference; lastKnownFileType = wrapper.framework; name = FirebaseMessaging.framework; path = Frameworks/FirebaseMessaging.framework; sourceTree = "<group>"; };
		F78CEB56242B7EBF002254AD /* FirebaseCoreDiagnostics.framework */ = {isa = PBXFileReference; lastKnownFileType = wrapper.framework; name = FirebaseCoreDiagnostics.framework; path = Frameworks/FirebaseCoreDiagnostics.framework; sourceTree = "<group>"; };
		F78CEB57242B7EBF002254AD /* FirebaseCore.framework */ = {isa = PBXFileReference; lastKnownFileType = wrapper.framework; name = FirebaseCore.framework; path = Frameworks/FirebaseCore.framework; sourceTree = "<group>"; };
		F78CEB58242B7EC0002254AD /* PromisesObjC.framework */ = {isa = PBXFileReference; lastKnownFileType = wrapper.framework; name = PromisesObjC.framework; path = Frameworks/PromisesObjC.framework; sourceTree = "<group>"; };
		F78CEB59242B7EC0002254AD /* Protobuf.framework */ = {isa = PBXFileReference; lastKnownFileType = wrapper.framework; name = Protobuf.framework; path = Frameworks/Protobuf.framework; sourceTree = "<group>"; };
		F78CEB64242B8137002254AD /* Firebase.h */ = {isa = PBXFileReference; fileEncoding = 4; lastKnownFileType = sourcecode.c.h; name = Firebase.h; path = Frameworks/Firebase.framework/Headers/Firebase.h; sourceTree = SOURCE_ROOT; };
		F78CEB66242B819E002254AD /* module.modulemap */ = {isa = PBXFileReference; fileEncoding = 4; lastKnownFileType = "sourcecode.module-map"; name = module.modulemap; path = Frameworks/Firebase.framework/Modules/module.modulemap; sourceTree = SOURCE_ROOT; };
		F78CEB69242B8D3E002254AD /* FirebaseInstanceID.framework */ = {isa = PBXFileReference; lastKnownFileType = wrapper.framework; name = FirebaseInstanceID.framework; path = Frameworks/FirebaseInstanceID.framework; sourceTree = "<group>"; };
		F78CEB6B242B8D84002254AD /* FirebaseInstallations.framework */ = {isa = PBXFileReference; lastKnownFileType = wrapper.framework; name = FirebaseInstallations.framework; path = Frameworks/FirebaseInstallations.framework; sourceTree = "<group>"; };
		F78CEB6E242B92CF002254AD /* GoogleUtilities.framework */ = {isa = PBXFileReference; lastKnownFileType = wrapper.framework; name = GoogleUtilities.framework; path = Frameworks/GoogleUtilities.framework; sourceTree = "<group>"; };
		F78CEB70242B9305002254AD /* GoogleDataTransport.framework */ = {isa = PBXFileReference; lastKnownFileType = wrapper.framework; name = GoogleDataTransport.framework; path = Frameworks/GoogleDataTransport.framework; sourceTree = "<group>"; };
		F78CEB72242B937F002254AD /* nanopb.framework */ = {isa = PBXFileReference; lastKnownFileType = wrapper.framework; name = nanopb.framework; path = Frameworks/nanopb.framework; sourceTree = "<group>"; };
		F78CEB74242BAC83002254AD /* Sonar.entitlements */ = {isa = PBXFileReference; lastKnownFileType = text.plist.entitlements; path = Sonar.entitlements; sourceTree = "<group>"; };
/* End PBXFileReference section */

/* Begin PBXFrameworksBuildPhase section */
		0935CCE4248FE22D0008E868 /* Frameworks */ = {
			isa = PBXFrameworksBuildPhase;
			buildActionMask = 2147483647;
			files = (
				09955822248FF8C500FE97DE /* FirebaseCore.framework in Frameworks */,
				09955820248FF8C500FE97DE /* FirebaseCoreDiagnostics.framework in Frameworks */,
				0995581E248FF8C500FE97DE /* FirebaseInstallations.framework in Frameworks */,
				0995581C248FF8C500FE97DE /* FirebaseInstanceID.framework in Frameworks */,
				0995581A248FF8C500FE97DE /* FirebaseMessaging.framework in Frameworks */,
				0995582A248FF8C500FE97DE /* GoogleDataTransport.framework in Frameworks */,
				09955828248FF8C500FE97DE /* GoogleUtilities.framework in Frameworks */,
				09955830248FF8F500FE97DE /* Logging in Frameworks */,
				09955826248FF8C500FE97DE /* nanopb.framework in Frameworks */,
				0995582D248FF8ED00FE97DE /* PromisesObjC.framework in Frameworks */,
				09955824248FF8C500FE97DE /* Protobuf.framework in Frameworks */,
			);
			runOnlyForDeploymentPostprocessing = 0;
		};
		214209BC2422276800C7BFF3 /* Frameworks */ = {
			isa = PBXFrameworksBuildPhase;
			buildActionMask = 2147483647;
			files = (
			);
			runOnlyForDeploymentPostprocessing = 0;
		};
		6FC63C2A241641B8007C8BF3 /* Frameworks */ = {
			isa = PBXFrameworksBuildPhase;
			buildActionMask = 2147483647;
			files = (
				F78CEB5D242B7EC0002254AD /* PromisesObjC.framework in Frameworks */,
				F78CEB5C242B7EC0002254AD /* FirebaseCore.framework in Frameworks */,
				F78CEB71242B9305002254AD /* GoogleDataTransport.framework in Frameworks */,
				F78CEB5B242B7EC0002254AD /* FirebaseCoreDiagnostics.framework in Frameworks */,
				F78CEB6A242B8D3F002254AD /* FirebaseInstanceID.framework in Frameworks */,
				F78CEB6C242B8D84002254AD /* FirebaseInstallations.framework in Frameworks */,
				F7D62F2724406FC8004C32A2 /* Logging in Frameworks */,
				F78CEB5A242B7EC0002254AD /* FirebaseMessaging.framework in Frameworks */,
				21B3D2E82429115600573061 /* CoreBluetooth.framework in Frameworks */,
				F78CEB6F242B92CF002254AD /* GoogleUtilities.framework in Frameworks */,
				F78CEB73242B937F002254AD /* nanopb.framework in Frameworks */,
				F78CEB5E242B7EC0002254AD /* Protobuf.framework in Frameworks */,
			);
			runOnlyForDeploymentPostprocessing = 0;
		};
		895D9DDB2437383300573D4D /* Frameworks */ = {
			isa = PBXFrameworksBuildPhase;
			buildActionMask = 2147483647;
			files = (
			);
			runOnlyForDeploymentPostprocessing = 0;
		};
		B7363DD02468B35700193E04 /* Frameworks */ = {
			isa = PBXFrameworksBuildPhase;
			buildActionMask = 2147483647;
			files = (
				B7363DDE2468B5AB00193E04 /* PactConsumerSwift in Frameworks */,
			);
			runOnlyForDeploymentPostprocessing = 0;
		};
/* End PBXFrameworksBuildPhase section */

/* Begin PBXGroup section */
		068B8AB7245C11C0000EAB4C /* .github */ = {
			isa = PBXGroup;
			children = (
				068B8AB8245C11C0000EAB4C /* workflows */,
			);
			path = .github;
			sourceTree = "<group>";
		};
		068B8AB8245C11C0000EAB4C /* workflows */ = {
			isa = PBXGroup;
			children = (
				212AB3BA24926C2E0091D92D /* remove-tag.yml */,
				0963C1F32488182300EF5B68 /* ci.yml */,
				0963C1F42488182300EF5B68 /* deploy.yml */,
				0963C1F12488182300EF5B68 /* generate-release-note.yml */,
				0963C1F22488182300EF5B68 /* remove-support.yml */,
				0963C1F52488182300EF5B68 /* trigger-deploys.yml */,
				068B8ABB245C11C0000EAB4C /* clean-artifacts.yml */,
			);
			path = workflows;
			sourceTree = "<group>";
		};
		214209B72422155200C7BFF3 /* Appearance */ = {
			isa = PBXGroup;
			children = (
				DD6B15842488072E00C1DE5E /* Colors.swift */,
			);
			path = Appearance;
			sourceTree = "<group>";
		};
		21B3D2E62429115600573061 /* Frameworks */ = {
			isa = PBXGroup;
			children = (
				F78CEB72242B937F002254AD /* nanopb.framework */,
				F78CEB70242B9305002254AD /* GoogleDataTransport.framework */,
				F78CEB6E242B92CF002254AD /* GoogleUtilities.framework */,
				F78CEB6B242B8D84002254AD /* FirebaseInstallations.framework */,
				F78CEB69242B8D3E002254AD /* FirebaseInstanceID.framework */,
				F78CEB57242B7EBF002254AD /* FirebaseCore.framework */,
				F78CEB56242B7EBF002254AD /* FirebaseCoreDiagnostics.framework */,
				F78CEB55242B7EBF002254AD /* FirebaseMessaging.framework */,
				F78CEB58242B7EC0002254AD /* PromisesObjC.framework */,
				F78CEB59242B7EC0002254AD /* Protobuf.framework */,
				21B3D2E72429115600573061 /* CoreBluetooth.framework */,
			);
			name = Frameworks;
			sourceTree = "<group>";
		};
		6FC63C24241641B8007C8BF3 = {
			isa = PBXGroup;
			children = (
				F6CA2818242E41F700F8DC55 /* README.md */,
				068B8AB7245C11C0000EAB4C /* .github */,
				F618A560245C682500D89517 /* .secret */,
				898BA15A2435E26C00EBD35D /* Configurations */,
				F680E700245F7E0800EA6135 /* Example Notifications */,
				F78CEB63242B809B002254AD /* Firebase */,
				6FC63C2F241641B8007C8BF3 /* Sonar */,
				21B3D2E62429115600573061 /* Frameworks */,
				6FC63C2E241641B8007C8BF3 /* Products */,
			);
			sourceTree = "<group>";
		};
		6FC63C2E241641B8007C8BF3 /* Products */ = {
			isa = PBXGroup;
			children = (
				6FC63C2D241641B8007C8BF3 /* Sonar.app */,
				214209BF2422276800C7BFF3 /* .xctest */,
				895D9DDE2437383300573D4D /* .xctest */,
				B7363DD32468B35700193E04 /* .xctest */,
				0935CCE7248FE22D0008E868 /* .app */,
			);
			name = Products;
			sourceTree = "<group>";
		};
		6FC63C2F241641B8007C8BF3 /* Sonar */ = {
			isa = PBXGroup;
			children = (
				F78CEB74242BAC83002254AD /* Sonar.entitlements */,
				6FC63C39241641BA007C8BF3 /* LaunchScreen.storyboard */,
				F78CEB53242B7E18002254AD /* Sonar-Bridging-Header.h */,
				6FC63C3C241641BA007C8BF3 /* Info.plist */,
				6FC63C30241641B8007C8BF3 /* AppDelegate.swift */,
				0997D055243BDEEC0067346C /* RootViewController.swift */,
				1377C70424A0BC3D00261001 /* LinkButton.swift */,
				6FC63C37241641BA007C8BF3 /* Assets.xcassets */,
				A1E7A0582420028B0078174D /* NHS Colors.xcassets */,
				89896E5F2435F15C00F949EA /* Base.xcconfig */,
				214209B72422155200C7BFF3 /* Appearance */,
				F68D8FD424476846008BAAAA /* Environments */,
				F758B8BC242CB83B003AE16D /* Resources */,
			);
			path = Sonar;
			sourceTree = "<group>";
		};
		898BA15A2435E26C00EBD35D /* Configurations */ = {
			isa = PBXGroup;
			children = (
				89388B8C2435E370009D60CF /* Debug.xcconfig */,
				89388B8E2435E673009D60CF /* Release.xcconfig */,
				898BA15B2435E28E00EBD35D /* Project.xcconfig */,
			);
			path = Configurations;
			sourceTree = "<group>";
		};
		F618A560245C682500D89517 /* .secret */ = {
			isa = PBXGroup;
			children = (
				F618A561245C682500D89517 /* Environment.swift */,
				F618A562245C682500D89517 /* Sonar.xcconfig */,
				F618A563245C682500D89517 /* GoogleService-Info.plist */,
				09285F9B24918885005B2A1C /* RegistrationCanaryEnvironment.swift */,
			);
			path = .secret;
			sourceTree = "<group>";
		};
		F680E700245F7E0800EA6135 /* Example Notifications */ = {
			isa = PBXGroup;
			children = (
				F680E702245F7E0800EA6135 /* 1_activation_code.apns */,
				DD46B0D4247FC57400FB3B87 /* 2_exposure.apns */,
				138E50E12477C4E40027F2D3 /* 3_positive_test.apns */,
				1376F7D8247EA44E00524CEE /* 4_negative_test.apns */,
			);
			path = "Example Notifications";
			sourceTree = "<group>";
		};
		F68D8FD424476846008BAAAA /* Environments */ = {
			isa = PBXGroup;
			children = (
				F60497602451FA42002B8503 /* Environment.swift.erb */,
				F6049764245215A3002B8503 /* environment.json */,
				F604976224521574002B8503 /* Sonar.xcconfig.sample */,
				F68D8FE324476F0B008BAAAA /* beta.xcconfig */,
				F68D8FE524477031008BAAAA /* internal.xcconfig */,
				F68D8FE424477031008BAAAA /* production.xcconfig */,
			);
			path = Environments;
			sourceTree = "<group>";
		};
		F758B8BC242CB83B003AE16D /* Resources */ = {
			isa = PBXGroup;
			children = (
				F758B8BD242CB856003AE16D /* Localizable.strings */,
				895D9E452437458700573D4D /* AppIcon.xcassets */,
				8947F832245AD97A00C4F1BB /* Settings.bundle */,
			);
			path = Resources;
			sourceTree = "<group>";
		};
		F78CEB63242B809B002254AD /* Firebase */ = {
			isa = PBXGroup;
			children = (
				F78CEB66242B819E002254AD /* module.modulemap */,
				F78CEB64242B8137002254AD /* Firebase.h */,
			);
			path = Firebase;
			sourceTree = "<group>";
		};
/* End PBXGroup section */

/* Begin PBXNativeTarget section */
		0935CCE6248FE22D0008E868 /* RegistrationCanary */ = {
			isa = PBXNativeTarget;
			buildConfigurationList = 0935CCFA248FE22E0008E868 /* Build configuration list for PBXNativeTarget "RegistrationCanary" */;
			buildPhases = (
				0935CCE3248FE22D0008E868 /* Sources */,
				0935CCE4248FE22D0008E868 /* Frameworks */,
				0935CCE5248FE22D0008E868 /* Resources */,
			);
			buildRules = (
			);
			dependencies = (
			);
			name = RegistrationCanary;
			packageProductDependencies = (
				0995582F248FF8F500FE97DE /* Logging */,
			);
			productName = RegistrationCanary;
			productReference = 0935CCE7248FE22D0008E868 /* .app */;
			productType = "com.apple.product-type.application";
		};
		214209BE2422276800C7BFF3 /* SonarTests */ = {
			isa = PBXNativeTarget;
			buildConfigurationList = 214209C62422276800C7BFF3 /* Build configuration list for PBXNativeTarget "SonarTests" */;
			buildPhases = (
				F6201F0824997B600005EE9B /* Generate Input File List for MoreStatusStateMachineTests */,
				F643C2DC248FF83E0052A282 /* Generate MoreStatusStateMachineTests */,
				214209BB2422276800C7BFF3 /* Sources */,
				214209BC2422276800C7BFF3 /* Frameworks */,
				214209BD2422276800C7BFF3 /* Resources */,
			);
			buildRules = (
			);
			dependencies = (
				214209C52422276800C7BFF3 /* PBXTargetDependency */,
			);
			name = SonarTests;
			productName = CoLocateTests;
			productReference = 214209BF2422276800C7BFF3 /* .xctest */;
			productType = "com.apple.product-type.bundle.unit-test";
		};
		6FC63C2C241641B8007C8BF3 /* Sonar */ = {
			isa = PBXNativeTarget;
			buildConfigurationList = 6FC63C3F241641BA007C8BF3 /* Build configuration list for PBXNativeTarget "Sonar" */;
			buildPhases = (
				6FC63C29241641B8007C8BF3 /* Sources */,
				6FC63C2A241641B8007C8BF3 /* Frameworks */,
				6FC63C2B241641B8007C8BF3 /* Resources */,
				8947F834245AE41600C4F1BB /* Embed Build info */,
			);
			buildRules = (
			);
			dependencies = (
			);
			name = Sonar;
			packageProductDependencies = (
				89F06B2B2434A2C00074C612 /* Logging */,
			);
			productName = CoLocate;
			productReference = 6FC63C2D241641B8007C8BF3 /* Sonar.app */;
			productType = "com.apple.product-type.application";
		};
		895D9DDD2437383300573D4D /* SonarUITests */ = {
			isa = PBXNativeTarget;
			buildConfigurationList = 895D9DE72437383300573D4D /* Build configuration list for PBXNativeTarget "SonarUITests" */;
			buildPhases = (
				895D9DDA2437383300573D4D /* Sources */,
				895D9DDB2437383300573D4D /* Frameworks */,
				895D9DDC2437383300573D4D /* Resources */,
			);
			buildRules = (
			);
			dependencies = (
				895D9DE42437383300573D4D /* PBXTargetDependency */,
			);
			name = SonarUITests;
			productName = CoLocateUITests;
			productReference = 895D9DDE2437383300573D4D /* .xctest */;
			productType = "com.apple.product-type.bundle.ui-testing";
		};
		B7363DD22468B35700193E04 /* SonarPactTests */ = {
			isa = PBXNativeTarget;
			buildConfigurationList = B7363DDA2468B35800193E04 /* Build configuration list for PBXNativeTarget "SonarPactTests" */;
			buildPhases = (
				B7363DCF2468B35700193E04 /* Sources */,
				B7363DD02468B35700193E04 /* Frameworks */,
				B7363DD12468B35700193E04 /* Resources */,
			);
			buildRules = (
			);
			dependencies = (
				B7363DD92468B35700193E04 /* PBXTargetDependency */,
			);
			name = SonarPactTests;
			packageProductDependencies = (
				B7363DDD2468B5AB00193E04 /* PactConsumerSwift */,
			);
			productName = SonarPactTests;
			productReference = B7363DD32468B35700193E04 /* .xctest */;
			productType = "com.apple.product-type.bundle.unit-test";
		};
/* End PBXNativeTarget section */

/* Begin PBXProject section */
		6FC63C25241641B8007C8BF3 /* Project object */ = {
			isa = PBXProject;
			attributes = {
				LastSwiftUpdateCheck = 1140;
				LastUpgradeCheck = 1140;
				ORGANIZATIONNAME = NHSX;
				TargetAttributes = {
					0935CCE6248FE22D0008E868 = {
						CreatedOnToolsVersion = 11.4;
					};
					214209BE2422276800C7BFF3 = {
						CreatedOnToolsVersion = 11.3.1;
						ProvisioningStyle = Automatic;
						TestTargetID = 6FC63C2C241641B8007C8BF3;
					};
					6FC63C2C241641B8007C8BF3 = {
						CreatedOnToolsVersion = 10.1;
						LastSwiftMigration = 1130;
					};
					895D9DDD2437383300573D4D = {
						CreatedOnToolsVersion = 11.4;
						TestTargetID = 6FC63C2C241641B8007C8BF3;
					};
					B7363DD22468B35700193E04 = {
						CreatedOnToolsVersion = 11.4.1;
						LastSwiftMigration = 1140;
						TestTargetID = 6FC63C2C241641B8007C8BF3;
					};
				};
			};
			buildConfigurationList = 6FC63C28241641B8007C8BF3 /* Build configuration list for PBXProject "Sonar" */;
			compatibilityVersion = "Xcode 9.3";
			developmentRegion = en;
			hasScannedForEncodings = 0;
			knownRegions = (
				en,
				Base,
			);
			mainGroup = 6FC63C24241641B8007C8BF3;
			packageReferences = (
				89F06B2A2434A2C00074C612 /* XCRemoteSwiftPackageReference "swift-log" */,
				B7363DCA2465461100193E04 /* XCRemoteSwiftPackageReference "pact-consumer-swift" */,
			);
			productRefGroup = 6FC63C2E241641B8007C8BF3 /* Products */;
			projectDirPath = "";
			projectRoot = "";
			targets = (
				6FC63C2C241641B8007C8BF3 /* Sonar */,
				214209BE2422276800C7BFF3 /* SonarTests */,
				895D9DDD2437383300573D4D /* SonarUITests */,
				B7363DD22468B35700193E04 /* SonarPactTests */,
				0935CCE6248FE22D0008E868 /* RegistrationCanary */,
			);
		};
/* End PBXProject section */

/* Begin PBXResourcesBuildPhase section */
		0935CCE5248FE22D0008E868 /* Resources */ = {
			isa = PBXResourcesBuildPhase;
			buildActionMask = 2147483647;
			files = (
				0901D7732490106E008BD048 /* GoogleService-Info.plist in Resources */,
			);
			runOnlyForDeploymentPostprocessing = 0;
		};
		214209BD2422276800C7BFF3 /* Resources */ = {
			isa = PBXResourcesBuildPhase;
			buildActionMask = 2147483647;
			files = (
			);
			runOnlyForDeploymentPostprocessing = 0;
		};
		6FC63C2B241641B8007C8BF3 /* Resources */ = {
			isa = PBXResourcesBuildPhase;
			buildActionMask = 2147483647;
			files = (
				0963C1F62488182300EF5B68 /* generate-release-note.yml in Resources */,
				212AB3BB24926C2E0091D92D /* remove-tag.yml in Resources */,
				0963C1F82488182300EF5B68 /* ci.yml in Resources */,
				6FC63C3B241641BA007C8BF3 /* LaunchScreen.storyboard in Resources */,
				A1E7A0592420028B0078174D /* NHS Colors.xcassets in Resources */,
				8947F833245AD97A00C4F1BB /* Settings.bundle in Resources */,
				F758B8BE242CB856003AE16D /* Localizable.strings in Resources */,
				6FC63C38241641BA007C8BF3 /* Assets.xcassets in Resources */,
				F618A566245C682500D89517 /* GoogleService-Info.plist in Resources */,
				895D9E462437458700573D4D /* AppIcon.xcassets in Resources */,
				0963C1FA2488182300EF5B68 /* trigger-deploys.yml in Resources */,
				0963C1F92488182300EF5B68 /* deploy.yml in Resources */,
			);
			runOnlyForDeploymentPostprocessing = 0;
		};
		895D9DDC2437383300573D4D /* Resources */ = {
			isa = PBXResourcesBuildPhase;
			buildActionMask = 2147483647;
			files = (
			);
			runOnlyForDeploymentPostprocessing = 0;
		};
		B7363DD12468B35700193E04 /* Resources */ = {
			isa = PBXResourcesBuildPhase;
			buildActionMask = 2147483647;
			files = (
			);
			runOnlyForDeploymentPostprocessing = 0;
		};
/* End PBXResourcesBuildPhase section */

/* Begin PBXShellScriptBuildPhase section */
		8947F834245AE41600C4F1BB /* Embed Build info */ = {
			isa = PBXShellScriptBuildPhase;
			buildActionMask = 2147483647;
			files = (
			);
			inputFileListPaths = (
			);
			inputPaths = (
			);
			name = "Embed Build info";
			outputFileListPaths = (
			);
			outputPaths = (
			);
			runOnlyForDeploymentPostprocessing = 0;
			shellPath = /bin/bash;
			shellScript = "bash \"$PROJECT_DIR/bin/embed_build_info\"\n";
			showEnvVarsInLog = 0;
		};
		F6201F0824997B600005EE9B /* Generate Input File List for MoreStatusStateMachineTests */ = {
			isa = PBXShellScriptBuildPhase;
			buildActionMask = 2147483647;
			files = (
			);
			inputFileListPaths = (
			);
			inputPaths = (
			);
			name = "Generate Input File List for MoreStatusStateMachineTests";
			outputFileListPaths = (
			);
			outputPaths = (
				"$(SRCROOT)/SonarTests/Status/Generated/Tests/scenarios.xcfilelist",
			);
			runOnlyForDeploymentPostprocessing = 0;
			shellPath = /usr/bin/ruby;
			shellScript = "output = ENV.fetch(\"SCRIPT_OUTPUT_FILE_0\")\n\nscenarios = Dir[\"SonarTests/Status/Generated/Tests/*.json\"]\n\nFile.write(output, scenarios.map {|x| \"\\$(SRCROOT)/#{x}\" }.join(\"\\n\"))\n";
		};
		F643C2DC248FF83E0052A282 /* Generate MoreStatusStateMachineTests */ = {
			isa = PBXShellScriptBuildPhase;
			buildActionMask = 2147483647;
			files = (
			);
			inputFileListPaths = (
				"$(SRCROOT)/SonarTests/Status/Generated/Tests/scenarios.xcfilelist",
			);
			inputPaths = (
				"$(SRCROOT)/SonarTests/Status/Generated/MoreStatusStateMachineTests.swift.gyb",
				"$(SRCROOT)/SonarTests/Status/Generated/scenario.py",
			);
			name = "Generate MoreStatusStateMachineTests";
			outputFileListPaths = (
			);
			outputPaths = (
				"$(SRCROOT)/SonarTests/Status/Generated/MoreStatusStateMachineTests.swift",
			);
			runOnlyForDeploymentPostprocessing = 0;
			shellPath = /bin/bash;
			shellScript = "set -euo pipefail\n\ntemplate=$SCRIPT_INPUT_FILE_0\ninput_files=$SCRIPT_INPUT_FILE_LIST_0\noutput_file=$SCRIPT_OUTPUT_FILE_0\n\n./bin/gyb -D input_files=\"$input_files\" --line-directive \"\" -o \"$output_file\" \"$template\"\n";
		};
/* End PBXShellScriptBuildPhase section */

/* Begin PBXSourcesBuildPhase section */
		0935CCE3248FE22D0008E868 /* Sources */ = {
			isa = PBXSourcesBuildPhase;
			buildActionMask = 2147483647;
			files = (
				09285F9C24918885005B2A1C /* RegistrationCanaryEnvironment.swift in Sources */,
				09955819248FF86300FE97DE /* Environment.swift in Sources */,
			);
			runOnlyForDeploymentPostprocessing = 0;
		};
		214209BB2422276800C7BFF3 /* Sources */ = {
			isa = PBXSourcesBuildPhase;
			buildActionMask = 2147483647;
			files = (
			);
			runOnlyForDeploymentPostprocessing = 0;
		};
		6FC63C29241641B8007C8BF3 /* Sources */ = {
			isa = PBXSourcesBuildPhase;
			buildActionMask = 2147483647;
			files = (
				DD6B15852488072E00C1DE5E /* Colors.swift in Sources */,
				0997D056243BDEEC0067346C /* RootViewController.swift in Sources */,
				1377C70524A0BC3D00261001 /* LinkButton.swift in Sources */,
				F618A564245C682500D89517 /* Environment.swift in Sources */,
				6FC63C31241641B8007C8BF3 /* AppDelegate.swift in Sources */,
			);
			runOnlyForDeploymentPostprocessing = 0;
		};
		895D9DDA2437383300573D4D /* Sources */ = {
			isa = PBXSourcesBuildPhase;
			buildActionMask = 2147483647;
			files = (
			);
			runOnlyForDeploymentPostprocessing = 0;
		};
		B7363DCF2468B35700193E04 /* Sources */ = {
			isa = PBXSourcesBuildPhase;
			buildActionMask = 2147483647;
			files = (
			);
			runOnlyForDeploymentPostprocessing = 0;
		};
/* End PBXSourcesBuildPhase section */

/* Begin PBXTargetDependency section */
		214209C52422276800C7BFF3 /* PBXTargetDependency */ = {
			isa = PBXTargetDependency;
			target = 6FC63C2C241641B8007C8BF3 /* Sonar */;
			targetProxy = 214209C42422276800C7BFF3 /* PBXContainerItemProxy */;
		};
		895D9DE42437383300573D4D /* PBXTargetDependency */ = {
			isa = PBXTargetDependency;
			target = 6FC63C2C241641B8007C8BF3 /* Sonar */;
			targetProxy = 895D9DE32437383300573D4D /* PBXContainerItemProxy */;
		};
		B7363DD92468B35700193E04 /* PBXTargetDependency */ = {
			isa = PBXTargetDependency;
			target = 6FC63C2C241641B8007C8BF3 /* Sonar */;
			targetProxy = B7363DD82468B35700193E04 /* PBXContainerItemProxy */;
		};
/* End PBXTargetDependency section */

/* Begin PBXVariantGroup section */
		6FC63C39241641BA007C8BF3 /* LaunchScreen.storyboard */ = {
			isa = PBXVariantGroup;
			children = (
				6FC63C3A241641BA007C8BF3 /* Base */,
			);
			name = LaunchScreen.storyboard;
			sourceTree = "<group>";
		};
/* End PBXVariantGroup section */

/* Begin XCBuildConfiguration section */
		0935CCF8248FE22E0008E868 /* Debug */ = {
			isa = XCBuildConfiguration;
			buildSettings = {
			};
			name = Debug;
		};
		0935CCF9248FE22E0008E868 /* Release */ = {
			isa = XCBuildConfiguration;
			buildSettings = {
			};
			name = Release;
		};
		214209C72422276800C7BFF3 /* Debug */ = {
			isa = XCBuildConfiguration;
			buildSettings = {
			};
			name = Debug;
		};
		214209C82422276800C7BFF3 /* Release */ = {
			isa = XCBuildConfiguration;
			buildSettings = {
			};
			name = Release;
		};
		6FC63C3D241641BA007C8BF3 /* Debug */ = {
			isa = XCBuildConfiguration;
			baseConfigurationReference = 89388B8C2435E370009D60CF /* Debug.xcconfig */;
			buildSettings = {
			};
			name = Debug;
		};
		6FC63C3E241641BA007C8BF3 /* Release */ = {
			isa = XCBuildConfiguration;
			baseConfigurationReference = 89388B8E2435E673009D60CF /* Release.xcconfig */;
			buildSettings = {
			};
			name = Release;
		};
		6FC63C40241641BA007C8BF3 /* Debug */ = {
			isa = XCBuildConfiguration;
			baseConfigurationReference = F618A562245C682500D89517 /* Sonar.xcconfig */;
			buildSettings = {
			};
			name = Debug;
		};
		6FC63C41241641BA007C8BF3 /* Release */ = {
			isa = XCBuildConfiguration;
			baseConfigurationReference = F618A562245C682500D89517 /* Sonar.xcconfig */;
			buildSettings = {
			};
			name = Release;
		};
		895D9DE52437383300573D4D /* Debug */ = {
			isa = XCBuildConfiguration;
			buildSettings = {
			};
			name = Debug;
		};
		895D9DE62437383300573D4D /* Release */ = {
			isa = XCBuildConfiguration;
			buildSettings = {
			};
			name = Release;
		};
		B7363DDB2468B35800193E04 /* Debug */ = {
			isa = XCBuildConfiguration;
			buildSettings = {
			};
			name = Debug;
		};
		B7363DDC2468B35800193E04 /* Release */ = {
			isa = XCBuildConfiguration;
			buildSettings = {
			};
			name = Release;
		};
/* End XCBuildConfiguration section */

/* Begin XCConfigurationList section */
		0935CCFA248FE22E0008E868 /* Build configuration list for PBXNativeTarget "RegistrationCanary" */ = {
			isa = XCConfigurationList;
			buildConfigurations = (
				0935CCF8248FE22E0008E868 /* Debug */,
				0935CCF9248FE22E0008E868 /* Release */,
			);
			defaultConfigurationIsVisible = 0;
			defaultConfigurationName = Release;
		};
		214209C62422276800C7BFF3 /* Build configuration list for PBXNativeTarget "SonarTests" */ = {
			isa = XCConfigurationList;
			buildConfigurations = (
				214209C72422276800C7BFF3 /* Debug */,
				214209C82422276800C7BFF3 /* Release */,
			);
			defaultConfigurationIsVisible = 0;
			defaultConfigurationName = Release;
		};
		6FC63C28241641B8007C8BF3 /* Build configuration list for PBXProject "Sonar" */ = {
			isa = XCConfigurationList;
			buildConfigurations = (
				6FC63C3D241641BA007C8BF3 /* Debug */,
				6FC63C3E241641BA007C8BF3 /* Release */,
			);
			defaultConfigurationIsVisible = 0;
			defaultConfigurationName = Release;
		};
		6FC63C3F241641BA007C8BF3 /* Build configuration list for PBXNativeTarget "Sonar" */ = {
			isa = XCConfigurationList;
			buildConfigurations = (
				6FC63C40241641BA007C8BF3 /* Debug */,
				6FC63C41241641BA007C8BF3 /* Release */,
			);
			defaultConfigurationIsVisible = 0;
			defaultConfigurationName = Release;
		};
		895D9DE72437383300573D4D /* Build configuration list for PBXNativeTarget "SonarUITests" */ = {
			isa = XCConfigurationList;
			buildConfigurations = (
				895D9DE52437383300573D4D /* Debug */,
				895D9DE62437383300573D4D /* Release */,
			);
			defaultConfigurationIsVisible = 0;
			defaultConfigurationName = Release;
		};
		B7363DDA2468B35800193E04 /* Build configuration list for PBXNativeTarget "SonarPactTests" */ = {
			isa = XCConfigurationList;
			buildConfigurations = (
				B7363DDB2468B35800193E04 /* Debug */,
				B7363DDC2468B35800193E04 /* Release */,
			);
			defaultConfigurationIsVisible = 0;
			defaultConfigurationName = Release;
		};
/* End XCConfigurationList section */

/* Begin XCRemoteSwiftPackageReference section */
		89F06B2A2434A2C00074C612 /* XCRemoteSwiftPackageReference "swift-log" */ = {
			isa = XCRemoteSwiftPackageReference;
			repositoryURL = "https://github.com/apple/swift-log.git";
			requirement = {
				kind = upToNextMajorVersion;
				minimumVersion = 1.2.0;
			};
		};
		B7363DCA2465461100193E04 /* XCRemoteSwiftPackageReference "pact-consumer-swift" */ = {
			isa = XCRemoteSwiftPackageReference;
			repositoryURL = "https://github.com/DiUS/pact-consumer-swift";
			requirement = {
				kind = upToNextMajorVersion;
				minimumVersion = 0.8.1;
			};
		};
/* End XCRemoteSwiftPackageReference section */

/* Begin XCSwiftPackageProductDependency section */
		0995582F248FF8F500FE97DE /* Logging */ = {
			isa = XCSwiftPackageProductDependency;
			package = 89F06B2A2434A2C00074C612 /* XCRemoteSwiftPackageReference "swift-log" */;
			productName = Logging;
		};
		89F06B2B2434A2C00074C612 /* Logging */ = {
			isa = XCSwiftPackageProductDependency;
			package = 89F06B2A2434A2C00074C612 /* XCRemoteSwiftPackageReference "swift-log" */;
			productName = Logging;
		};
		B7363DDD2468B5AB00193E04 /* PactConsumerSwift */ = {
			isa = XCSwiftPackageProductDependency;
			package = B7363DCA2465461100193E04 /* XCRemoteSwiftPackageReference "pact-consumer-swift" */;
			productName = PactConsumerSwift;
		};
/* End XCSwiftPackageProductDependency section */
	};
	rootObject = 6FC63C25241641B8007C8BF3 /* Project object */;
}
